
Microsoft Visual Studio Solution File, Format Version 12.00
# Visual Studio 14
VisualStudioVersion = 14.0.23107.0
MinimumVisualStudioVersion = 10.0.40219.1
Project("{2150E333-8FDC-42A3-9474-1A3956D46DE8}") = "ApplicationExamples", "ApplicationExamples", "{0F0F34BE-CD06-4C13-967D-BB0760617486}"
EndProject
Project("{2150E333-8FDC-42A3-9474-1A3956D46DE8}") = "ViewModelExamples", "ViewModelExamples", "{6F066820-11A1-4533-A8CF-C7E43891D2BD}"
EndProject
Project("{2150E333-8FDC-42A3-9474-1A3956D46DE8}") = "Tests", "Tests", "{B3321797-0DAA-40DF-ADD3-13AC511028EF}"
EndProject
Project("{FAE04EC0-301F-11D3-BF4B-00C04F79EFBC}") = "MVVM.Navigation2", "ApplicationExamples\MVVM.Navigation2\MVVM.Navigation2.csproj", "{94FF7C56-B2B3-4E56-8E6F-8401E3E224EB}"
EndProject
Project("{FAE04EC0-301F-11D3-BF4B-00C04F79EFBC}") = "Navigation_HTMLWindow", "ApplicationExamples\Navigation_HTMLWindow\Navigation_HTMLWindow.csproj", "{CD1977DD-3299-46CE-8550-C11F1E9F0F7C}"
EndProject
Project("{FAE04EC0-301F-11D3-BF4B-00C04F79EFBC}") = "MVVM.Component", "MVVM.Component\MVVM.Component.csproj", "{26203C44-279D-4BFE-B17A-F6ADA8D240ED}"
EndProject
Project("{FAE04EC0-301F-11D3-BF4B-00C04F79EFBC}") = "ASyncPromiseUIDemo", "ApplicationExamples\ASyncPromiseUIDemo\ASyncPromiseUIDemo.csproj", "{E63BD567-AEFC-4859-9F17-ED646D0D7044}"
EndProject
Project("{FAE04EC0-301F-11D3-BF4B-00C04F79EFBC}") = "ParentEventBindingExample", "ViewModelExamples\ParentEventBindingExample\ParentEventBindingExample.csproj", "{E24112F1-092C-4BDC-AAE3-59B8931DF642}"
EndProject
Project("{FAE04EC0-301F-11D3-BF4B-00C04F79EFBC}") = "MVVM.Cef.Glue.UI2", "ApplicationExamples\MVVM.CEFGlue.UI2\MVVM.Cef.Glue.UI2.csproj", "{38FF36EE-304F-45E0-AFA7-F070CDE959E8}"
EndProject
Project("{FAE04EC0-301F-11D3-BF4B-00C04F79EFBC}") = "MVVM.Cef.Glue.UI.SelectedItems", "ApplicationExamples\MVVM.CEFGlue.UI.SelectedItems\MVVM.Cef.Glue.UI.SelectedItems.csproj", "{FEF389FD-A0B8-4BFD-9A8C-DE1203D6FAB0}"
EndProject
Project("{FAE04EC0-301F-11D3-BF4B-00C04F79EFBC}") = "MVVM.Cef.Glue.UI.Navigation", "ApplicationExamples\MVVM.CEFGlue.UI.Navigation\MVVM.Cef.Glue.UI.Navigation.csproj", "{129B5DE2-523B-48EA-8676-1291D9A4DE0C}"
EndProject
Project("{FAE04EC0-301F-11D3-BF4B-00C04F79EFBC}") = "MVVM.Cef.Glue.AnimatedNavigation", "ApplicationExamples\MVVM.CEFGlue.AnimatedNavigation\MVVM.Cef.Glue.AnimatedNavigation.csproj", "{890F0720-601B-4868-AD9A-9527CA9F0BAC}"
EndProject
Project("{FAE04EC0-301F-11D3-BF4B-00C04F79EFBC}") = "MVVM.Cef.Glue.UI", "ApplicationExamples\MVVM.CEFGlue.UI\MVVM.Cef.Glue.UI.csproj", "{83FD4663-5C46-4885-83DB-D65C99A1C9F0}"
EndProject
Project("{FAE04EC0-301F-11D3-BF4B-00C04F79EFBC}") = "MVVM.Cef.Glue.UI.Calendar", "ApplicationExamples\MVVM.CEFGlue.UI.Calendar\MVVM.Cef.Glue.UI.Calendar.csproj", "{C71C2BF7-52D2-4F69-AB7A-9B29EEA8DBB2}"
EndProject
Project("{FAE04EC0-301F-11D3-BF4B-00C04F79EFBC}") = "MVVM.Cef.Glue.UI.CollectionTest", "ApplicationExamples\MVVM.CEFGlue.UI.CollectionTest\MVVM.Cef.Glue.UI.CollectionTest.csproj", "{F3106EE2-0049-46EC-AF10-E346295F0B24}"
EndProject
Project("{FAE04EC0-301F-11D3-BF4B-00C04F79EFBC}") = "MVVM.ViewModel", "ViewModelExamples\MVVM.ViewModel.csproj", "{E35B9010-5429-4FFE-A788-E9C40E743E9C}"
EndProject
Project("{FAE04EC0-301F-11D3-BF4B-00C04F79EFBC}") = "MVVM.HTML.Core", "MVVM.HTML.Core\MVVM.HTML.Core.csproj", "{9B18B122-A2FC-4537-AB68-5E1EC9959DB8}"
EndProject
Project("{FAE04EC0-301F-11D3-BF4B-00C04F79EFBC}") = "HTML_WPF.Component", "HTML.WPF.Component\HTML_WPF.Component.csproj", "{DCFC58E7-4D5B-43C5-827E-5D6F975F4995}"
EndProject
Project("{2150E333-8FDC-42A3-9474-1A3956D46DE8}") = ".nuget", ".nuget", "{994258EB-3B00-46FA-AD08-C1FF08DA4D3B}"
	ProjectSection(SolutionItems) = preProject
		.nuget\packages.config = .nuget\packages.config
	EndProjectSection
EndProject
Project("{FAE04EC0-301F-11D3-BF4B-00C04F79EFBC}") = "MVVM.Awesomium", "MVVM.Awesomium\MVVM.Awesomium.csproj", "{52FB8303-7251-4F31-A491-CC30347274D7}"
EndProject
Project("{FAE04EC0-301F-11D3-BF4B-00C04F79EFBC}") = "MVVM.Component.Test", "Tests\MVVM.Component.Test\MVVM.Component.Test.csproj", "{371234C6-4903-4F7D-8283-C0F8DBEF8755}"
EndProject
Project("{FAE04EC0-301F-11D3-BF4B-00C04F79EFBC}") = "MVVM.HTML.Core.Test", "Tests\MVVM.HTML.Core.Test\MVVM.HTML.Core.Test.csproj", "{A766AC1E-10FD-4D77-A95F-F1974FB0FEFC}"
EndProject
Project("{FAE04EC0-301F-11D3-BF4B-00C04F79EFBC}") = "KnockoutUIFramework", "KnockoutUIFramework\KnockoutUIFramework.csproj", "{587C57A8-510C-4DDF-BA5D-C45BD6050BB3}"
EndProject
Project("{FAE04EC0-301F-11D3-BF4B-00C04F79EFBC}") = "KnockoutUIFramework.Test", "Tests\KnockoutUIFramework.Test\KnockoutUIFramework.Test.csproj", "{3A9A7BF2-46AB-46B6-AF62-9822181CF6CA}"
EndProject
Project("{FAE04EC0-301F-11D3-BF4B-00C04F79EFBC}") = "IntegratedTest", "Tests\IntegratedTest\IntegratedTest.csproj", "{36E61349-9C50-405A-B082-8B9340CB4E61}"
EndProject
Project("{2150E333-8FDC-42A3-9474-1A3956D46DE8}") = "Awesomium", "Awesomium", "{32F3DC7E-FAD4-4EE5-B74D-4636F8856BA0}"
EndProject
Project("{FAE04EC0-301F-11D3-BF4B-00C04F79EFBC}") = "MVVM.Awesomium.TestInfra", "Tests\Awesomium\MVVM.Awesomium.TestInfra\MVVM.Awesomium.TestInfra.csproj", "{8955B9F6-B6E5-4FEF-A5AB-90C35AFB9CC6}"
EndProject
Project("{FAE04EC0-301F-11D3-BF4B-00C04F79EFBC}") = "MVVM.Awesomium.Windowless.Integrated.Tests", "Tests\Awesomium\MVVM.Awesomium.Windowless.Integrated.Tests\MVVM.Awesomium.Windowless.Integrated.Tests.csproj", "{05FE6E3C-50C9-4054-811B-86BDA5459F82}"
EndProject
Project("{2150E333-8FDC-42A3-9474-1A3956D46DE8}") = "CefGlue", "CefGlue", "{4C68FD1C-FAB9-4CBC-B400-529CC0B0D5D0}"
EndProject
Project("{FAE04EC0-301F-11D3-BF4B-00C04F79EFBC}") = "CefGlue.Windowless.Integrated.Tests", "Tests\CefGlue\CefGlue.Windowless.Integrated.Tests\CefGlue.Windowless.Integrated.Tests.csproj", "{9B5689B2-2774-45D1-A52C-4D6A46C93326}"
EndProject
Project("{FAE04EC0-301F-11D3-BF4B-00C04F79EFBC}") = "CefGlue.TestInfra", "Tests\CefGlue\CefGlue.TestInfra\CefGlue.TestInfra.csproj", "{947CC0FA-7F1C-4CF9-A908-1A29ED232F19}"
EndProject
Project("{FAE04EC0-301F-11D3-BF4B-00C04F79EFBC}") = "IntegratedTests.Tests", "Tests\IntegratedTests.Tests\IntegratedTests.Tests.csproj", "{BFC27821-7224-4E5B-9263-4E942285567B}"
EndProject
Project("{FAE04EC0-301F-11D3-BF4B-00C04F79EFBC}") = "CefGlue.Window.Integrated.Tests", "Tests\CefGlue\CefGlue.Window.Integrated.Tests\CefGlue.Window.Integrated.Tests.csproj", "{D0499D75-A2B5-4B0F-8280-C916CEA84EF5}"
EndProject
Project("{FAE04EC0-301F-11D3-BF4B-00C04F79EFBC}") = "MVVM.Awesomium.Window.Integrated.Tests", "Tests\Awesomium\MVVM.Awesomium.Window.Integrated.Tests\MVVM.Awesomium.Window.Integrated.Tests.csproj", "{9B6B0D48-C95C-43E5-9A6B-7C06F2B9B03A}"
EndProject
Project("{2150E333-8FDC-42A3-9474-1A3956D46DE8}") = "ChromiumFX", "ChromiumFX", "{3C1F3260-722C-4C57-93F6-DB044D7E73E4}"
EndProject
Project("{FAE04EC0-301F-11D3-BF4B-00C04F79EFBC}") = "ChromiumFX.TestInfra", "Tests\ChromiumFX\ChromiumFX.TestInfra\ChromiumFX.TestInfra.csproj", "{A82D4195-0F75-48B3-8E43-5BE90D061C6C}"
EndProject
Project("{FAE04EC0-301F-11D3-BF4B-00C04F79EFBC}") = "ChromiumFX.Windowless.Integrated.Tests", "Tests\ChromiumFX\ChromiumFX.Windowless.Integrated.Tests\ChromiumFX.Windowless.Integrated.Tests.csproj", "{072FFCC6-6840-4E6C-B314-07F3219409F3}"
EndProject
Project("{FAE04EC0-301F-11D3-BF4B-00C04F79EFBC}") = "MVVM.ChromiumFX", "ApplicationExamples\MVVM.ChromiumFX\MVVM.ChromiumFX.csproj", "{7D0BA7A5-9C11-45DE-92CA-FE6BBCBAC6D0}"
EndProject
Project("{FAE04EC0-301F-11D3-BF4B-00C04F79EFBC}") = "KnockoutCefMVVMApp", "ApplicationExamples\KnockoutCefMVVMApp\KnockoutCefMVVMApp.csproj", "{AABC737D-3FEE-4066-A90D-D00002404FEB}"
EndProject
Project("{FAE04EC0-301F-11D3-BF4B-00C04F79EFBC}") = "MVVM_Awesonium_UI", "ApplicationExamples\MVVM_Awesonium_UI\MVVM_Awesonium_UI.csproj", "{723A4723-FAE8-4B50-B061-A4C599F4722E}"
EndProject
Project("{2150E333-8FDC-42A3-9474-1A3956D46DE8}") = "HTMLEngine", "HTMLEngine", "{0F9021F8-1144-4805-908D-8BE3F61B8489}"
EndProject
Project("{2150E333-8FDC-42A3-9474-1A3956D46DE8}") = "ChromiumFX", "ChromiumFX", "{F143A8A5-F7F5-4860-99F8-574788EB6D98}"
EndProject
Project("{FAE04EC0-301F-11D3-BF4B-00C04F79EFBC}") = "ChromiumFXRenderProcess", "HTMLEngine\ChromiumFX\ChromiumFXRenderProcess\ChromiumFXRenderProcess.csproj", "{5A202154-9F9A-47CF-A7A5-4DF6DA026076}"
EndProject
Project("{FAE04EC0-301F-11D3-BF4B-00C04F79EFBC}") = "HTMEngine.ChromiumFX", "HTMLEngine\ChromiumFX\HTMEngine.ChromiumFX\HTMEngine.ChromiumFX.csproj", "{E619F232-D964-4CDB-9A9C-DFB44E32C36F}"
EndProject
Project("{2150E333-8FDC-42A3-9474-1A3956D46DE8}") = "CefGlue", "CefGlue", "{C563BA79-74E4-4600-9008-4FC4ABA8C329}"
EndProject
Project("{FAE04EC0-301F-11D3-BF4B-00C04F79EFBC}") = "HTMLEngine.CefGlue", "HTMLEngine\CefGlue\HTMLEngine.CefGlue\HTMLEngine.CefGlue.csproj", "{CE4F4133-789F-420D-941D-18DA08B140FF}"
EndProject
Project("{2150E333-8FDC-42A3-9474-1A3956D46DE8}") = "Awesomium", "Awesomium", "{32B7093F-0738-400D-A21E-AC0512038679}"
EndProject
Project("{FAE04EC0-301F-11D3-BF4B-00C04F79EFBC}") = "HTMLEngine.Awesomium", "HTMLEngine\Awesomium\HTMLEngine.Awesomium\HTMLEngine.Awesomium.csproj", "{92B20870-AD65-4AE8-BB1E-4D11B922A135}"
EndProject
Global
	GlobalSection(SolutionConfigurationPlatforms) = preSolution
		Debug|Any CPU = Debug|Any CPU
		Debug|Mixed Platforms = Debug|Mixed Platforms
		Debug|x64 = Debug|x64
		Debug|x86 = Debug|x86
		Release|Any CPU = Release|Any CPU
		Release|Mixed Platforms = Release|Mixed Platforms
		Release|x64 = Release|x64
		Release|x86 = Release|x86
	EndGlobalSection
	GlobalSection(ProjectConfigurationPlatforms) = postSolution
		{94FF7C56-B2B3-4E56-8E6F-8401E3E224EB}.Debug|Any CPU.ActiveCfg = Debug|Any CPU
		{94FF7C56-B2B3-4E56-8E6F-8401E3E224EB}.Debug|Any CPU.Build.0 = Debug|Any CPU
		{94FF7C56-B2B3-4E56-8E6F-8401E3E224EB}.Debug|Mixed Platforms.ActiveCfg = Debug|x86
		{94FF7C56-B2B3-4E56-8E6F-8401E3E224EB}.Debug|Mixed Platforms.Build.0 = Debug|x86
		{94FF7C56-B2B3-4E56-8E6F-8401E3E224EB}.Debug|x64.ActiveCfg = Debug|Any CPU
		{94FF7C56-B2B3-4E56-8E6F-8401E3E224EB}.Debug|x64.Build.0 = Debug|Any CPU
		{94FF7C56-B2B3-4E56-8E6F-8401E3E224EB}.Debug|x86.ActiveCfg = Debug|x86
		{94FF7C56-B2B3-4E56-8E6F-8401E3E224EB}.Debug|x86.Build.0 = Debug|x86
		{94FF7C56-B2B3-4E56-8E6F-8401E3E224EB}.Release|Any CPU.ActiveCfg = Release|Any CPU
		{94FF7C56-B2B3-4E56-8E6F-8401E3E224EB}.Release|Any CPU.Build.0 = Release|Any CPU
		{94FF7C56-B2B3-4E56-8E6F-8401E3E224EB}.Release|Mixed Platforms.ActiveCfg = Debug|x86
		{94FF7C56-B2B3-4E56-8E6F-8401E3E224EB}.Release|Mixed Platforms.Build.0 = Debug|x86
		{94FF7C56-B2B3-4E56-8E6F-8401E3E224EB}.Release|x64.ActiveCfg = Release|Any CPU
		{94FF7C56-B2B3-4E56-8E6F-8401E3E224EB}.Release|x64.Build.0 = Release|Any CPU
		{94FF7C56-B2B3-4E56-8E6F-8401E3E224EB}.Release|x86.ActiveCfg = Release|x86
		{94FF7C56-B2B3-4E56-8E6F-8401E3E224EB}.Release|x86.Build.0 = Release|x86
		{CD1977DD-3299-46CE-8550-C11F1E9F0F7C}.Debug|Any CPU.ActiveCfg = Debug|Any CPU
		{CD1977DD-3299-46CE-8550-C11F1E9F0F7C}.Debug|Any CPU.Build.0 = Debug|Any CPU
		{CD1977DD-3299-46CE-8550-C11F1E9F0F7C}.Debug|Mixed Platforms.ActiveCfg = Debug|x86
		{CD1977DD-3299-46CE-8550-C11F1E9F0F7C}.Debug|Mixed Platforms.Build.0 = Debug|x86
		{CD1977DD-3299-46CE-8550-C11F1E9F0F7C}.Debug|x64.ActiveCfg = Debug|Any CPU
		{CD1977DD-3299-46CE-8550-C11F1E9F0F7C}.Debug|x64.Build.0 = Debug|Any CPU
		{CD1977DD-3299-46CE-8550-C11F1E9F0F7C}.Debug|x86.ActiveCfg = Debug|x86
		{CD1977DD-3299-46CE-8550-C11F1E9F0F7C}.Debug|x86.Build.0 = Debug|x86
		{CD1977DD-3299-46CE-8550-C11F1E9F0F7C}.Release|Any CPU.ActiveCfg = Release|Any CPU
		{CD1977DD-3299-46CE-8550-C11F1E9F0F7C}.Release|Any CPU.Build.0 = Release|Any CPU
		{CD1977DD-3299-46CE-8550-C11F1E9F0F7C}.Release|Mixed Platforms.ActiveCfg = Debug|x86
		{CD1977DD-3299-46CE-8550-C11F1E9F0F7C}.Release|Mixed Platforms.Build.0 = Debug|x86
		{CD1977DD-3299-46CE-8550-C11F1E9F0F7C}.Release|x64.ActiveCfg = Release|Any CPU
		{CD1977DD-3299-46CE-8550-C11F1E9F0F7C}.Release|x64.Build.0 = Release|Any CPU
		{CD1977DD-3299-46CE-8550-C11F1E9F0F7C}.Release|x86.ActiveCfg = Release|x86
		{CD1977DD-3299-46CE-8550-C11F1E9F0F7C}.Release|x86.Build.0 = Release|x86
		{26203C44-279D-4BFE-B17A-F6ADA8D240ED}.Debug|Any CPU.ActiveCfg = Debug|Any CPU
		{26203C44-279D-4BFE-B17A-F6ADA8D240ED}.Debug|Any CPU.Build.0 = Debug|Any CPU
		{26203C44-279D-4BFE-B17A-F6ADA8D240ED}.Debug|Mixed Platforms.ActiveCfg = Debug|x86
		{26203C44-279D-4BFE-B17A-F6ADA8D240ED}.Debug|Mixed Platforms.Build.0 = Debug|x86
		{26203C44-279D-4BFE-B17A-F6ADA8D240ED}.Debug|x64.ActiveCfg = Debug|Any CPU
		{26203C44-279D-4BFE-B17A-F6ADA8D240ED}.Debug|x64.Build.0 = Debug|Any CPU
		{26203C44-279D-4BFE-B17A-F6ADA8D240ED}.Debug|x86.ActiveCfg = Debug|x86
		{26203C44-279D-4BFE-B17A-F6ADA8D240ED}.Debug|x86.Build.0 = Debug|x86
		{26203C44-279D-4BFE-B17A-F6ADA8D240ED}.Release|Any CPU.ActiveCfg = Release|Any CPU
		{26203C44-279D-4BFE-B17A-F6ADA8D240ED}.Release|Any CPU.Build.0 = Release|Any CPU
		{26203C44-279D-4BFE-B17A-F6ADA8D240ED}.Release|Mixed Platforms.ActiveCfg = Debug|x86
		{26203C44-279D-4BFE-B17A-F6ADA8D240ED}.Release|Mixed Platforms.Build.0 = Debug|x86
		{26203C44-279D-4BFE-B17A-F6ADA8D240ED}.Release|x64.ActiveCfg = Release|Any CPU
		{26203C44-279D-4BFE-B17A-F6ADA8D240ED}.Release|x64.Build.0 = Release|Any CPU
		{26203C44-279D-4BFE-B17A-F6ADA8D240ED}.Release|x86.ActiveCfg = Release|x86
		{26203C44-279D-4BFE-B17A-F6ADA8D240ED}.Release|x86.Build.0 = Release|x86
		{E63BD567-AEFC-4859-9F17-ED646D0D7044}.Debug|Any CPU.ActiveCfg = Debug|Any CPU
		{E63BD567-AEFC-4859-9F17-ED646D0D7044}.Debug|Any CPU.Build.0 = Debug|Any CPU
		{E63BD567-AEFC-4859-9F17-ED646D0D7044}.Debug|Mixed Platforms.ActiveCfg = Debug|x86
		{E63BD567-AEFC-4859-9F17-ED646D0D7044}.Debug|Mixed Platforms.Build.0 = Debug|x86
		{E63BD567-AEFC-4859-9F17-ED646D0D7044}.Debug|x64.ActiveCfg = Debug|Any CPU
		{E63BD567-AEFC-4859-9F17-ED646D0D7044}.Debug|x64.Build.0 = Debug|Any CPU
		{E63BD567-AEFC-4859-9F17-ED646D0D7044}.Debug|x86.ActiveCfg = Debug|x86
		{E63BD567-AEFC-4859-9F17-ED646D0D7044}.Debug|x86.Build.0 = Debug|x86
		{E63BD567-AEFC-4859-9F17-ED646D0D7044}.Release|Any CPU.ActiveCfg = Release|Any CPU
		{E63BD567-AEFC-4859-9F17-ED646D0D7044}.Release|Any CPU.Build.0 = Release|Any CPU
		{E63BD567-AEFC-4859-9F17-ED646D0D7044}.Release|Mixed Platforms.ActiveCfg = Debug|x86
		{E63BD567-AEFC-4859-9F17-ED646D0D7044}.Release|Mixed Platforms.Build.0 = Debug|x86
		{E63BD567-AEFC-4859-9F17-ED646D0D7044}.Release|x64.ActiveCfg = Release|Any CPU
		{E63BD567-AEFC-4859-9F17-ED646D0D7044}.Release|x64.Build.0 = Release|Any CPU
		{E63BD567-AEFC-4859-9F17-ED646D0D7044}.Release|x86.ActiveCfg = Release|x86
		{E63BD567-AEFC-4859-9F17-ED646D0D7044}.Release|x86.Build.0 = Release|x86
		{E24112F1-092C-4BDC-AAE3-59B8931DF642}.Debug|Any CPU.ActiveCfg = Debug|Any CPU
		{E24112F1-092C-4BDC-AAE3-59B8931DF642}.Debug|Any CPU.Build.0 = Debug|Any CPU
		{E24112F1-092C-4BDC-AAE3-59B8931DF642}.Debug|Mixed Platforms.ActiveCfg = Debug|x86
		{E24112F1-092C-4BDC-AAE3-59B8931DF642}.Debug|Mixed Platforms.Build.0 = Debug|x86
		{E24112F1-092C-4BDC-AAE3-59B8931DF642}.Debug|x64.ActiveCfg = Debug|Any CPU
		{E24112F1-092C-4BDC-AAE3-59B8931DF642}.Debug|x64.Build.0 = Debug|Any CPU
		{E24112F1-092C-4BDC-AAE3-59B8931DF642}.Debug|x86.ActiveCfg = Debug|x86
		{E24112F1-092C-4BDC-AAE3-59B8931DF642}.Debug|x86.Build.0 = Debug|x86
		{E24112F1-092C-4BDC-AAE3-59B8931DF642}.Release|Any CPU.ActiveCfg = Release|Any CPU
		{E24112F1-092C-4BDC-AAE3-59B8931DF642}.Release|Any CPU.Build.0 = Release|Any CPU
		{E24112F1-092C-4BDC-AAE3-59B8931DF642}.Release|Mixed Platforms.ActiveCfg = Debug|x86
		{E24112F1-092C-4BDC-AAE3-59B8931DF642}.Release|Mixed Platforms.Build.0 = Debug|x86
		{E24112F1-092C-4BDC-AAE3-59B8931DF642}.Release|x64.ActiveCfg = Release|Any CPU
		{E24112F1-092C-4BDC-AAE3-59B8931DF642}.Release|x64.Build.0 = Release|Any CPU
		{E24112F1-092C-4BDC-AAE3-59B8931DF642}.Release|x86.ActiveCfg = Release|x86
		{E24112F1-092C-4BDC-AAE3-59B8931DF642}.Release|x86.Build.0 = Release|x86
		{38FF36EE-304F-45E0-AFA7-F070CDE959E8}.Debug|Any CPU.ActiveCfg = Debug|Any CPU
		{38FF36EE-304F-45E0-AFA7-F070CDE959E8}.Debug|Any CPU.Build.0 = Debug|Any CPU
		{38FF36EE-304F-45E0-AFA7-F070CDE959E8}.Debug|Mixed Platforms.ActiveCfg = Debug|x86
		{38FF36EE-304F-45E0-AFA7-F070CDE959E8}.Debug|Mixed Platforms.Build.0 = Debug|x86
		{38FF36EE-304F-45E0-AFA7-F070CDE959E8}.Debug|x64.ActiveCfg = Debug|Any CPU
		{38FF36EE-304F-45E0-AFA7-F070CDE959E8}.Debug|x64.Build.0 = Debug|Any CPU
		{38FF36EE-304F-45E0-AFA7-F070CDE959E8}.Debug|x86.ActiveCfg = Debug|x86
		{38FF36EE-304F-45E0-AFA7-F070CDE959E8}.Debug|x86.Build.0 = Debug|x86
		{38FF36EE-304F-45E0-AFA7-F070CDE959E8}.Release|Any CPU.ActiveCfg = Release|Any CPU
		{38FF36EE-304F-45E0-AFA7-F070CDE959E8}.Release|Any CPU.Build.0 = Release|Any CPU
		{38FF36EE-304F-45E0-AFA7-F070CDE959E8}.Release|Mixed Platforms.ActiveCfg = Debug|x86
		{38FF36EE-304F-45E0-AFA7-F070CDE959E8}.Release|Mixed Platforms.Build.0 = Debug|x86
		{38FF36EE-304F-45E0-AFA7-F070CDE959E8}.Release|x64.ActiveCfg = Release|Any CPU
		{38FF36EE-304F-45E0-AFA7-F070CDE959E8}.Release|x64.Build.0 = Release|Any CPU
		{38FF36EE-304F-45E0-AFA7-F070CDE959E8}.Release|x86.ActiveCfg = Release|x86
		{38FF36EE-304F-45E0-AFA7-F070CDE959E8}.Release|x86.Build.0 = Release|x86
		{FEF389FD-A0B8-4BFD-9A8C-DE1203D6FAB0}.Debug|Any CPU.ActiveCfg = Debug|Any CPU
		{FEF389FD-A0B8-4BFD-9A8C-DE1203D6FAB0}.Debug|Any CPU.Build.0 = Debug|Any CPU
		{FEF389FD-A0B8-4BFD-9A8C-DE1203D6FAB0}.Debug|Mixed Platforms.ActiveCfg = Debug|x86
		{FEF389FD-A0B8-4BFD-9A8C-DE1203D6FAB0}.Debug|Mixed Platforms.Build.0 = Debug|x86
		{FEF389FD-A0B8-4BFD-9A8C-DE1203D6FAB0}.Debug|x64.ActiveCfg = Debug|Any CPU
		{FEF389FD-A0B8-4BFD-9A8C-DE1203D6FAB0}.Debug|x64.Build.0 = Debug|Any CPU
		{FEF389FD-A0B8-4BFD-9A8C-DE1203D6FAB0}.Debug|x86.ActiveCfg = Debug|x86
		{FEF389FD-A0B8-4BFD-9A8C-DE1203D6FAB0}.Debug|x86.Build.0 = Debug|x86
		{FEF389FD-A0B8-4BFD-9A8C-DE1203D6FAB0}.Release|Any CPU.ActiveCfg = Release|Any CPU
		{FEF389FD-A0B8-4BFD-9A8C-DE1203D6FAB0}.Release|Any CPU.Build.0 = Release|Any CPU
		{FEF389FD-A0B8-4BFD-9A8C-DE1203D6FAB0}.Release|Mixed Platforms.ActiveCfg = Debug|x86
		{FEF389FD-A0B8-4BFD-9A8C-DE1203D6FAB0}.Release|Mixed Platforms.Build.0 = Debug|x86
		{FEF389FD-A0B8-4BFD-9A8C-DE1203D6FAB0}.Release|x64.ActiveCfg = Release|Any CPU
		{FEF389FD-A0B8-4BFD-9A8C-DE1203D6FAB0}.Release|x64.Build.0 = Release|Any CPU
		{FEF389FD-A0B8-4BFD-9A8C-DE1203D6FAB0}.Release|x86.ActiveCfg = Release|x86
		{FEF389FD-A0B8-4BFD-9A8C-DE1203D6FAB0}.Release|x86.Build.0 = Release|x86
		{129B5DE2-523B-48EA-8676-1291D9A4DE0C}.Debug|Any CPU.ActiveCfg = Debug|Any CPU
		{129B5DE2-523B-48EA-8676-1291D9A4DE0C}.Debug|Any CPU.Build.0 = Debug|Any CPU
		{129B5DE2-523B-48EA-8676-1291D9A4DE0C}.Debug|Mixed Platforms.ActiveCfg = Debug|x86
		{129B5DE2-523B-48EA-8676-1291D9A4DE0C}.Debug|Mixed Platforms.Build.0 = Debug|x86
		{129B5DE2-523B-48EA-8676-1291D9A4DE0C}.Debug|x64.ActiveCfg = Debug|Any CPU
		{129B5DE2-523B-48EA-8676-1291D9A4DE0C}.Debug|x64.Build.0 = Debug|Any CPU
		{129B5DE2-523B-48EA-8676-1291D9A4DE0C}.Debug|x86.ActiveCfg = Debug|x86
		{129B5DE2-523B-48EA-8676-1291D9A4DE0C}.Debug|x86.Build.0 = Debug|x86
		{129B5DE2-523B-48EA-8676-1291D9A4DE0C}.Release|Any CPU.ActiveCfg = Release|Any CPU
		{129B5DE2-523B-48EA-8676-1291D9A4DE0C}.Release|Any CPU.Build.0 = Release|Any CPU
		{129B5DE2-523B-48EA-8676-1291D9A4DE0C}.Release|Mixed Platforms.ActiveCfg = Debug|x86
		{129B5DE2-523B-48EA-8676-1291D9A4DE0C}.Release|Mixed Platforms.Build.0 = Debug|x86
		{129B5DE2-523B-48EA-8676-1291D9A4DE0C}.Release|x64.ActiveCfg = Release|Any CPU
		{129B5DE2-523B-48EA-8676-1291D9A4DE0C}.Release|x64.Build.0 = Release|Any CPU
		{129B5DE2-523B-48EA-8676-1291D9A4DE0C}.Release|x86.ActiveCfg = Release|x86
		{129B5DE2-523B-48EA-8676-1291D9A4DE0C}.Release|x86.Build.0 = Release|x86
		{890F0720-601B-4868-AD9A-9527CA9F0BAC}.Debug|Any CPU.ActiveCfg = Debug|Any CPU
		{890F0720-601B-4868-AD9A-9527CA9F0BAC}.Debug|Any CPU.Build.0 = Debug|Any CPU
		{890F0720-601B-4868-AD9A-9527CA9F0BAC}.Debug|Mixed Platforms.ActiveCfg = Debug|x86
		{890F0720-601B-4868-AD9A-9527CA9F0BAC}.Debug|Mixed Platforms.Build.0 = Debug|x86
		{890F0720-601B-4868-AD9A-9527CA9F0BAC}.Debug|x64.ActiveCfg = Debug|Any CPU
		{890F0720-601B-4868-AD9A-9527CA9F0BAC}.Debug|x64.Build.0 = Debug|Any CPU
		{890F0720-601B-4868-AD9A-9527CA9F0BAC}.Debug|x86.ActiveCfg = Debug|x86
		{890F0720-601B-4868-AD9A-9527CA9F0BAC}.Debug|x86.Build.0 = Debug|x86
		{890F0720-601B-4868-AD9A-9527CA9F0BAC}.Release|Any CPU.ActiveCfg = Release|Any CPU
		{890F0720-601B-4868-AD9A-9527CA9F0BAC}.Release|Any CPU.Build.0 = Release|Any CPU
		{890F0720-601B-4868-AD9A-9527CA9F0BAC}.Release|Mixed Platforms.ActiveCfg = Debug|x86
		{890F0720-601B-4868-AD9A-9527CA9F0BAC}.Release|Mixed Platforms.Build.0 = Debug|x86
		{890F0720-601B-4868-AD9A-9527CA9F0BAC}.Release|x64.ActiveCfg = Release|Any CPU
		{890F0720-601B-4868-AD9A-9527CA9F0BAC}.Release|x64.Build.0 = Release|Any CPU
		{890F0720-601B-4868-AD9A-9527CA9F0BAC}.Release|x86.ActiveCfg = Release|x86
		{890F0720-601B-4868-AD9A-9527CA9F0BAC}.Release|x86.Build.0 = Release|x86
		{83FD4663-5C46-4885-83DB-D65C99A1C9F0}.Debug|Any CPU.ActiveCfg = Debug|Any CPU
		{83FD4663-5C46-4885-83DB-D65C99A1C9F0}.Debug|Any CPU.Build.0 = Debug|Any CPU
		{83FD4663-5C46-4885-83DB-D65C99A1C9F0}.Debug|Mixed Platforms.ActiveCfg = Debug|x86
		{83FD4663-5C46-4885-83DB-D65C99A1C9F0}.Debug|Mixed Platforms.Build.0 = Debug|x86
		{83FD4663-5C46-4885-83DB-D65C99A1C9F0}.Debug|x64.ActiveCfg = Debug|Any CPU
		{83FD4663-5C46-4885-83DB-D65C99A1C9F0}.Debug|x64.Build.0 = Debug|Any CPU
		{83FD4663-5C46-4885-83DB-D65C99A1C9F0}.Debug|x86.ActiveCfg = Debug|x86
		{83FD4663-5C46-4885-83DB-D65C99A1C9F0}.Debug|x86.Build.0 = Debug|x86
		{83FD4663-5C46-4885-83DB-D65C99A1C9F0}.Release|Any CPU.ActiveCfg = Release|Any CPU
		{83FD4663-5C46-4885-83DB-D65C99A1C9F0}.Release|Any CPU.Build.0 = Release|Any CPU
		{83FD4663-5C46-4885-83DB-D65C99A1C9F0}.Release|Mixed Platforms.ActiveCfg = Debug|x86
		{83FD4663-5C46-4885-83DB-D65C99A1C9F0}.Release|Mixed Platforms.Build.0 = Debug|x86
		{83FD4663-5C46-4885-83DB-D65C99A1C9F0}.Release|x64.ActiveCfg = Release|Any CPU
		{83FD4663-5C46-4885-83DB-D65C99A1C9F0}.Release|x64.Build.0 = Release|Any CPU
		{83FD4663-5C46-4885-83DB-D65C99A1C9F0}.Release|x86.ActiveCfg = Release|x86
		{83FD4663-5C46-4885-83DB-D65C99A1C9F0}.Release|x86.Build.0 = Release|x86
		{C71C2BF7-52D2-4F69-AB7A-9B29EEA8DBB2}.Debug|Any CPU.ActiveCfg = Debug|Any CPU
		{C71C2BF7-52D2-4F69-AB7A-9B29EEA8DBB2}.Debug|Any CPU.Build.0 = Debug|Any CPU
		{C71C2BF7-52D2-4F69-AB7A-9B29EEA8DBB2}.Debug|Mixed Platforms.ActiveCfg = Debug|x86
		{C71C2BF7-52D2-4F69-AB7A-9B29EEA8DBB2}.Debug|Mixed Platforms.Build.0 = Debug|x86
		{C71C2BF7-52D2-4F69-AB7A-9B29EEA8DBB2}.Debug|x64.ActiveCfg = Debug|Any CPU
		{C71C2BF7-52D2-4F69-AB7A-9B29EEA8DBB2}.Debug|x64.Build.0 = Debug|Any CPU
		{C71C2BF7-52D2-4F69-AB7A-9B29EEA8DBB2}.Debug|x86.ActiveCfg = Debug|x86
		{C71C2BF7-52D2-4F69-AB7A-9B29EEA8DBB2}.Debug|x86.Build.0 = Debug|x86
		{C71C2BF7-52D2-4F69-AB7A-9B29EEA8DBB2}.Release|Any CPU.ActiveCfg = Release|Any CPU
		{C71C2BF7-52D2-4F69-AB7A-9B29EEA8DBB2}.Release|Any CPU.Build.0 = Release|Any CPU
		{C71C2BF7-52D2-4F69-AB7A-9B29EEA8DBB2}.Release|Mixed Platforms.ActiveCfg = Debug|x86
		{C71C2BF7-52D2-4F69-AB7A-9B29EEA8DBB2}.Release|Mixed Platforms.Build.0 = Debug|x86
		{C71C2BF7-52D2-4F69-AB7A-9B29EEA8DBB2}.Release|x64.ActiveCfg = Release|Any CPU
		{C71C2BF7-52D2-4F69-AB7A-9B29EEA8DBB2}.Release|x64.Build.0 = Release|Any CPU
		{C71C2BF7-52D2-4F69-AB7A-9B29EEA8DBB2}.Release|x86.ActiveCfg = Release|x86
		{C71C2BF7-52D2-4F69-AB7A-9B29EEA8DBB2}.Release|x86.Build.0 = Release|x86
		{F3106EE2-0049-46EC-AF10-E346295F0B24}.Debug|Any CPU.ActiveCfg = Debug|Any CPU
		{F3106EE2-0049-46EC-AF10-E346295F0B24}.Debug|Any CPU.Build.0 = Debug|Any CPU
		{F3106EE2-0049-46EC-AF10-E346295F0B24}.Debug|Mixed Platforms.ActiveCfg = Debug|x86
		{F3106EE2-0049-46EC-AF10-E346295F0B24}.Debug|Mixed Platforms.Build.0 = Debug|x86
		{F3106EE2-0049-46EC-AF10-E346295F0B24}.Debug|x64.ActiveCfg = Debug|Any CPU
		{F3106EE2-0049-46EC-AF10-E346295F0B24}.Debug|x64.Build.0 = Debug|Any CPU
		{F3106EE2-0049-46EC-AF10-E346295F0B24}.Debug|x86.ActiveCfg = Debug|x86
		{F3106EE2-0049-46EC-AF10-E346295F0B24}.Debug|x86.Build.0 = Debug|x86
		{F3106EE2-0049-46EC-AF10-E346295F0B24}.Release|Any CPU.ActiveCfg = Release|Any CPU
		{F3106EE2-0049-46EC-AF10-E346295F0B24}.Release|Any CPU.Build.0 = Release|Any CPU
		{F3106EE2-0049-46EC-AF10-E346295F0B24}.Release|Mixed Platforms.ActiveCfg = Debug|x86
		{F3106EE2-0049-46EC-AF10-E346295F0B24}.Release|Mixed Platforms.Build.0 = Debug|x86
		{F3106EE2-0049-46EC-AF10-E346295F0B24}.Release|x64.ActiveCfg = Release|Any CPU
		{F3106EE2-0049-46EC-AF10-E346295F0B24}.Release|x64.Build.0 = Release|Any CPU
		{F3106EE2-0049-46EC-AF10-E346295F0B24}.Release|x86.ActiveCfg = Release|x86
		{F3106EE2-0049-46EC-AF10-E346295F0B24}.Release|x86.Build.0 = Release|x86
		{E35B9010-5429-4FFE-A788-E9C40E743E9C}.Debug|Any CPU.ActiveCfg = Debug|Any CPU
		{E35B9010-5429-4FFE-A788-E9C40E743E9C}.Debug|Any CPU.Build.0 = Debug|Any CPU
		{E35B9010-5429-4FFE-A788-E9C40E743E9C}.Debug|Mixed Platforms.ActiveCfg = Debug|x86
		{E35B9010-5429-4FFE-A788-E9C40E743E9C}.Debug|Mixed Platforms.Build.0 = Debug|x86
		{E35B9010-5429-4FFE-A788-E9C40E743E9C}.Debug|x64.ActiveCfg = Debug|Any CPU
		{E35B9010-5429-4FFE-A788-E9C40E743E9C}.Debug|x64.Build.0 = Debug|Any CPU
		{E35B9010-5429-4FFE-A788-E9C40E743E9C}.Debug|x86.ActiveCfg = Debug|x86
		{E35B9010-5429-4FFE-A788-E9C40E743E9C}.Debug|x86.Build.0 = Debug|x86
		{E35B9010-5429-4FFE-A788-E9C40E743E9C}.Release|Any CPU.ActiveCfg = Release|Any CPU
		{E35B9010-5429-4FFE-A788-E9C40E743E9C}.Release|Any CPU.Build.0 = Release|Any CPU
		{E35B9010-5429-4FFE-A788-E9C40E743E9C}.Release|Mixed Platforms.ActiveCfg = Debug|x86
		{E35B9010-5429-4FFE-A788-E9C40E743E9C}.Release|Mixed Platforms.Build.0 = Debug|x86
		{E35B9010-5429-4FFE-A788-E9C40E743E9C}.Release|x64.ActiveCfg = Release|Any CPU
		{E35B9010-5429-4FFE-A788-E9C40E743E9C}.Release|x64.Build.0 = Release|Any CPU
		{E35B9010-5429-4FFE-A788-E9C40E743E9C}.Release|x86.ActiveCfg = Release|x86
		{E35B9010-5429-4FFE-A788-E9C40E743E9C}.Release|x86.Build.0 = Release|x86
		{9B18B122-A2FC-4537-AB68-5E1EC9959DB8}.Debug|Any CPU.ActiveCfg = Debug|Any CPU
		{9B18B122-A2FC-4537-AB68-5E1EC9959DB8}.Debug|Any CPU.Build.0 = Debug|Any CPU
		{9B18B122-A2FC-4537-AB68-5E1EC9959DB8}.Debug|Mixed Platforms.ActiveCfg = Debug|x86
		{9B18B122-A2FC-4537-AB68-5E1EC9959DB8}.Debug|Mixed Platforms.Build.0 = Debug|x86
		{9B18B122-A2FC-4537-AB68-5E1EC9959DB8}.Debug|x64.ActiveCfg = Debug|Any CPU
		{9B18B122-A2FC-4537-AB68-5E1EC9959DB8}.Debug|x64.Build.0 = Debug|Any CPU
		{9B18B122-A2FC-4537-AB68-5E1EC9959DB8}.Debug|x86.ActiveCfg = Debug|x86
		{9B18B122-A2FC-4537-AB68-5E1EC9959DB8}.Debug|x86.Build.0 = Debug|x86
		{9B18B122-A2FC-4537-AB68-5E1EC9959DB8}.Release|Any CPU.ActiveCfg = Release|Any CPU
		{9B18B122-A2FC-4537-AB68-5E1EC9959DB8}.Release|Any CPU.Build.0 = Release|Any CPU
		{9B18B122-A2FC-4537-AB68-5E1EC9959DB8}.Release|Mixed Platforms.ActiveCfg = Debug|x86
		{9B18B122-A2FC-4537-AB68-5E1EC9959DB8}.Release|Mixed Platforms.Build.0 = Debug|x86
		{9B18B122-A2FC-4537-AB68-5E1EC9959DB8}.Release|x64.ActiveCfg = Release|Any CPU
		{9B18B122-A2FC-4537-AB68-5E1EC9959DB8}.Release|x64.Build.0 = Release|Any CPU
		{9B18B122-A2FC-4537-AB68-5E1EC9959DB8}.Release|x86.ActiveCfg = Release|x86
		{9B18B122-A2FC-4537-AB68-5E1EC9959DB8}.Release|x86.Build.0 = Release|x86
		{DCFC58E7-4D5B-43C5-827E-5D6F975F4995}.Debug|Any CPU.ActiveCfg = Debug|Any CPU
		{DCFC58E7-4D5B-43C5-827E-5D6F975F4995}.Debug|Any CPU.Build.0 = Debug|Any CPU
		{DCFC58E7-4D5B-43C5-827E-5D6F975F4995}.Debug|Mixed Platforms.ActiveCfg = Debug|x86
		{DCFC58E7-4D5B-43C5-827E-5D6F975F4995}.Debug|Mixed Platforms.Build.0 = Debug|x86
		{DCFC58E7-4D5B-43C5-827E-5D6F975F4995}.Debug|x64.ActiveCfg = Debug|Any CPU
		{DCFC58E7-4D5B-43C5-827E-5D6F975F4995}.Debug|x64.Build.0 = Debug|Any CPU
		{DCFC58E7-4D5B-43C5-827E-5D6F975F4995}.Debug|x86.ActiveCfg = Debug|x86
		{DCFC58E7-4D5B-43C5-827E-5D6F975F4995}.Debug|x86.Build.0 = Debug|x86
		{DCFC58E7-4D5B-43C5-827E-5D6F975F4995}.Release|Any CPU.ActiveCfg = Release|Any CPU
		{DCFC58E7-4D5B-43C5-827E-5D6F975F4995}.Release|Any CPU.Build.0 = Release|Any CPU
		{DCFC58E7-4D5B-43C5-827E-5D6F975F4995}.Release|Mixed Platforms.ActiveCfg = Debug|x86
		{DCFC58E7-4D5B-43C5-827E-5D6F975F4995}.Release|Mixed Platforms.Build.0 = Debug|x86
		{DCFC58E7-4D5B-43C5-827E-5D6F975F4995}.Release|x64.ActiveCfg = Release|Any CPU
		{DCFC58E7-4D5B-43C5-827E-5D6F975F4995}.Release|x64.Build.0 = Release|Any CPU
		{DCFC58E7-4D5B-43C5-827E-5D6F975F4995}.Release|x86.ActiveCfg = Release|x86
		{DCFC58E7-4D5B-43C5-827E-5D6F975F4995}.Release|x86.Build.0 = Release|x86
		{52FB8303-7251-4F31-A491-CC30347274D7}.Debug|Any CPU.ActiveCfg = Debug|Any CPU
		{52FB8303-7251-4F31-A491-CC30347274D7}.Debug|Any CPU.Build.0 = Debug|Any CPU
		{52FB8303-7251-4F31-A491-CC30347274D7}.Debug|Mixed Platforms.ActiveCfg = Debug|x86
		{52FB8303-7251-4F31-A491-CC30347274D7}.Debug|Mixed Platforms.Build.0 = Debug|x86
		{52FB8303-7251-4F31-A491-CC30347274D7}.Debug|x64.ActiveCfg = Debug|Any CPU
		{52FB8303-7251-4F31-A491-CC30347274D7}.Debug|x64.Build.0 = Debug|Any CPU
		{52FB8303-7251-4F31-A491-CC30347274D7}.Debug|x86.ActiveCfg = Debug|x86
		{52FB8303-7251-4F31-A491-CC30347274D7}.Debug|x86.Build.0 = Debug|x86
		{52FB8303-7251-4F31-A491-CC30347274D7}.Release|Any CPU.ActiveCfg = Release|Any CPU
		{52FB8303-7251-4F31-A491-CC30347274D7}.Release|Any CPU.Build.0 = Release|Any CPU
		{52FB8303-7251-4F31-A491-CC30347274D7}.Release|Mixed Platforms.ActiveCfg = Debug|x86
		{52FB8303-7251-4F31-A491-CC30347274D7}.Release|Mixed Platforms.Build.0 = Debug|x86
		{52FB8303-7251-4F31-A491-CC30347274D7}.Release|x64.ActiveCfg = Release|Any CPU
		{52FB8303-7251-4F31-A491-CC30347274D7}.Release|x64.Build.0 = Release|Any CPU
		{52FB8303-7251-4F31-A491-CC30347274D7}.Release|x86.ActiveCfg = Release|x86
		{52FB8303-7251-4F31-A491-CC30347274D7}.Release|x86.Build.0 = Release|x86
		{371234C6-4903-4F7D-8283-C0F8DBEF8755}.Debug|Any CPU.ActiveCfg = Debug|Any CPU
		{371234C6-4903-4F7D-8283-C0F8DBEF8755}.Debug|Any CPU.Build.0 = Debug|Any CPU
		{371234C6-4903-4F7D-8283-C0F8DBEF8755}.Debug|Mixed Platforms.ActiveCfg = Debug|x86
		{371234C6-4903-4F7D-8283-C0F8DBEF8755}.Debug|Mixed Platforms.Build.0 = Debug|x86
		{371234C6-4903-4F7D-8283-C0F8DBEF8755}.Debug|x64.ActiveCfg = Debug|Any CPU
		{371234C6-4903-4F7D-8283-C0F8DBEF8755}.Debug|x64.Build.0 = Debug|Any CPU
		{371234C6-4903-4F7D-8283-C0F8DBEF8755}.Debug|x86.ActiveCfg = Debug|x86
		{371234C6-4903-4F7D-8283-C0F8DBEF8755}.Debug|x86.Build.0 = Debug|x86
		{371234C6-4903-4F7D-8283-C0F8DBEF8755}.Release|Any CPU.ActiveCfg = Release|Any CPU
		{371234C6-4903-4F7D-8283-C0F8DBEF8755}.Release|Any CPU.Build.0 = Release|Any CPU
		{371234C6-4903-4F7D-8283-C0F8DBEF8755}.Release|Mixed Platforms.ActiveCfg = Debug|x86
		{371234C6-4903-4F7D-8283-C0F8DBEF8755}.Release|Mixed Platforms.Build.0 = Debug|x86
		{371234C6-4903-4F7D-8283-C0F8DBEF8755}.Release|x64.ActiveCfg = Release|Any CPU
		{371234C6-4903-4F7D-8283-C0F8DBEF8755}.Release|x64.Build.0 = Release|Any CPU
		{371234C6-4903-4F7D-8283-C0F8DBEF8755}.Release|x86.ActiveCfg = Release|x86
		{371234C6-4903-4F7D-8283-C0F8DBEF8755}.Release|x86.Build.0 = Release|x86
		{A766AC1E-10FD-4D77-A95F-F1974FB0FEFC}.Debug|Any CPU.ActiveCfg = Debug|Any CPU
		{A766AC1E-10FD-4D77-A95F-F1974FB0FEFC}.Debug|Any CPU.Build.0 = Debug|Any CPU
		{A766AC1E-10FD-4D77-A95F-F1974FB0FEFC}.Debug|Mixed Platforms.ActiveCfg = Debug|x86
		{A766AC1E-10FD-4D77-A95F-F1974FB0FEFC}.Debug|Mixed Platforms.Build.0 = Debug|x86
		{A766AC1E-10FD-4D77-A95F-F1974FB0FEFC}.Debug|x64.ActiveCfg = Debug|Any CPU
		{A766AC1E-10FD-4D77-A95F-F1974FB0FEFC}.Debug|x64.Build.0 = Debug|Any CPU
		{A766AC1E-10FD-4D77-A95F-F1974FB0FEFC}.Debug|x86.ActiveCfg = Debug|x86
		{A766AC1E-10FD-4D77-A95F-F1974FB0FEFC}.Debug|x86.Build.0 = Debug|x86
		{A766AC1E-10FD-4D77-A95F-F1974FB0FEFC}.Release|Any CPU.ActiveCfg = Release|Any CPU
		{A766AC1E-10FD-4D77-A95F-F1974FB0FEFC}.Release|Any CPU.Build.0 = Release|Any CPU
		{A766AC1E-10FD-4D77-A95F-F1974FB0FEFC}.Release|Mixed Platforms.ActiveCfg = Debug|x86
		{A766AC1E-10FD-4D77-A95F-F1974FB0FEFC}.Release|Mixed Platforms.Build.0 = Debug|x86
		{A766AC1E-10FD-4D77-A95F-F1974FB0FEFC}.Release|x64.ActiveCfg = Release|Any CPU
		{A766AC1E-10FD-4D77-A95F-F1974FB0FEFC}.Release|x64.Build.0 = Release|Any CPU
		{A766AC1E-10FD-4D77-A95F-F1974FB0FEFC}.Release|x86.ActiveCfg = Release|x86
		{A766AC1E-10FD-4D77-A95F-F1974FB0FEFC}.Release|x86.Build.0 = Release|x86
		{587C57A8-510C-4DDF-BA5D-C45BD6050BB3}.Debug|Any CPU.ActiveCfg = Debug|Any CPU
		{587C57A8-510C-4DDF-BA5D-C45BD6050BB3}.Debug|Any CPU.Build.0 = Debug|Any CPU
		{587C57A8-510C-4DDF-BA5D-C45BD6050BB3}.Debug|Mixed Platforms.ActiveCfg = Debug|x86
		{587C57A8-510C-4DDF-BA5D-C45BD6050BB3}.Debug|Mixed Platforms.Build.0 = Debug|x86
		{587C57A8-510C-4DDF-BA5D-C45BD6050BB3}.Debug|x64.ActiveCfg = Debug|Any CPU
		{587C57A8-510C-4DDF-BA5D-C45BD6050BB3}.Debug|x64.Build.0 = Debug|Any CPU
		{587C57A8-510C-4DDF-BA5D-C45BD6050BB3}.Debug|x86.ActiveCfg = Debug|x86
		{587C57A8-510C-4DDF-BA5D-C45BD6050BB3}.Debug|x86.Build.0 = Debug|x86
		{587C57A8-510C-4DDF-BA5D-C45BD6050BB3}.Release|Any CPU.ActiveCfg = Release|Any CPU
		{587C57A8-510C-4DDF-BA5D-C45BD6050BB3}.Release|Any CPU.Build.0 = Release|Any CPU
		{587C57A8-510C-4DDF-BA5D-C45BD6050BB3}.Release|Mixed Platforms.ActiveCfg = Release|x86
		{587C57A8-510C-4DDF-BA5D-C45BD6050BB3}.Release|Mixed Platforms.Build.0 = Release|x86
		{587C57A8-510C-4DDF-BA5D-C45BD6050BB3}.Release|x64.ActiveCfg = Release|Any CPU
		{587C57A8-510C-4DDF-BA5D-C45BD6050BB3}.Release|x64.Build.0 = Release|Any CPU
		{587C57A8-510C-4DDF-BA5D-C45BD6050BB3}.Release|x86.ActiveCfg = Release|x86
		{587C57A8-510C-4DDF-BA5D-C45BD6050BB3}.Release|x86.Build.0 = Release|x86
		{3A9A7BF2-46AB-46B6-AF62-9822181CF6CA}.Debug|Any CPU.ActiveCfg = Debug|Any CPU
		{3A9A7BF2-46AB-46B6-AF62-9822181CF6CA}.Debug|Any CPU.Build.0 = Debug|Any CPU
		{3A9A7BF2-46AB-46B6-AF62-9822181CF6CA}.Debug|Mixed Platforms.ActiveCfg = Debug|x86
		{3A9A7BF2-46AB-46B6-AF62-9822181CF6CA}.Debug|Mixed Platforms.Build.0 = Debug|x86
		{3A9A7BF2-46AB-46B6-AF62-9822181CF6CA}.Debug|x64.ActiveCfg = Debug|Any CPU
		{3A9A7BF2-46AB-46B6-AF62-9822181CF6CA}.Debug|x64.Build.0 = Debug|Any CPU
		{3A9A7BF2-46AB-46B6-AF62-9822181CF6CA}.Debug|x86.ActiveCfg = Debug|x86
		{3A9A7BF2-46AB-46B6-AF62-9822181CF6CA}.Debug|x86.Build.0 = Debug|x86
		{3A9A7BF2-46AB-46B6-AF62-9822181CF6CA}.Release|Any CPU.ActiveCfg = Release|Any CPU
		{3A9A7BF2-46AB-46B6-AF62-9822181CF6CA}.Release|Any CPU.Build.0 = Release|Any CPU
		{3A9A7BF2-46AB-46B6-AF62-9822181CF6CA}.Release|Mixed Platforms.ActiveCfg = Release|x86
		{3A9A7BF2-46AB-46B6-AF62-9822181CF6CA}.Release|Mixed Platforms.Build.0 = Release|x86
		{3A9A7BF2-46AB-46B6-AF62-9822181CF6CA}.Release|x64.ActiveCfg = Release|Any CPU
		{3A9A7BF2-46AB-46B6-AF62-9822181CF6CA}.Release|x64.Build.0 = Release|Any CPU
		{3A9A7BF2-46AB-46B6-AF62-9822181CF6CA}.Release|x86.ActiveCfg = Release|x86
		{3A9A7BF2-46AB-46B6-AF62-9822181CF6CA}.Release|x86.Build.0 = Release|x86
		{36E61349-9C50-405A-B082-8B9340CB4E61}.Debug|Any CPU.ActiveCfg = Debug|Any CPU
		{36E61349-9C50-405A-B082-8B9340CB4E61}.Debug|Any CPU.Build.0 = Debug|Any CPU
		{36E61349-9C50-405A-B082-8B9340CB4E61}.Debug|Mixed Platforms.ActiveCfg = Debug|x86
		{36E61349-9C50-405A-B082-8B9340CB4E61}.Debug|Mixed Platforms.Build.0 = Debug|x86
		{36E61349-9C50-405A-B082-8B9340CB4E61}.Debug|x64.ActiveCfg = Debug|Any CPU
		{36E61349-9C50-405A-B082-8B9340CB4E61}.Debug|x64.Build.0 = Debug|Any CPU
		{36E61349-9C50-405A-B082-8B9340CB4E61}.Debug|x86.ActiveCfg = Debug|x86
		{36E61349-9C50-405A-B082-8B9340CB4E61}.Debug|x86.Build.0 = Debug|x86
		{36E61349-9C50-405A-B082-8B9340CB4E61}.Release|Any CPU.ActiveCfg = Release|Any CPU
		{36E61349-9C50-405A-B082-8B9340CB4E61}.Release|Any CPU.Build.0 = Release|Any CPU
		{36E61349-9C50-405A-B082-8B9340CB4E61}.Release|Mixed Platforms.ActiveCfg = Release|x86
		{36E61349-9C50-405A-B082-8B9340CB4E61}.Release|Mixed Platforms.Build.0 = Release|x86
		{36E61349-9C50-405A-B082-8B9340CB4E61}.Release|x64.ActiveCfg = Release|Any CPU
		{36E61349-9C50-405A-B082-8B9340CB4E61}.Release|x64.Build.0 = Release|Any CPU
		{36E61349-9C50-405A-B082-8B9340CB4E61}.Release|x86.ActiveCfg = Release|x86
		{36E61349-9C50-405A-B082-8B9340CB4E61}.Release|x86.Build.0 = Release|x86
		{8955B9F6-B6E5-4FEF-A5AB-90C35AFB9CC6}.Debug|Any CPU.ActiveCfg = Debug|Any CPU
		{8955B9F6-B6E5-4FEF-A5AB-90C35AFB9CC6}.Debug|Any CPU.Build.0 = Debug|Any CPU
		{8955B9F6-B6E5-4FEF-A5AB-90C35AFB9CC6}.Debug|Mixed Platforms.ActiveCfg = Debug|x86
		{8955B9F6-B6E5-4FEF-A5AB-90C35AFB9CC6}.Debug|Mixed Platforms.Build.0 = Debug|x86
		{8955B9F6-B6E5-4FEF-A5AB-90C35AFB9CC6}.Debug|x64.ActiveCfg = Debug|Any CPU
		{8955B9F6-B6E5-4FEF-A5AB-90C35AFB9CC6}.Debug|x64.Build.0 = Debug|Any CPU
		{8955B9F6-B6E5-4FEF-A5AB-90C35AFB9CC6}.Debug|x86.ActiveCfg = Debug|x86
		{8955B9F6-B6E5-4FEF-A5AB-90C35AFB9CC6}.Debug|x86.Build.0 = Debug|x86
		{8955B9F6-B6E5-4FEF-A5AB-90C35AFB9CC6}.Release|Any CPU.ActiveCfg = Release|Any CPU
		{8955B9F6-B6E5-4FEF-A5AB-90C35AFB9CC6}.Release|Any CPU.Build.0 = Release|Any CPU
		{8955B9F6-B6E5-4FEF-A5AB-90C35AFB9CC6}.Release|Mixed Platforms.ActiveCfg = Release|Any CPU
		{8955B9F6-B6E5-4FEF-A5AB-90C35AFB9CC6}.Release|Mixed Platforms.Build.0 = Release|Any CPU
		{8955B9F6-B6E5-4FEF-A5AB-90C35AFB9CC6}.Release|x64.ActiveCfg = Release|Any CPU
		{8955B9F6-B6E5-4FEF-A5AB-90C35AFB9CC6}.Release|x64.Build.0 = Release|Any CPU
		{8955B9F6-B6E5-4FEF-A5AB-90C35AFB9CC6}.Release|x86.ActiveCfg = Release|Any CPU
		{8955B9F6-B6E5-4FEF-A5AB-90C35AFB9CC6}.Release|x86.Build.0 = Release|Any CPU
		{05FE6E3C-50C9-4054-811B-86BDA5459F82}.Debug|Any CPU.ActiveCfg = Debug|Any CPU
		{05FE6E3C-50C9-4054-811B-86BDA5459F82}.Debug|Any CPU.Build.0 = Debug|Any CPU
		{05FE6E3C-50C9-4054-811B-86BDA5459F82}.Debug|Mixed Platforms.ActiveCfg = Debug|x86
		{05FE6E3C-50C9-4054-811B-86BDA5459F82}.Debug|Mixed Platforms.Build.0 = Debug|x86
		{05FE6E3C-50C9-4054-811B-86BDA5459F82}.Debug|x64.ActiveCfg = Debug|Any CPU
		{05FE6E3C-50C9-4054-811B-86BDA5459F82}.Debug|x64.Build.0 = Debug|Any CPU
		{05FE6E3C-50C9-4054-811B-86BDA5459F82}.Debug|x86.ActiveCfg = Debug|x86
		{05FE6E3C-50C9-4054-811B-86BDA5459F82}.Debug|x86.Build.0 = Debug|x86
		{05FE6E3C-50C9-4054-811B-86BDA5459F82}.Release|Any CPU.ActiveCfg = Release|Any CPU
		{05FE6E3C-50C9-4054-811B-86BDA5459F82}.Release|Any CPU.Build.0 = Release|Any CPU
		{05FE6E3C-50C9-4054-811B-86BDA5459F82}.Release|Mixed Platforms.ActiveCfg = Release|Any CPU
		{05FE6E3C-50C9-4054-811B-86BDA5459F82}.Release|Mixed Platforms.Build.0 = Release|Any CPU
		{05FE6E3C-50C9-4054-811B-86BDA5459F82}.Release|x64.ActiveCfg = Release|Any CPU
		{05FE6E3C-50C9-4054-811B-86BDA5459F82}.Release|x64.Build.0 = Release|Any CPU
		{05FE6E3C-50C9-4054-811B-86BDA5459F82}.Release|x86.ActiveCfg = Release|Any CPU
		{05FE6E3C-50C9-4054-811B-86BDA5459F82}.Release|x86.Build.0 = Release|Any CPU
		{9B5689B2-2774-45D1-A52C-4D6A46C93326}.Debug|Any CPU.ActiveCfg = Debug|Any CPU
		{9B5689B2-2774-45D1-A52C-4D6A46C93326}.Debug|Any CPU.Build.0 = Debug|Any CPU
		{9B5689B2-2774-45D1-A52C-4D6A46C93326}.Debug|Mixed Platforms.ActiveCfg = Debug|x86
		{9B5689B2-2774-45D1-A52C-4D6A46C93326}.Debug|Mixed Platforms.Build.0 = Debug|x86
		{9B5689B2-2774-45D1-A52C-4D6A46C93326}.Debug|x64.ActiveCfg = Debug|Any CPU
		{9B5689B2-2774-45D1-A52C-4D6A46C93326}.Debug|x64.Build.0 = Debug|Any CPU
		{9B5689B2-2774-45D1-A52C-4D6A46C93326}.Debug|x86.ActiveCfg = Debug|x86
		{9B5689B2-2774-45D1-A52C-4D6A46C93326}.Debug|x86.Build.0 = Debug|x86
		{9B5689B2-2774-45D1-A52C-4D6A46C93326}.Release|Any CPU.ActiveCfg = Release|Any CPU
		{9B5689B2-2774-45D1-A52C-4D6A46C93326}.Release|Any CPU.Build.0 = Release|Any CPU
		{9B5689B2-2774-45D1-A52C-4D6A46C93326}.Release|Mixed Platforms.ActiveCfg = Release|Any CPU
		{9B5689B2-2774-45D1-A52C-4D6A46C93326}.Release|Mixed Platforms.Build.0 = Release|Any CPU
		{9B5689B2-2774-45D1-A52C-4D6A46C93326}.Release|x64.ActiveCfg = Release|Any CPU
		{9B5689B2-2774-45D1-A52C-4D6A46C93326}.Release|x64.Build.0 = Release|Any CPU
		{9B5689B2-2774-45D1-A52C-4D6A46C93326}.Release|x86.ActiveCfg = Release|Any CPU
		{9B5689B2-2774-45D1-A52C-4D6A46C93326}.Release|x86.Build.0 = Release|Any CPU
		{947CC0FA-7F1C-4CF9-A908-1A29ED232F19}.Debug|Any CPU.ActiveCfg = Debug|Any CPU
		{947CC0FA-7F1C-4CF9-A908-1A29ED232F19}.Debug|Any CPU.Build.0 = Debug|Any CPU
		{947CC0FA-7F1C-4CF9-A908-1A29ED232F19}.Debug|Mixed Platforms.ActiveCfg = Debug|x86
		{947CC0FA-7F1C-4CF9-A908-1A29ED232F19}.Debug|Mixed Platforms.Build.0 = Debug|x86
		{947CC0FA-7F1C-4CF9-A908-1A29ED232F19}.Debug|x64.ActiveCfg = Debug|Any CPU
		{947CC0FA-7F1C-4CF9-A908-1A29ED232F19}.Debug|x64.Build.0 = Debug|Any CPU
		{947CC0FA-7F1C-4CF9-A908-1A29ED232F19}.Debug|x86.ActiveCfg = Debug|x86
		{947CC0FA-7F1C-4CF9-A908-1A29ED232F19}.Debug|x86.Build.0 = Debug|x86
		{947CC0FA-7F1C-4CF9-A908-1A29ED232F19}.Release|Any CPU.ActiveCfg = Release|Any CPU
		{947CC0FA-7F1C-4CF9-A908-1A29ED232F19}.Release|Any CPU.Build.0 = Release|Any CPU
		{947CC0FA-7F1C-4CF9-A908-1A29ED232F19}.Release|Mixed Platforms.ActiveCfg = Release|Any CPU
		{947CC0FA-7F1C-4CF9-A908-1A29ED232F19}.Release|Mixed Platforms.Build.0 = Release|Any CPU
		{947CC0FA-7F1C-4CF9-A908-1A29ED232F19}.Release|x64.ActiveCfg = Release|Any CPU
		{947CC0FA-7F1C-4CF9-A908-1A29ED232F19}.Release|x64.Build.0 = Release|Any CPU
		{947CC0FA-7F1C-4CF9-A908-1A29ED232F19}.Release|x86.ActiveCfg = Release|Any CPU
		{947CC0FA-7F1C-4CF9-A908-1A29ED232F19}.Release|x86.Build.0 = Release|Any CPU
		{BFC27821-7224-4E5B-9263-4E942285567B}.Debug|Any CPU.ActiveCfg = Debug|Any CPU
		{BFC27821-7224-4E5B-9263-4E942285567B}.Debug|Any CPU.Build.0 = Debug|Any CPU
		{BFC27821-7224-4E5B-9263-4E942285567B}.Debug|Mixed Platforms.ActiveCfg = Debug|x86
		{BFC27821-7224-4E5B-9263-4E942285567B}.Debug|Mixed Platforms.Build.0 = Debug|x86
		{BFC27821-7224-4E5B-9263-4E942285567B}.Debug|x64.ActiveCfg = Debug|Any CPU
		{BFC27821-7224-4E5B-9263-4E942285567B}.Debug|x64.Build.0 = Debug|Any CPU
		{BFC27821-7224-4E5B-9263-4E942285567B}.Debug|x86.ActiveCfg = Debug|x86
		{BFC27821-7224-4E5B-9263-4E942285567B}.Debug|x86.Build.0 = Debug|x86
		{BFC27821-7224-4E5B-9263-4E942285567B}.Release|Any CPU.ActiveCfg = Release|Any CPU
		{BFC27821-7224-4E5B-9263-4E942285567B}.Release|Any CPU.Build.0 = Release|Any CPU
		{BFC27821-7224-4E5B-9263-4E942285567B}.Release|Mixed Platforms.ActiveCfg = Release|Any CPU
		{BFC27821-7224-4E5B-9263-4E942285567B}.Release|Mixed Platforms.Build.0 = Release|Any CPU
		{BFC27821-7224-4E5B-9263-4E942285567B}.Release|x64.ActiveCfg = Release|Any CPU
		{BFC27821-7224-4E5B-9263-4E942285567B}.Release|x64.Build.0 = Release|Any CPU
		{BFC27821-7224-4E5B-9263-4E942285567B}.Release|x86.ActiveCfg = Release|Any CPU
		{D0499D75-A2B5-4B0F-8280-C916CEA84EF5}.Debug|Any CPU.ActiveCfg = Debug|Any CPU
		{D0499D75-A2B5-4B0F-8280-C916CEA84EF5}.Debug|Any CPU.Build.0 = Debug|Any CPU
		{D0499D75-A2B5-4B0F-8280-C916CEA84EF5}.Debug|Mixed Platforms.ActiveCfg = Debug|x86
		{D0499D75-A2B5-4B0F-8280-C916CEA84EF5}.Debug|Mixed Platforms.Build.0 = Debug|x86
		{D0499D75-A2B5-4B0F-8280-C916CEA84EF5}.Debug|x64.ActiveCfg = Debug|Any CPU
		{D0499D75-A2B5-4B0F-8280-C916CEA84EF5}.Debug|x64.Build.0 = Debug|Any CPU
		{D0499D75-A2B5-4B0F-8280-C916CEA84EF5}.Debug|x86.ActiveCfg = Debug|x86
		{D0499D75-A2B5-4B0F-8280-C916CEA84EF5}.Debug|x86.Build.0 = Debug|x86
		{D0499D75-A2B5-4B0F-8280-C916CEA84EF5}.Release|Any CPU.ActiveCfg = Release|Any CPU
		{D0499D75-A2B5-4B0F-8280-C916CEA84EF5}.Release|Any CPU.Build.0 = Release|Any CPU
		{D0499D75-A2B5-4B0F-8280-C916CEA84EF5}.Release|Mixed Platforms.ActiveCfg = Release|Any CPU
		{D0499D75-A2B5-4B0F-8280-C916CEA84EF5}.Release|Mixed Platforms.Build.0 = Release|Any CPU
		{D0499D75-A2B5-4B0F-8280-C916CEA84EF5}.Release|x64.ActiveCfg = Release|Any CPU
		{D0499D75-A2B5-4B0F-8280-C916CEA84EF5}.Release|x64.Build.0 = Release|Any CPU
		{D0499D75-A2B5-4B0F-8280-C916CEA84EF5}.Release|x86.ActiveCfg = Release|Any CPU
		{D0499D75-A2B5-4B0F-8280-C916CEA84EF5}.Release|x86.Build.0 = Release|Any CPU
		{9B6B0D48-C95C-43E5-9A6B-7C06F2B9B03A}.Debug|Any CPU.ActiveCfg = Debug|Any CPU
		{9B6B0D48-C95C-43E5-9A6B-7C06F2B9B03A}.Debug|Any CPU.Build.0 = Debug|Any CPU
		{9B6B0D48-C95C-43E5-9A6B-7C06F2B9B03A}.Debug|Mixed Platforms.ActiveCfg = Debug|x86
		{9B6B0D48-C95C-43E5-9A6B-7C06F2B9B03A}.Debug|Mixed Platforms.Build.0 = Debug|x86
		{9B6B0D48-C95C-43E5-9A6B-7C06F2B9B03A}.Debug|x64.ActiveCfg = Debug|Any CPU
		{9B6B0D48-C95C-43E5-9A6B-7C06F2B9B03A}.Debug|x64.Build.0 = Debug|Any CPU
		{9B6B0D48-C95C-43E5-9A6B-7C06F2B9B03A}.Debug|x86.ActiveCfg = Debug|x86
		{9B6B0D48-C95C-43E5-9A6B-7C06F2B9B03A}.Debug|x86.Build.0 = Debug|x86
		{9B6B0D48-C95C-43E5-9A6B-7C06F2B9B03A}.Release|Any CPU.ActiveCfg = Release|Any CPU
		{9B6B0D48-C95C-43E5-9A6B-7C06F2B9B03A}.Release|Any CPU.Build.0 = Release|Any CPU
		{9B6B0D48-C95C-43E5-9A6B-7C06F2B9B03A}.Release|Mixed Platforms.ActiveCfg = Release|x86
		{9B6B0D48-C95C-43E5-9A6B-7C06F2B9B03A}.Release|Mixed Platforms.Build.0 = Release|x86
		{9B6B0D48-C95C-43E5-9A6B-7C06F2B9B03A}.Release|x64.ActiveCfg = Release|Any CPU
		{9B6B0D48-C95C-43E5-9A6B-7C06F2B9B03A}.Release|x64.Build.0 = Release|Any CPU
		{9B6B0D48-C95C-43E5-9A6B-7C06F2B9B03A}.Release|x86.ActiveCfg = Release|x86
		{9B6B0D48-C95C-43E5-9A6B-7C06F2B9B03A}.Release|x86.Build.0 = Release|x86
		{A82D4195-0F75-48B3-8E43-5BE90D061C6C}.Debug|Any CPU.ActiveCfg = Debug|Any CPU
		{A82D4195-0F75-48B3-8E43-5BE90D061C6C}.Debug|Any CPU.Build.0 = Debug|Any CPU
		{A82D4195-0F75-48B3-8E43-5BE90D061C6C}.Debug|Mixed Platforms.ActiveCfg = Debug|Any CPU
		{A82D4195-0F75-48B3-8E43-5BE90D061C6C}.Debug|Mixed Platforms.Build.0 = Debug|Any CPU
		{A82D4195-0F75-48B3-8E43-5BE90D061C6C}.Debug|x64.ActiveCfg = Debug|Any CPU
		{A82D4195-0F75-48B3-8E43-5BE90D061C6C}.Debug|x64.Build.0 = Debug|Any CPU
		{A82D4195-0F75-48B3-8E43-5BE90D061C6C}.Debug|x86.ActiveCfg = Debug|x86
		{A82D4195-0F75-48B3-8E43-5BE90D061C6C}.Debug|x86.Build.0 = Debug|x86
		{A82D4195-0F75-48B3-8E43-5BE90D061C6C}.Release|Any CPU.ActiveCfg = Release|Any CPU
		{A82D4195-0F75-48B3-8E43-5BE90D061C6C}.Release|Any CPU.Build.0 = Release|Any CPU
		{A82D4195-0F75-48B3-8E43-5BE90D061C6C}.Release|Mixed Platforms.ActiveCfg = Release|Any CPU
		{A82D4195-0F75-48B3-8E43-5BE90D061C6C}.Release|Mixed Platforms.Build.0 = Release|Any CPU
		{A82D4195-0F75-48B3-8E43-5BE90D061C6C}.Release|x64.ActiveCfg = Release|Any CPU
		{A82D4195-0F75-48B3-8E43-5BE90D061C6C}.Release|x64.Build.0 = Release|Any CPU
		{A82D4195-0F75-48B3-8E43-5BE90D061C6C}.Release|x86.ActiveCfg = Release|Any CPU
		{A82D4195-0F75-48B3-8E43-5BE90D061C6C}.Release|x86.Build.0 = Release|Any CPU
		{072FFCC6-6840-4E6C-B314-07F3219409F3}.Debug|Any CPU.ActiveCfg = Debug|Any CPU
		{072FFCC6-6840-4E6C-B314-07F3219409F3}.Debug|Any CPU.Build.0 = Debug|Any CPU
		{072FFCC6-6840-4E6C-B314-07F3219409F3}.Debug|Mixed Platforms.ActiveCfg = Debug|Any CPU
		{072FFCC6-6840-4E6C-B314-07F3219409F3}.Debug|Mixed Platforms.Build.0 = Debug|Any CPU
		{072FFCC6-6840-4E6C-B314-07F3219409F3}.Debug|x64.ActiveCfg = Debug|Any CPU
		{072FFCC6-6840-4E6C-B314-07F3219409F3}.Debug|x64.Build.0 = Debug|Any CPU
		{072FFCC6-6840-4E6C-B314-07F3219409F3}.Debug|x86.ActiveCfg = Debug|x86
		{072FFCC6-6840-4E6C-B314-07F3219409F3}.Debug|x86.Build.0 = Debug|x86
		{072FFCC6-6840-4E6C-B314-07F3219409F3}.Release|Any CPU.ActiveCfg = Release|Any CPU
		{072FFCC6-6840-4E6C-B314-07F3219409F3}.Release|Any CPU.Build.0 = Release|Any CPU
		{072FFCC6-6840-4E6C-B314-07F3219409F3}.Release|Mixed Platforms.ActiveCfg = Release|Any CPU
		{072FFCC6-6840-4E6C-B314-07F3219409F3}.Release|Mixed Platforms.Build.0 = Release|Any CPU
		{072FFCC6-6840-4E6C-B314-07F3219409F3}.Release|x64.ActiveCfg = Release|Any CPU
		{072FFCC6-6840-4E6C-B314-07F3219409F3}.Release|x64.Build.0 = Release|Any CPU
		{072FFCC6-6840-4E6C-B314-07F3219409F3}.Release|x86.ActiveCfg = Release|Any CPU
		{072FFCC6-6840-4E6C-B314-07F3219409F3}.Release|x86.Build.0 = Release|Any CPU
		{7D0BA7A5-9C11-45DE-92CA-FE6BBCBAC6D0}.Debug|Any CPU.ActiveCfg = Debug|Any CPU
		{7D0BA7A5-9C11-45DE-92CA-FE6BBCBAC6D0}.Debug|Any CPU.Build.0 = Debug|Any CPU
		{7D0BA7A5-9C11-45DE-92CA-FE6BBCBAC6D0}.Debug|Mixed Platforms.ActiveCfg = Debug|Any CPU
		{7D0BA7A5-9C11-45DE-92CA-FE6BBCBAC6D0}.Debug|Mixed Platforms.Build.0 = Debug|Any CPU
		{7D0BA7A5-9C11-45DE-92CA-FE6BBCBAC6D0}.Debug|x64.ActiveCfg = Debug|Any CPU
		{7D0BA7A5-9C11-45DE-92CA-FE6BBCBAC6D0}.Debug|x64.Build.0 = Debug|Any CPU
		{7D0BA7A5-9C11-45DE-92CA-FE6BBCBAC6D0}.Debug|x86.ActiveCfg = Debug|x86
		{7D0BA7A5-9C11-45DE-92CA-FE6BBCBAC6D0}.Debug|x86.Build.0 = Debug|x86
		{7D0BA7A5-9C11-45DE-92CA-FE6BBCBAC6D0}.Release|Any CPU.ActiveCfg = Release|Any CPU
		{7D0BA7A5-9C11-45DE-92CA-FE6BBCBAC6D0}.Release|Any CPU.Build.0 = Release|Any CPU
		{7D0BA7A5-9C11-45DE-92CA-FE6BBCBAC6D0}.Release|Mixed Platforms.ActiveCfg = Release|Any CPU
		{7D0BA7A5-9C11-45DE-92CA-FE6BBCBAC6D0}.Release|Mixed Platforms.Build.0 = Release|Any CPU
		{7D0BA7A5-9C11-45DE-92CA-FE6BBCBAC6D0}.Release|x64.ActiveCfg = Release|Any CPU
		{7D0BA7A5-9C11-45DE-92CA-FE6BBCBAC6D0}.Release|x64.Build.0 = Release|Any CPU
		{7D0BA7A5-9C11-45DE-92CA-FE6BBCBAC6D0}.Release|x86.ActiveCfg = Release|Any CPU
		{7D0BA7A5-9C11-45DE-92CA-FE6BBCBAC6D0}.Release|x86.Build.0 = Release|Any CPU
		{AABC737D-3FEE-4066-A90D-D00002404FEB}.Debug|Any CPU.ActiveCfg = Debug|Any CPU
		{AABC737D-3FEE-4066-A90D-D00002404FEB}.Debug|Any CPU.Build.0 = Debug|Any CPU
		{AABC737D-3FEE-4066-A90D-D00002404FEB}.Debug|Mixed Platforms.ActiveCfg = Debug|x86
		{AABC737D-3FEE-4066-A90D-D00002404FEB}.Debug|Mixed Platforms.Build.0 = Debug|x86
		{AABC737D-3FEE-4066-A90D-D00002404FEB}.Debug|x64.ActiveCfg = Debug|Any CPU
		{AABC737D-3FEE-4066-A90D-D00002404FEB}.Debug|x64.Build.0 = Debug|Any CPU
		{AABC737D-3FEE-4066-A90D-D00002404FEB}.Debug|x86.ActiveCfg = Debug|x86
		{AABC737D-3FEE-4066-A90D-D00002404FEB}.Debug|x86.Build.0 = Debug|x86
		{AABC737D-3FEE-4066-A90D-D00002404FEB}.Release|Any CPU.ActiveCfg = Release|Any CPU
		{AABC737D-3FEE-4066-A90D-D00002404FEB}.Release|Any CPU.Build.0 = Release|Any CPU
		{AABC737D-3FEE-4066-A90D-D00002404FEB}.Release|Mixed Platforms.ActiveCfg = Release|x86
		{AABC737D-3FEE-4066-A90D-D00002404FEB}.Release|Mixed Platforms.Build.0 = Release|x86
		{AABC737D-3FEE-4066-A90D-D00002404FEB}.Release|x64.ActiveCfg = Release|Any CPU
		{AABC737D-3FEE-4066-A90D-D00002404FEB}.Release|x64.Build.0 = Release|Any CPU
		{AABC737D-3FEE-4066-A90D-D00002404FEB}.Release|x86.ActiveCfg = Release|x86
		{AABC737D-3FEE-4066-A90D-D00002404FEB}.Release|x86.Build.0 = Release|x86
		{723A4723-FAE8-4B50-B061-A4C599F4722E}.Debug|Any CPU.ActiveCfg = Debug|Any CPU
		{723A4723-FAE8-4B50-B061-A4C599F4722E}.Debug|Any CPU.Build.0 = Debug|Any CPU
		{723A4723-FAE8-4B50-B061-A4C599F4722E}.Debug|Mixed Platforms.ActiveCfg = Debug|x86
		{723A4723-FAE8-4B50-B061-A4C599F4722E}.Debug|Mixed Platforms.Build.0 = Debug|x86
		{723A4723-FAE8-4B50-B061-A4C599F4722E}.Debug|x64.ActiveCfg = Debug|Any CPU
		{723A4723-FAE8-4B50-B061-A4C599F4722E}.Debug|x64.Build.0 = Debug|Any CPU
		{723A4723-FAE8-4B50-B061-A4C599F4722E}.Debug|x86.ActiveCfg = Debug|x86
		{723A4723-FAE8-4B50-B061-A4C599F4722E}.Debug|x86.Build.0 = Debug|x86
		{723A4723-FAE8-4B50-B061-A4C599F4722E}.Release|Any CPU.ActiveCfg = Release|Any CPU
		{723A4723-FAE8-4B50-B061-A4C599F4722E}.Release|Any CPU.Build.0 = Release|Any CPU
		{723A4723-FAE8-4B50-B061-A4C599F4722E}.Release|Mixed Platforms.ActiveCfg = Release|x86
		{723A4723-FAE8-4B50-B061-A4C599F4722E}.Release|Mixed Platforms.Build.0 = Release|x86
		{723A4723-FAE8-4B50-B061-A4C599F4722E}.Release|x64.ActiveCfg = Release|Any CPU
		{723A4723-FAE8-4B50-B061-A4C599F4722E}.Release|x64.Build.0 = Release|Any CPU
		{723A4723-FAE8-4B50-B061-A4C599F4722E}.Release|x86.ActiveCfg = Release|x86
		{723A4723-FAE8-4B50-B061-A4C599F4722E}.Release|x86.Build.0 = Release|x86
		{5A202154-9F9A-47CF-A7A5-4DF6DA026076}.Debug|Any CPU.ActiveCfg = Debug|Any CPU
		{5A202154-9F9A-47CF-A7A5-4DF6DA026076}.Debug|Any CPU.Build.0 = Debug|Any CPU
		{5A202154-9F9A-47CF-A7A5-4DF6DA026076}.Debug|Mixed Platforms.ActiveCfg = Debug|x86
		{5A202154-9F9A-47CF-A7A5-4DF6DA026076}.Debug|Mixed Platforms.Build.0 = Debug|x86
		{5A202154-9F9A-47CF-A7A5-4DF6DA026076}.Debug|x64.ActiveCfg = Debug|Any CPU
		{5A202154-9F9A-47CF-A7A5-4DF6DA026076}.Debug|x64.Build.0 = Debug|Any CPU
		{5A202154-9F9A-47CF-A7A5-4DF6DA026076}.Debug|x86.ActiveCfg = Debug|x86
		{5A202154-9F9A-47CF-A7A5-4DF6DA026076}.Debug|x86.Build.0 = Debug|x86
		{5A202154-9F9A-47CF-A7A5-4DF6DA026076}.Release|Any CPU.ActiveCfg = Release|Any CPU
		{5A202154-9F9A-47CF-A7A5-4DF6DA026076}.Release|Any CPU.Build.0 = Release|Any CPU
		{5A202154-9F9A-47CF-A7A5-4DF6DA026076}.Release|Mixed Platforms.ActiveCfg = Release|x86
		{5A202154-9F9A-47CF-A7A5-4DF6DA026076}.Release|Mixed Platforms.Build.0 = Release|x86
		{5A202154-9F9A-47CF-A7A5-4DF6DA026076}.Release|x64.ActiveCfg = Release|Any CPU
		{5A202154-9F9A-47CF-A7A5-4DF6DA026076}.Release|x64.Build.0 = Release|Any CPU
		{5A202154-9F9A-47CF-A7A5-4DF6DA026076}.Release|x86.ActiveCfg = Release|x86
		{5A202154-9F9A-47CF-A7A5-4DF6DA026076}.Release|x86.Build.0 = Release|x86
		{E619F232-D964-4CDB-9A9C-DFB44E32C36F}.Debug|Any CPU.ActiveCfg = Debug|Any CPU
		{E619F232-D964-4CDB-9A9C-DFB44E32C36F}.Debug|Any CPU.Build.0 = Debug|Any CPU
		{E619F232-D964-4CDB-9A9C-DFB44E32C36F}.Debug|Mixed Platforms.ActiveCfg = Debug|x86
		{E619F232-D964-4CDB-9A9C-DFB44E32C36F}.Debug|Mixed Platforms.Build.0 = Debug|x86
		{E619F232-D964-4CDB-9A9C-DFB44E32C36F}.Debug|x64.ActiveCfg = Debug|Any CPU
		{E619F232-D964-4CDB-9A9C-DFB44E32C36F}.Debug|x64.Build.0 = Debug|Any CPU
		{E619F232-D964-4CDB-9A9C-DFB44E32C36F}.Debug|x86.ActiveCfg = Debug|x86
		{E619F232-D964-4CDB-9A9C-DFB44E32C36F}.Debug|x86.Build.0 = Debug|x86
		{E619F232-D964-4CDB-9A9C-DFB44E32C36F}.Release|Any CPU.ActiveCfg = Release|Any CPU
		{E619F232-D964-4CDB-9A9C-DFB44E32C36F}.Release|Any CPU.Build.0 = Release|Any CPU
		{E619F232-D964-4CDB-9A9C-DFB44E32C36F}.Release|Mixed Platforms.ActiveCfg = Release|x86
		{E619F232-D964-4CDB-9A9C-DFB44E32C36F}.Release|Mixed Platforms.Build.0 = Release|x86
		{E619F232-D964-4CDB-9A9C-DFB44E32C36F}.Release|x64.ActiveCfg = Release|Any CPU
		{E619F232-D964-4CDB-9A9C-DFB44E32C36F}.Release|x64.Build.0 = Release|Any CPU
		{E619F232-D964-4CDB-9A9C-DFB44E32C36F}.Release|x86.ActiveCfg = Release|x86
		{E619F232-D964-4CDB-9A9C-DFB44E32C36F}.Release|x86.Build.0 = Release|x86
		{CE4F4133-789F-420D-941D-18DA08B140FF}.Debug|Any CPU.ActiveCfg = Debug|Any CPU
		{CE4F4133-789F-420D-941D-18DA08B140FF}.Debug|Any CPU.Build.0 = Debug|Any CPU
		{CE4F4133-789F-420D-941D-18DA08B140FF}.Debug|Mixed Platforms.ActiveCfg = Debug|x86
		{CE4F4133-789F-420D-941D-18DA08B140FF}.Debug|Mixed Platforms.Build.0 = Debug|x86
		{CE4F4133-789F-420D-941D-18DA08B140FF}.Debug|x64.ActiveCfg = Debug|Any CPU
		{CE4F4133-789F-420D-941D-18DA08B140FF}.Debug|x64.Build.0 = Debug|Any CPU
		{CE4F4133-789F-420D-941D-18DA08B140FF}.Debug|x86.ActiveCfg = Debug|x86
		{CE4F4133-789F-420D-941D-18DA08B140FF}.Debug|x86.Build.0 = Debug|x86
		{CE4F4133-789F-420D-941D-18DA08B140FF}.Release|Any CPU.ActiveCfg = Release|Any CPU
		{CE4F4133-789F-420D-941D-18DA08B140FF}.Release|Any CPU.Build.0 = Release|Any CPU
		{CE4F4133-789F-420D-941D-18DA08B140FF}.Release|Mixed Platforms.ActiveCfg = Release|x86
		{CE4F4133-789F-420D-941D-18DA08B140FF}.Release|Mixed Platforms.Build.0 = Release|x86
		{CE4F4133-789F-420D-941D-18DA08B140FF}.Release|x64.ActiveCfg = Release|Any CPU
		{CE4F4133-789F-420D-941D-18DA08B140FF}.Release|x64.Build.0 = Release|Any CPU
		{CE4F4133-789F-420D-941D-18DA08B140FF}.Release|x86.ActiveCfg = Release|x86
		{CE4F4133-789F-420D-941D-18DA08B140FF}.Release|x86.Build.0 = Release|x86
		{92B20870-AD65-4AE8-BB1E-4D11B922A135}.Debug|Any CPU.ActiveCfg = Debug|Any CPU
		{92B20870-AD65-4AE8-BB1E-4D11B922A135}.Debug|Any CPU.Build.0 = Debug|Any CPU
		{92B20870-AD65-4AE8-BB1E-4D11B922A135}.Debug|Mixed Platforms.ActiveCfg = Debug|x86
		{92B20870-AD65-4AE8-BB1E-4D11B922A135}.Debug|Mixed Platforms.Build.0 = Debug|x86
		{92B20870-AD65-4AE8-BB1E-4D11B922A135}.Debug|x64.ActiveCfg = Debug|Any CPU
		{92B20870-AD65-4AE8-BB1E-4D11B922A135}.Debug|x64.Build.0 = Debug|Any CPU
		{92B20870-AD65-4AE8-BB1E-4D11B922A135}.Debug|x86.ActiveCfg = Debug|x86
		{92B20870-AD65-4AE8-BB1E-4D11B922A135}.Debug|x86.Build.0 = Debug|x86
		{92B20870-AD65-4AE8-BB1E-4D11B922A135}.Release|Any CPU.ActiveCfg = Release|Any CPU
		{92B20870-AD65-4AE8-BB1E-4D11B922A135}.Release|Any CPU.Build.0 = Release|Any CPU
		{92B20870-AD65-4AE8-BB1E-4D11B922A135}.Release|Mixed Platforms.ActiveCfg = Release|x86
		{92B20870-AD65-4AE8-BB1E-4D11B922A135}.Release|Mixed Platforms.Build.0 = Release|x86
		{92B20870-AD65-4AE8-BB1E-4D11B922A135}.Release|x64.ActiveCfg = Release|Any CPU
		{92B20870-AD65-4AE8-BB1E-4D11B922A135}.Release|x64.Build.0 = Release|Any CPU
		{92B20870-AD65-4AE8-BB1E-4D11B922A135}.Release|x86.ActiveCfg = Release|x86
		{92B20870-AD65-4AE8-BB1E-4D11B922A135}.Release|x86.Build.0 = Release|x86
	EndGlobalSection
	GlobalSection(SolutionProperties) = preSolution
		HideSolutionNode = FALSE
	EndGlobalSection
	GlobalSection(NestedProjects) = preSolution
		{94FF7C56-B2B3-4E56-8E6F-8401E3E224EB} = {0F0F34BE-CD06-4C13-967D-BB0760617486}
		{CD1977DD-3299-46CE-8550-C11F1E9F0F7C} = {0F0F34BE-CD06-4C13-967D-BB0760617486}
		{E63BD567-AEFC-4859-9F17-ED646D0D7044} = {0F0F34BE-CD06-4C13-967D-BB0760617486}
		{E24112F1-092C-4BDC-AAE3-59B8931DF642} = {0F0F34BE-CD06-4C13-967D-BB0760617486}
		{38FF36EE-304F-45E0-AFA7-F070CDE959E8} = {0F0F34BE-CD06-4C13-967D-BB0760617486}
		{FEF389FD-A0B8-4BFD-9A8C-DE1203D6FAB0} = {0F0F34BE-CD06-4C13-967D-BB0760617486}
		{129B5DE2-523B-48EA-8676-1291D9A4DE0C} = {0F0F34BE-CD06-4C13-967D-BB0760617486}
		{890F0720-601B-4868-AD9A-9527CA9F0BAC} = {0F0F34BE-CD06-4C13-967D-BB0760617486}
		{83FD4663-5C46-4885-83DB-D65C99A1C9F0} = {0F0F34BE-CD06-4C13-967D-BB0760617486}
		{C71C2BF7-52D2-4F69-AB7A-9B29EEA8DBB2} = {0F0F34BE-CD06-4C13-967D-BB0760617486}
		{F3106EE2-0049-46EC-AF10-E346295F0B24} = {0F0F34BE-CD06-4C13-967D-BB0760617486}
		{E35B9010-5429-4FFE-A788-E9C40E743E9C} = {6F066820-11A1-4533-A8CF-C7E43891D2BD}
		{371234C6-4903-4F7D-8283-C0F8DBEF8755} = {B3321797-0DAA-40DF-ADD3-13AC511028EF}
		{A766AC1E-10FD-4D77-A95F-F1974FB0FEFC} = {B3321797-0DAA-40DF-ADD3-13AC511028EF}
		{3A9A7BF2-46AB-46B6-AF62-9822181CF6CA} = {B3321797-0DAA-40DF-ADD3-13AC511028EF}
		{36E61349-9C50-405A-B082-8B9340CB4E61} = {B3321797-0DAA-40DF-ADD3-13AC511028EF}
		{32F3DC7E-FAD4-4EE5-B74D-4636F8856BA0} = {B3321797-0DAA-40DF-ADD3-13AC511028EF}
		{8955B9F6-B6E5-4FEF-A5AB-90C35AFB9CC6} = {32F3DC7E-FAD4-4EE5-B74D-4636F8856BA0}
		{05FE6E3C-50C9-4054-811B-86BDA5459F82} = {32F3DC7E-FAD4-4EE5-B74D-4636F8856BA0}
		{4C68FD1C-FAB9-4CBC-B400-529CC0B0D5D0} = {B3321797-0DAA-40DF-ADD3-13AC511028EF}
		{9B5689B2-2774-45D1-A52C-4D6A46C93326} = {4C68FD1C-FAB9-4CBC-B400-529CC0B0D5D0}
		{947CC0FA-7F1C-4CF9-A908-1A29ED232F19} = {4C68FD1C-FAB9-4CBC-B400-529CC0B0D5D0}
		{BFC27821-7224-4E5B-9263-4E942285567B} = {B3321797-0DAA-40DF-ADD3-13AC511028EF}
		{D0499D75-A2B5-4B0F-8280-C916CEA84EF5} = {4C68FD1C-FAB9-4CBC-B400-529CC0B0D5D0}
		{9B6B0D48-C95C-43E5-9A6B-7C06F2B9B03A} = {32F3DC7E-FAD4-4EE5-B74D-4636F8856BA0}
		{3C1F3260-722C-4C57-93F6-DB044D7E73E4} = {B3321797-0DAA-40DF-ADD3-13AC511028EF}
		{A82D4195-0F75-48B3-8E43-5BE90D061C6C} = {3C1F3260-722C-4C57-93F6-DB044D7E73E4}
		{072FFCC6-6840-4E6C-B314-07F3219409F3} = {3C1F3260-722C-4C57-93F6-DB044D7E73E4}
		{7D0BA7A5-9C11-45DE-92CA-FE6BBCBAC6D0} = {0F0F34BE-CD06-4C13-967D-BB0760617486}
		{AABC737D-3FEE-4066-A90D-D00002404FEB} = {0F0F34BE-CD06-4C13-967D-BB0760617486}
		{723A4723-FAE8-4B50-B061-A4C599F4722E} = {0F0F34BE-CD06-4C13-967D-BB0760617486}
		{F143A8A5-F7F5-4860-99F8-574788EB6D98} = {0F9021F8-1144-4805-908D-8BE3F61B8489}
		{5A202154-9F9A-47CF-A7A5-4DF6DA026076} = {F143A8A5-F7F5-4860-99F8-574788EB6D98}
		{E619F232-D964-4CDB-9A9C-DFB44E32C36F} = {F143A8A5-F7F5-4860-99F8-574788EB6D98}
		{C563BA79-74E4-4600-9008-4FC4ABA8C329} = {0F9021F8-1144-4805-908D-8BE3F61B8489}
		{CE4F4133-789F-420D-941D-18DA08B140FF} = {C563BA79-74E4-4600-9008-4FC4ABA8C329}
		{32B7093F-0738-400D-A21E-AC0512038679} = {0F9021F8-1144-4805-908D-8BE3F61B8489}
		{92B20870-AD65-4AE8-BB1E-4D11B922A135} = {32B7093F-0738-400D-A21E-AC0512038679}
	EndGlobalSection
	GlobalSection(CodealikeProperties) = postSolution
		SolutionGuid = 21ee2d50-c4fe-49f3-a899-1dc535d57fcf
	EndGlobalSection
EndGlobal
