
Microsoft Visual Studio Solution File, Format Version 12.00
# Visual Studio 2013
VisualStudioVersion = 12.0.31101.0
MinimumVisualStudioVersion = 10.0.40219.1
Project("{2150E333-8FDC-42A3-9474-1A3956D46DE8}") = "ApplicationExamples", "ApplicationExamples", "{0F0F34BE-CD06-4C13-967D-BB0760617486}"
EndProject
Project("{2150E333-8FDC-42A3-9474-1A3956D46DE8}") = "ViewModelExamples", "ViewModelExamples", "{6F066820-11A1-4533-A8CF-C7E43891D2BD}"
EndProject
Project("{2150E333-8FDC-42A3-9474-1A3956D46DE8}") = "Test", "Test", "{B3321797-0DAA-40DF-ADD3-13AC511028EF}"
EndProject
Project("{FAE04EC0-301F-11D3-BF4B-00C04F79EFBC}") = "MVVM.Navigation2", "ApplicationExamples\MVVM.Navigation2\MVVM.Navigation2.csproj", "{94FF7C56-B2B3-4E56-8E6F-8401E3E224EB}"
EndProject
Project("{FAE04EC0-301F-11D3-BF4B-00C04F79EFBC}") = "Navigation_HTMLWindow", "ApplicationExamples\Navigation_HTMLWindow\Navigation_HTMLWindow.csproj", "{CD1977DD-3299-46CE-8550-C11F1E9F0F7C}"
EndProject
Project("{FAE04EC0-301F-11D3-BF4B-00C04F79EFBC}") = "MVVM.Component", "MVVM.Component\MVVM.Component.csproj", "{26203C44-279D-4BFE-B17A-F6ADA8D240ED}"
EndProject
Project("{FAE04EC0-301F-11D3-BF4B-00C04F79EFBC}") = "ASyncPromiseUIDemo", "ApplicationExamples\ASyncPromiseUIDemo\ASyncPromiseUIDemo.csproj", "{E63BD567-AEFC-4859-9F17-ED646D0D7044}"
EndProject
Project("{FAE04EC0-301F-11D3-BF4B-00C04F79EFBC}") = "ParentEventBindingExample", "ViewModelExamples\ParentEventBindingExample\ParentEventBindingExample.csproj", "{E24112F1-092C-4BDC-AAE3-59B8931DF642}"
EndProject
Project("{FAE04EC0-301F-11D3-BF4B-00C04F79EFBC}") = "MVVM.Cef.Glue.UI2", "ApplicationExamples\MVVM.CEFGlue.UI2\MVVM.Cef.Glue.UI2.csproj", "{38FF36EE-304F-45E0-AFA7-F070CDE959E8}"
EndProject
Project("{FAE04EC0-301F-11D3-BF4B-00C04F79EFBC}") = "MVVM.Cef.Glue.UI.SelectedItems", "ApplicationExamples\MVVM.CEFGlue.UI.SelectedItems\MVVM.Cef.Glue.UI.SelectedItems.csproj", "{FEF389FD-A0B8-4BFD-9A8C-DE1203D6FAB0}"
EndProject
Project("{FAE04EC0-301F-11D3-BF4B-00C04F79EFBC}") = "MVVM.Cef.Glue.UI.Navigation", "ApplicationExamples\MVVM.CEFGlue.UI.Navigation\MVVM.Cef.Glue.UI.Navigation.csproj", "{129B5DE2-523B-48EA-8676-1291D9A4DE0C}"
EndProject
Project("{FAE04EC0-301F-11D3-BF4B-00C04F79EFBC}") = "MVVM.Cef.Glue.AnimatedNavigation", "ApplicationExamples\MVVM.CEFGlue.AnimatedNavigation\MVVM.Cef.Glue.AnimatedNavigation.csproj", "{890F0720-601B-4868-AD9A-9527CA9F0BAC}"
EndProject
Project("{FAE04EC0-301F-11D3-BF4B-00C04F79EFBC}") = "MVVM.Cef.Glue.UI", "ApplicationExamples\MVVM.CEFGlue.UI\MVVM.Cef.Glue.UI.csproj", "{83FD4663-5C46-4885-83DB-D65C99A1C9F0}"
EndProject
Project("{FAE04EC0-301F-11D3-BF4B-00C04F79EFBC}") = "MVVM.Cef.Glue.UI.Calendar", "ApplicationExamples\MVVM.CEFGlue.UI.Calendar\MVVM.Cef.Glue.UI.Calendar.csproj", "{C71C2BF7-52D2-4F69-AB7A-9B29EEA8DBB2}"
EndProject
Project("{FAE04EC0-301F-11D3-BF4B-00C04F79EFBC}") = "MVVM.Cef.Glue.UI.CollectionTest", "ApplicationExamples\MVVM.CEFGlue.UI.CollectionTest\MVVM.Cef.Glue.UI.CollectionTest.csproj", "{F3106EE2-0049-46EC-AF10-E346295F0B24}"
EndProject
Project("{FAE04EC0-301F-11D3-BF4B-00C04F79EFBC}") = "MVVM.Cef.Glue.Test", "Tests\MVVM.Cef.Glue.Test.csproj", "{84916CEB-FEF3-4A42-B1A0-7B43F3D88CCB}"
EndProject
Project("{FAE04EC0-301F-11D3-BF4B-00C04F79EFBC}") = "MVVM.ViewModel", "ViewModelExamples\MVVM.ViewModel.csproj", "{E35B9010-5429-4FFE-A788-E9C40E743E9C}"
EndProject
Project("{FAE04EC0-301F-11D3-BF4B-00C04F79EFBC}") = "MVVM.Cef.Glue", "MVVM.Cef.Glue\MVVM.Cef.Glue.csproj", "{447C6790-E36E-4A54-BFAC-06C92FFF4AA3}"
EndProject
Project("{FAE04EC0-301F-11D3-BF4B-00C04F79EFBC}") = "MVVM.HTML.Core", "MVVM.HTML.Core\MVVM.HTML.Core.csproj", "{9B18B122-A2FC-4537-AB68-5E1EC9959DB8}"
EndProject
Project("{FAE04EC0-301F-11D3-BF4B-00C04F79EFBC}") = "HTML_WPF.Component", "HTML.WPF.Component\HTML_WPF.Component.csproj", "{DCFC58E7-4D5B-43C5-827E-5D6F975F4995}"
EndProject
Project("{2150E333-8FDC-42A3-9474-1A3956D46DE8}") = ".nuget", ".nuget", "{994258EB-3B00-46FA-AD08-C1FF08DA4D3B}"
	ProjectSection(SolutionItems) = preProject
		.nuget\packages.config = .nuget\packages.config
	EndProjectSection
EndProject
Project("{FAE04EC0-301F-11D3-BF4B-00C04F79EFBC}") = "MVVM.Awesomium", "MVVM.Awesomium\MVVM.Awesomium.csproj", "{52FB8303-7251-4F31-A491-CC30347274D7}"
EndProject
Project("{FAE04EC0-301F-11D3-BF4B-00C04F79EFBC}") = "MVVM_Awesonium_UI", "MVVM_Awesonium_UI\MVVM_Awesonium_UI.csproj", "{723A4723-FAE8-4B50-B061-A4C599F4722E}"
EndProject
Project("{FAE04EC0-301F-11D3-BF4B-00C04F79EFBC}") = "MVVM.Component.Test", "MVVM.Component.Test\MVVM.Component.Test.csproj", "{371234C6-4903-4F7D-8283-C0F8DBEF8755}"
EndProject
Global
	GlobalSection(SolutionConfigurationPlatforms) = preSolution
		Debug|Any CPU = Debug|Any CPU
		Debug|Mixed Platforms = Debug|Mixed Platforms
		Debug|x86 = Debug|x86
		Release|Any CPU = Release|Any CPU
		Release|Mixed Platforms = Release|Mixed Platforms
		Release|x86 = Release|x86
	EndGlobalSection
	GlobalSection(ProjectConfigurationPlatforms) = postSolution
		{94FF7C56-B2B3-4E56-8E6F-8401E3E224EB}.Debug|Any CPU.ActiveCfg = Debug|Any CPU
		{94FF7C56-B2B3-4E56-8E6F-8401E3E224EB}.Debug|Any CPU.Build.0 = Debug|Any CPU
		{94FF7C56-B2B3-4E56-8E6F-8401E3E224EB}.Debug|Mixed Platforms.ActiveCfg = Debug|x86
		{94FF7C56-B2B3-4E56-8E6F-8401E3E224EB}.Debug|Mixed Platforms.Build.0 = Debug|x86
		{94FF7C56-B2B3-4E56-8E6F-8401E3E224EB}.Debug|x86.ActiveCfg = Debug|x86
		{94FF7C56-B2B3-4E56-8E6F-8401E3E224EB}.Debug|x86.Build.0 = Debug|x86
		{94FF7C56-B2B3-4E56-8E6F-8401E3E224EB}.Release|Any CPU.ActiveCfg = Release|Any CPU
		{94FF7C56-B2B3-4E56-8E6F-8401E3E224EB}.Release|Any CPU.Build.0 = Release|Any CPU
		{94FF7C56-B2B3-4E56-8E6F-8401E3E224EB}.Release|Mixed Platforms.ActiveCfg = Release|Any CPU
		{94FF7C56-B2B3-4E56-8E6F-8401E3E224EB}.Release|Mixed Platforms.Build.0 = Release|Any CPU
		{94FF7C56-B2B3-4E56-8E6F-8401E3E224EB}.Release|x86.ActiveCfg = Release|x86
		{94FF7C56-B2B3-4E56-8E6F-8401E3E224EB}.Release|x86.Build.0 = Release|x86
		{CD1977DD-3299-46CE-8550-C11F1E9F0F7C}.Debug|Any CPU.ActiveCfg = Debug|Any CPU
		{CD1977DD-3299-46CE-8550-C11F1E9F0F7C}.Debug|Any CPU.Build.0 = Debug|Any CPU
		{CD1977DD-3299-46CE-8550-C11F1E9F0F7C}.Debug|Mixed Platforms.ActiveCfg = Debug|x86
		{CD1977DD-3299-46CE-8550-C11F1E9F0F7C}.Debug|Mixed Platforms.Build.0 = Debug|x86
		{CD1977DD-3299-46CE-8550-C11F1E9F0F7C}.Debug|x86.ActiveCfg = Debug|x86
		{CD1977DD-3299-46CE-8550-C11F1E9F0F7C}.Debug|x86.Build.0 = Debug|x86
		{CD1977DD-3299-46CE-8550-C11F1E9F0F7C}.Release|Any CPU.ActiveCfg = Release|Any CPU
		{CD1977DD-3299-46CE-8550-C11F1E9F0F7C}.Release|Any CPU.Build.0 = Release|Any CPU
		{CD1977DD-3299-46CE-8550-C11F1E9F0F7C}.Release|Mixed Platforms.ActiveCfg = Release|Any CPU
		{CD1977DD-3299-46CE-8550-C11F1E9F0F7C}.Release|Mixed Platforms.Build.0 = Release|Any CPU
		{CD1977DD-3299-46CE-8550-C11F1E9F0F7C}.Release|x86.ActiveCfg = Release|x86
		{CD1977DD-3299-46CE-8550-C11F1E9F0F7C}.Release|x86.Build.0 = Release|x86
		{26203C44-279D-4BFE-B17A-F6ADA8D240ED}.Debug|Any CPU.ActiveCfg = Debug|Any CPU
		{26203C44-279D-4BFE-B17A-F6ADA8D240ED}.Debug|Any CPU.Build.0 = Debug|Any CPU
		{26203C44-279D-4BFE-B17A-F6ADA8D240ED}.Debug|Mixed Platforms.ActiveCfg = Debug|x86
		{26203C44-279D-4BFE-B17A-F6ADA8D240ED}.Debug|Mixed Platforms.Build.0 = Debug|x86
		{26203C44-279D-4BFE-B17A-F6ADA8D240ED}.Debug|x86.ActiveCfg = Debug|x86
		{26203C44-279D-4BFE-B17A-F6ADA8D240ED}.Debug|x86.Build.0 = Debug|x86
		{26203C44-279D-4BFE-B17A-F6ADA8D240ED}.Release|Any CPU.ActiveCfg = Release|Any CPU
		{26203C44-279D-4BFE-B17A-F6ADA8D240ED}.Release|Any CPU.Build.0 = Release|Any CPU
		{26203C44-279D-4BFE-B17A-F6ADA8D240ED}.Release|Mixed Platforms.ActiveCfg = Release|Any CPU
		{26203C44-279D-4BFE-B17A-F6ADA8D240ED}.Release|Mixed Platforms.Build.0 = Release|Any CPU
		{26203C44-279D-4BFE-B17A-F6ADA8D240ED}.Release|x86.ActiveCfg = Release|x86
		{26203C44-279D-4BFE-B17A-F6ADA8D240ED}.Release|x86.Build.0 = Release|x86
		{E63BD567-AEFC-4859-9F17-ED646D0D7044}.Debug|Any CPU.ActiveCfg = Debug|Any CPU
		{E63BD567-AEFC-4859-9F17-ED646D0D7044}.Debug|Any CPU.Build.0 = Debug|Any CPU
		{E63BD567-AEFC-4859-9F17-ED646D0D7044}.Debug|Mixed Platforms.ActiveCfg = Debug|x86
		{E63BD567-AEFC-4859-9F17-ED646D0D7044}.Debug|Mixed Platforms.Build.0 = Debug|x86
		{E63BD567-AEFC-4859-9F17-ED646D0D7044}.Debug|x86.ActiveCfg = Debug|x86
		{E63BD567-AEFC-4859-9F17-ED646D0D7044}.Debug|x86.Build.0 = Debug|x86
		{E63BD567-AEFC-4859-9F17-ED646D0D7044}.Release|Any CPU.ActiveCfg = Release|Any CPU
		{E63BD567-AEFC-4859-9F17-ED646D0D7044}.Release|Any CPU.Build.0 = Release|Any CPU
		{E63BD567-AEFC-4859-9F17-ED646D0D7044}.Release|Mixed Platforms.ActiveCfg = Release|Any CPU
		{E63BD567-AEFC-4859-9F17-ED646D0D7044}.Release|Mixed Platforms.Build.0 = Release|Any CPU
		{E63BD567-AEFC-4859-9F17-ED646D0D7044}.Release|x86.ActiveCfg = Release|x86
		{E63BD567-AEFC-4859-9F17-ED646D0D7044}.Release|x86.Build.0 = Release|x86
		{E24112F1-092C-4BDC-AAE3-59B8931DF642}.Debug|Any CPU.ActiveCfg = Debug|Any CPU
		{E24112F1-092C-4BDC-AAE3-59B8931DF642}.Debug|Any CPU.Build.0 = Debug|Any CPU
		{E24112F1-092C-4BDC-AAE3-59B8931DF642}.Debug|Mixed Platforms.ActiveCfg = Debug|x86
		{E24112F1-092C-4BDC-AAE3-59B8931DF642}.Debug|Mixed Platforms.Build.0 = Debug|x86
		{E24112F1-092C-4BDC-AAE3-59B8931DF642}.Debug|x86.ActiveCfg = Debug|x86
		{E24112F1-092C-4BDC-AAE3-59B8931DF642}.Debug|x86.Build.0 = Debug|x86
		{E24112F1-092C-4BDC-AAE3-59B8931DF642}.Release|Any CPU.ActiveCfg = Release|Any CPU
		{E24112F1-092C-4BDC-AAE3-59B8931DF642}.Release|Any CPU.Build.0 = Release|Any CPU
		{E24112F1-092C-4BDC-AAE3-59B8931DF642}.Release|Mixed Platforms.ActiveCfg = Release|Any CPU
		{E24112F1-092C-4BDC-AAE3-59B8931DF642}.Release|Mixed Platforms.Build.0 = Release|Any CPU
		{E24112F1-092C-4BDC-AAE3-59B8931DF642}.Release|x86.ActiveCfg = Release|x86
		{E24112F1-092C-4BDC-AAE3-59B8931DF642}.Release|x86.Build.0 = Release|x86
		{38FF36EE-304F-45E0-AFA7-F070CDE959E8}.Debug|Any CPU.ActiveCfg = Debug|Any CPU
		{38FF36EE-304F-45E0-AFA7-F070CDE959E8}.Debug|Any CPU.Build.0 = Debug|Any CPU
		{38FF36EE-304F-45E0-AFA7-F070CDE959E8}.Debug|Mixed Platforms.ActiveCfg = Debug|x86
		{38FF36EE-304F-45E0-AFA7-F070CDE959E8}.Debug|Mixed Platforms.Build.0 = Debug|x86
		{38FF36EE-304F-45E0-AFA7-F070CDE959E8}.Debug|x86.ActiveCfg = Debug|x86
		{38FF36EE-304F-45E0-AFA7-F070CDE959E8}.Debug|x86.Build.0 = Debug|x86
		{38FF36EE-304F-45E0-AFA7-F070CDE959E8}.Release|Any CPU.ActiveCfg = Release|Any CPU
		{38FF36EE-304F-45E0-AFA7-F070CDE959E8}.Release|Any CPU.Build.0 = Release|Any CPU
		{38FF36EE-304F-45E0-AFA7-F070CDE959E8}.Release|Mixed Platforms.ActiveCfg = Release|x86
		{38FF36EE-304F-45E0-AFA7-F070CDE959E8}.Release|Mixed Platforms.Build.0 = Release|x86
		{38FF36EE-304F-45E0-AFA7-F070CDE959E8}.Release|x86.ActiveCfg = Release|x86
		{38FF36EE-304F-45E0-AFA7-F070CDE959E8}.Release|x86.Build.0 = Release|x86
		{FEF389FD-A0B8-4BFD-9A8C-DE1203D6FAB0}.Debug|Any CPU.ActiveCfg = Debug|Any CPU
		{FEF389FD-A0B8-4BFD-9A8C-DE1203D6FAB0}.Debug|Any CPU.Build.0 = Debug|Any CPU
		{FEF389FD-A0B8-4BFD-9A8C-DE1203D6FAB0}.Debug|Mixed Platforms.ActiveCfg = Debug|x86
		{FEF389FD-A0B8-4BFD-9A8C-DE1203D6FAB0}.Debug|Mixed Platforms.Build.0 = Debug|x86
		{FEF389FD-A0B8-4BFD-9A8C-DE1203D6FAB0}.Debug|x86.ActiveCfg = Debug|x86
		{FEF389FD-A0B8-4BFD-9A8C-DE1203D6FAB0}.Debug|x86.Build.0 = Debug|x86
		{FEF389FD-A0B8-4BFD-9A8C-DE1203D6FAB0}.Release|Any CPU.ActiveCfg = Release|Any CPU
		{FEF389FD-A0B8-4BFD-9A8C-DE1203D6FAB0}.Release|Any CPU.Build.0 = Release|Any CPU
		{FEF389FD-A0B8-4BFD-9A8C-DE1203D6FAB0}.Release|Mixed Platforms.ActiveCfg = Release|x86
		{FEF389FD-A0B8-4BFD-9A8C-DE1203D6FAB0}.Release|Mixed Platforms.Build.0 = Release|x86
		{FEF389FD-A0B8-4BFD-9A8C-DE1203D6FAB0}.Release|x86.ActiveCfg = Release|x86
		{FEF389FD-A0B8-4BFD-9A8C-DE1203D6FAB0}.Release|x86.Build.0 = Release|x86
		{129B5DE2-523B-48EA-8676-1291D9A4DE0C}.Debug|Any CPU.ActiveCfg = Debug|Any CPU
		{129B5DE2-523B-48EA-8676-1291D9A4DE0C}.Debug|Any CPU.Build.0 = Debug|Any CPU
		{129B5DE2-523B-48EA-8676-1291D9A4DE0C}.Debug|Mixed Platforms.ActiveCfg = Debug|x86
		{129B5DE2-523B-48EA-8676-1291D9A4DE0C}.Debug|Mixed Platforms.Build.0 = Debug|x86
		{129B5DE2-523B-48EA-8676-1291D9A4DE0C}.Debug|x86.ActiveCfg = Debug|x86
		{129B5DE2-523B-48EA-8676-1291D9A4DE0C}.Debug|x86.Build.0 = Debug|x86
		{129B5DE2-523B-48EA-8676-1291D9A4DE0C}.Release|Any CPU.ActiveCfg = Release|Any CPU
		{129B5DE2-523B-48EA-8676-1291D9A4DE0C}.Release|Any CPU.Build.0 = Release|Any CPU
		{129B5DE2-523B-48EA-8676-1291D9A4DE0C}.Release|Mixed Platforms.ActiveCfg = Release|x86
		{129B5DE2-523B-48EA-8676-1291D9A4DE0C}.Release|Mixed Platforms.Build.0 = Release|x86
		{129B5DE2-523B-48EA-8676-1291D9A4DE0C}.Release|x86.ActiveCfg = Release|x86
		{129B5DE2-523B-48EA-8676-1291D9A4DE0C}.Release|x86.Build.0 = Release|x86
		{890F0720-601B-4868-AD9A-9527CA9F0BAC}.Debug|Any CPU.ActiveCfg = Debug|Any CPU
		{890F0720-601B-4868-AD9A-9527CA9F0BAC}.Debug|Any CPU.Build.0 = Debug|Any CPU
		{890F0720-601B-4868-AD9A-9527CA9F0BAC}.Debug|Mixed Platforms.ActiveCfg = Debug|x86
		{890F0720-601B-4868-AD9A-9527CA9F0BAC}.Debug|Mixed Platforms.Build.0 = Debug|x86
		{890F0720-601B-4868-AD9A-9527CA9F0BAC}.Debug|x86.ActiveCfg = Debug|x86
		{890F0720-601B-4868-AD9A-9527CA9F0BAC}.Debug|x86.Build.0 = Debug|x86
		{890F0720-601B-4868-AD9A-9527CA9F0BAC}.Release|Any CPU.ActiveCfg = Release|Any CPU
		{890F0720-601B-4868-AD9A-9527CA9F0BAC}.Release|Any CPU.Build.0 = Release|Any CPU
		{890F0720-601B-4868-AD9A-9527CA9F0BAC}.Release|Mixed Platforms.ActiveCfg = Release|Any CPU
		{890F0720-601B-4868-AD9A-9527CA9F0BAC}.Release|Mixed Platforms.Build.0 = Release|Any CPU
		{890F0720-601B-4868-AD9A-9527CA9F0BAC}.Release|x86.ActiveCfg = Release|x86
		{890F0720-601B-4868-AD9A-9527CA9F0BAC}.Release|x86.Build.0 = Release|x86
		{83FD4663-5C46-4885-83DB-D65C99A1C9F0}.Debug|Any CPU.ActiveCfg = Debug|Any CPU
		{83FD4663-5C46-4885-83DB-D65C99A1C9F0}.Debug|Any CPU.Build.0 = Debug|Any CPU
		{83FD4663-5C46-4885-83DB-D65C99A1C9F0}.Debug|Mixed Platforms.ActiveCfg = Debug|x86
		{83FD4663-5C46-4885-83DB-D65C99A1C9F0}.Debug|Mixed Platforms.Build.0 = Debug|x86
		{83FD4663-5C46-4885-83DB-D65C99A1C9F0}.Debug|x86.ActiveCfg = Debug|x86
		{83FD4663-5C46-4885-83DB-D65C99A1C9F0}.Debug|x86.Build.0 = Debug|x86
		{83FD4663-5C46-4885-83DB-D65C99A1C9F0}.Release|Any CPU.ActiveCfg = Release|Any CPU
		{83FD4663-5C46-4885-83DB-D65C99A1C9F0}.Release|Any CPU.Build.0 = Release|Any CPU
		{83FD4663-5C46-4885-83DB-D65C99A1C9F0}.Release|Mixed Platforms.ActiveCfg = Release|x86
		{83FD4663-5C46-4885-83DB-D65C99A1C9F0}.Release|Mixed Platforms.Build.0 = Release|x86
		{83FD4663-5C46-4885-83DB-D65C99A1C9F0}.Release|x86.ActiveCfg = Release|x86
		{83FD4663-5C46-4885-83DB-D65C99A1C9F0}.Release|x86.Build.0 = Release|x86
		{C71C2BF7-52D2-4F69-AB7A-9B29EEA8DBB2}.Debug|Any CPU.ActiveCfg = Debug|Any CPU
		{C71C2BF7-52D2-4F69-AB7A-9B29EEA8DBB2}.Debug|Any CPU.Build.0 = Debug|Any CPU
		{C71C2BF7-52D2-4F69-AB7A-9B29EEA8DBB2}.Debug|Mixed Platforms.ActiveCfg = Debug|x86
		{C71C2BF7-52D2-4F69-AB7A-9B29EEA8DBB2}.Debug|Mixed Platforms.Build.0 = Debug|x86
		{C71C2BF7-52D2-4F69-AB7A-9B29EEA8DBB2}.Debug|x86.ActiveCfg = Debug|x86
		{C71C2BF7-52D2-4F69-AB7A-9B29EEA8DBB2}.Debug|x86.Build.0 = Debug|x86
		{C71C2BF7-52D2-4F69-AB7A-9B29EEA8DBB2}.Release|Any CPU.ActiveCfg = Release|Any CPU
		{C71C2BF7-52D2-4F69-AB7A-9B29EEA8DBB2}.Release|Any CPU.Build.0 = Release|Any CPU
		{C71C2BF7-52D2-4F69-AB7A-9B29EEA8DBB2}.Release|Mixed Platforms.ActiveCfg = Release|x86
		{C71C2BF7-52D2-4F69-AB7A-9B29EEA8DBB2}.Release|Mixed Platforms.Build.0 = Release|x86
		{C71C2BF7-52D2-4F69-AB7A-9B29EEA8DBB2}.Release|x86.ActiveCfg = Release|x86
		{C71C2BF7-52D2-4F69-AB7A-9B29EEA8DBB2}.Release|x86.Build.0 = Release|x86
		{F3106EE2-0049-46EC-AF10-E346295F0B24}.Debug|Any CPU.ActiveCfg = Debug|Any CPU
		{F3106EE2-0049-46EC-AF10-E346295F0B24}.Debug|Any CPU.Build.0 = Debug|Any CPU
		{F3106EE2-0049-46EC-AF10-E346295F0B24}.Debug|Mixed Platforms.ActiveCfg = Debug|x86
		{F3106EE2-0049-46EC-AF10-E346295F0B24}.Debug|Mixed Platforms.Build.0 = Debug|x86
		{F3106EE2-0049-46EC-AF10-E346295F0B24}.Debug|x86.ActiveCfg = Debug|x86
		{F3106EE2-0049-46EC-AF10-E346295F0B24}.Debug|x86.Build.0 = Debug|x86
		{F3106EE2-0049-46EC-AF10-E346295F0B24}.Release|Any CPU.ActiveCfg = Release|Any CPU
		{F3106EE2-0049-46EC-AF10-E346295F0B24}.Release|Any CPU.Build.0 = Release|Any CPU
		{F3106EE2-0049-46EC-AF10-E346295F0B24}.Release|Mixed Platforms.ActiveCfg = Release|Any CPU
		{F3106EE2-0049-46EC-AF10-E346295F0B24}.Release|Mixed Platforms.Build.0 = Release|Any CPU
		{F3106EE2-0049-46EC-AF10-E346295F0B24}.Release|x86.ActiveCfg = Release|x86
		{F3106EE2-0049-46EC-AF10-E346295F0B24}.Release|x86.Build.0 = Release|x86
		{84916CEB-FEF3-4A42-B1A0-7B43F3D88CCB}.Debug|Any CPU.ActiveCfg = Debug|Any CPU
		{84916CEB-FEF3-4A42-B1A0-7B43F3D88CCB}.Debug|Any CPU.Build.0 = Debug|Any CPU
		{84916CEB-FEF3-4A42-B1A0-7B43F3D88CCB}.Debug|Mixed Platforms.ActiveCfg = Debug|x86
		{84916CEB-FEF3-4A42-B1A0-7B43F3D88CCB}.Debug|Mixed Platforms.Build.0 = Debug|x86
		{84916CEB-FEF3-4A42-B1A0-7B43F3D88CCB}.Debug|x86.ActiveCfg = Debug|x86
		{84916CEB-FEF3-4A42-B1A0-7B43F3D88CCB}.Debug|x86.Build.0 = Debug|x86
		{84916CEB-FEF3-4A42-B1A0-7B43F3D88CCB}.Release|Any CPU.ActiveCfg = Release|Any CPU
		{84916CEB-FEF3-4A42-B1A0-7B43F3D88CCB}.Release|Any CPU.Build.0 = Release|Any CPU
		{84916CEB-FEF3-4A42-B1A0-7B43F3D88CCB}.Release|Mixed Platforms.ActiveCfg = Release|x86
		{84916CEB-FEF3-4A42-B1A0-7B43F3D88CCB}.Release|Mixed Platforms.Build.0 = Release|x86
		{84916CEB-FEF3-4A42-B1A0-7B43F3D88CCB}.Release|x86.ActiveCfg = Release|x86
		{84916CEB-FEF3-4A42-B1A0-7B43F3D88CCB}.Release|x86.Build.0 = Release|x86
		{E35B9010-5429-4FFE-A788-E9C40E743E9C}.Debug|Any CPU.ActiveCfg = Debug|Any CPU
		{E35B9010-5429-4FFE-A788-E9C40E743E9C}.Debug|Any CPU.Build.0 = Debug|Any CPU
		{E35B9010-5429-4FFE-A788-E9C40E743E9C}.Debug|Mixed Platforms.ActiveCfg = Debug|x86
		{E35B9010-5429-4FFE-A788-E9C40E743E9C}.Debug|Mixed Platforms.Build.0 = Debug|x86
		{E35B9010-5429-4FFE-A788-E9C40E743E9C}.Debug|x86.ActiveCfg = Debug|x86
		{E35B9010-5429-4FFE-A788-E9C40E743E9C}.Debug|x86.Build.0 = Debug|x86
		{E35B9010-5429-4FFE-A788-E9C40E743E9C}.Release|Any CPU.ActiveCfg = Release|Any CPU
		{E35B9010-5429-4FFE-A788-E9C40E743E9C}.Release|Any CPU.Build.0 = Release|Any CPU
		{E35B9010-5429-4FFE-A788-E9C40E743E9C}.Release|Mixed Platforms.ActiveCfg = Release|x86
		{E35B9010-5429-4FFE-A788-E9C40E743E9C}.Release|Mixed Platforms.Build.0 = Release|x86
		{E35B9010-5429-4FFE-A788-E9C40E743E9C}.Release|x86.ActiveCfg = Release|x86
		{E35B9010-5429-4FFE-A788-E9C40E743E9C}.Release|x86.Build.0 = Release|x86
		{447C6790-E36E-4A54-BFAC-06C92FFF4AA3}.Debug|Any CPU.ActiveCfg = Debug|Any CPU
		{447C6790-E36E-4A54-BFAC-06C92FFF4AA3}.Debug|Any CPU.Build.0 = Debug|Any CPU
		{447C6790-E36E-4A54-BFAC-06C92FFF4AA3}.Debug|Mixed Platforms.ActiveCfg = Debug|x86
		{447C6790-E36E-4A54-BFAC-06C92FFF4AA3}.Debug|Mixed Platforms.Build.0 = Debug|x86
		{447C6790-E36E-4A54-BFAC-06C92FFF4AA3}.Debug|x86.ActiveCfg = Debug|x86
		{447C6790-E36E-4A54-BFAC-06C92FFF4AA3}.Debug|x86.Build.0 = Debug|x86
		{447C6790-E36E-4A54-BFAC-06C92FFF4AA3}.Release|Any CPU.ActiveCfg = Release|Any CPU
		{447C6790-E36E-4A54-BFAC-06C92FFF4AA3}.Release|Any CPU.Build.0 = Release|Any CPU
		{447C6790-E36E-4A54-BFAC-06C92FFF4AA3}.Release|Mixed Platforms.ActiveCfg = Release|x86
		{447C6790-E36E-4A54-BFAC-06C92FFF4AA3}.Release|Mixed Platforms.Build.0 = Release|x86
		{447C6790-E36E-4A54-BFAC-06C92FFF4AA3}.Release|x86.ActiveCfg = Release|x86
		{447C6790-E36E-4A54-BFAC-06C92FFF4AA3}.Release|x86.Build.0 = Release|x86
		{9B18B122-A2FC-4537-AB68-5E1EC9959DB8}.Debug|Any CPU.ActiveCfg = Debug|Any CPU
		{9B18B122-A2FC-4537-AB68-5E1EC9959DB8}.Debug|Any CPU.Build.0 = Debug|Any CPU
		{9B18B122-A2FC-4537-AB68-5E1EC9959DB8}.Debug|Mixed Platforms.ActiveCfg = Debug|x86
		{9B18B122-A2FC-4537-AB68-5E1EC9959DB8}.Debug|Mixed Platforms.Build.0 = Debug|x86
		{9B18B122-A2FC-4537-AB68-5E1EC9959DB8}.Debug|x86.ActiveCfg = Debug|x86
		{9B18B122-A2FC-4537-AB68-5E1EC9959DB8}.Debug|x86.Build.0 = Debug|x86
		{9B18B122-A2FC-4537-AB68-5E1EC9959DB8}.Release|Any CPU.ActiveCfg = Release|Any CPU
		{9B18B122-A2FC-4537-AB68-5E1EC9959DB8}.Release|Any CPU.Build.0 = Release|Any CPU
		{9B18B122-A2FC-4537-AB68-5E1EC9959DB8}.Release|Mixed Platforms.ActiveCfg = Release|x86
		{9B18B122-A2FC-4537-AB68-5E1EC9959DB8}.Release|Mixed Platforms.Build.0 = Release|x86
		{9B18B122-A2FC-4537-AB68-5E1EC9959DB8}.Release|x86.ActiveCfg = Release|x86
		{9B18B122-A2FC-4537-AB68-5E1EC9959DB8}.Release|x86.Build.0 = Release|x86
		{DCFC58E7-4D5B-43C5-827E-5D6F975F4995}.Debug|Any CPU.ActiveCfg = Debug|Any CPU
		{DCFC58E7-4D5B-43C5-827E-5D6F975F4995}.Debug|Any CPU.Build.0 = Debug|Any CPU
		{DCFC58E7-4D5B-43C5-827E-5D6F975F4995}.Debug|Mixed Platforms.ActiveCfg = Debug|x86
		{DCFC58E7-4D5B-43C5-827E-5D6F975F4995}.Debug|Mixed Platforms.Build.0 = Debug|x86
		{DCFC58E7-4D5B-43C5-827E-5D6F975F4995}.Debug|x86.ActiveCfg = Debug|x86
		{DCFC58E7-4D5B-43C5-827E-5D6F975F4995}.Debug|x86.Build.0 = Debug|x86
		{DCFC58E7-4D5B-43C5-827E-5D6F975F4995}.Release|Any CPU.ActiveCfg = Release|Any CPU
		{DCFC58E7-4D5B-43C5-827E-5D6F975F4995}.Release|Any CPU.Build.0 = Release|Any CPU
		{DCFC58E7-4D5B-43C5-827E-5D6F975F4995}.Release|Mixed Platforms.ActiveCfg = Release|Any CPU
		{DCFC58E7-4D5B-43C5-827E-5D6F975F4995}.Release|Mixed Platforms.Build.0 = Release|Any CPU
		{DCFC58E7-4D5B-43C5-827E-5D6F975F4995}.Release|x86.ActiveCfg = Release|x86
		{DCFC58E7-4D5B-43C5-827E-5D6F975F4995}.Release|x86.Build.0 = Release|x86
		{52FB8303-7251-4F31-A491-CC30347274D7}.Debug|Any CPU.ActiveCfg = Debug|Any CPU
		{52FB8303-7251-4F31-A491-CC30347274D7}.Debug|Any CPU.Build.0 = Debug|Any CPU
		{52FB8303-7251-4F31-A491-CC30347274D7}.Debug|Mixed Platforms.ActiveCfg = Debug|Any CPU
		{52FB8303-7251-4F31-A491-CC30347274D7}.Debug|Mixed Platforms.Build.0 = Debug|Any CPU
		{52FB8303-7251-4F31-A491-CC30347274D7}.Debug|x86.ActiveCfg = Debug|x86
		{52FB8303-7251-4F31-A491-CC30347274D7}.Debug|x86.Build.0 = Debug|x86
		{52FB8303-7251-4F31-A491-CC30347274D7}.Release|Any CPU.ActiveCfg = Release|Any CPU
		{52FB8303-7251-4F31-A491-CC30347274D7}.Release|Any CPU.Build.0 = Release|Any CPU
		{52FB8303-7251-4F31-A491-CC30347274D7}.Release|Mixed Platforms.ActiveCfg = Release|Any CPU
		{52FB8303-7251-4F31-A491-CC30347274D7}.Release|Mixed Platforms.Build.0 = Release|Any CPU
		{52FB8303-7251-4F31-A491-CC30347274D7}.Release|x86.ActiveCfg = Release|x86
		{52FB8303-7251-4F31-A491-CC30347274D7}.Release|x86.Build.0 = Release|x86
		{723A4723-FAE8-4B50-B061-A4C599F4722E}.Debug|Any CPU.ActiveCfg = Debug|Any CPU
		{723A4723-FAE8-4B50-B061-A4C599F4722E}.Debug|Any CPU.Build.0 = Debug|Any CPU
		{723A4723-FAE8-4B50-B061-A4C599F4722E}.Debug|Mixed Platforms.ActiveCfg = Debug|Any CPU
		{723A4723-FAE8-4B50-B061-A4C599F4722E}.Debug|Mixed Platforms.Build.0 = Debug|Any CPU
		{723A4723-FAE8-4B50-B061-A4C599F4722E}.Debug|x86.ActiveCfg = Debug|x86
		{723A4723-FAE8-4B50-B061-A4C599F4722E}.Debug|x86.Build.0 = Debug|x86
		{723A4723-FAE8-4B50-B061-A4C599F4722E}.Release|Any CPU.ActiveCfg = Release|Any CPU
		{723A4723-FAE8-4B50-B061-A4C599F4722E}.Release|Any CPU.Build.0 = Release|Any CPU
		{723A4723-FAE8-4B50-B061-A4C599F4722E}.Release|Mixed Platforms.ActiveCfg = Release|Any CPU
		{723A4723-FAE8-4B50-B061-A4C599F4722E}.Release|Mixed Platforms.Build.0 = Release|Any CPU
		{723A4723-FAE8-4B50-B061-A4C599F4722E}.Release|x86.ActiveCfg = Release|x86
		{723A4723-FAE8-4B50-B061-A4C599F4722E}.Release|x86.Build.0 = Release|x86
		{371234C6-4903-4F7D-8283-C0F8DBEF8755}.Debug|Any CPU.ActiveCfg = Debug|Any CPU
		{371234C6-4903-4F7D-8283-C0F8DBEF8755}.Debug|Any CPU.Build.0 = Debug|Any CPU
		{371234C6-4903-4F7D-8283-C0F8DBEF8755}.Debug|Mixed Platforms.ActiveCfg = Debug|Any CPU
		{371234C6-4903-4F7D-8283-C0F8DBEF8755}.Debug|Mixed Platforms.Build.0 = Debug|Any CPU
		{371234C6-4903-4F7D-8283-C0F8DBEF8755}.Debug|x86.ActiveCfg = Debug|x86
		{371234C6-4903-4F7D-8283-C0F8DBEF8755}.Debug|x86.Build.0 = Debug|x86
		{371234C6-4903-4F7D-8283-C0F8DBEF8755}.Release|Any CPU.ActiveCfg = Release|Any CPU
		{371234C6-4903-4F7D-8283-C0F8DBEF8755}.Release|Any CPU.Build.0 = Release|Any CPU
		{371234C6-4903-4F7D-8283-C0F8DBEF8755}.Release|Mixed Platforms.ActiveCfg = Release|Any CPU
		{371234C6-4903-4F7D-8283-C0F8DBEF8755}.Release|Mixed Platforms.Build.0 = Release|Any CPU
		{371234C6-4903-4F7D-8283-C0F8DBEF8755}.Release|x86.ActiveCfg = Release|Any CPU
	EndGlobalSection
	GlobalSection(SolutionProperties) = preSolution
		HideSolutionNode = FALSE
	EndGlobalSection
	GlobalSection(NestedProjects) = preSolution
		{94FF7C56-B2B3-4E56-8E6F-8401E3E224EB} = {0F0F34BE-CD06-4C13-967D-BB0760617486}
		{CD1977DD-3299-46CE-8550-C11F1E9F0F7C} = {0F0F34BE-CD06-4C13-967D-BB0760617486}
		{E63BD567-AEFC-4859-9F17-ED646D0D7044} = {0F0F34BE-CD06-4C13-967D-BB0760617486}
		{E24112F1-092C-4BDC-AAE3-59B8931DF642} = {0F0F34BE-CD06-4C13-967D-BB0760617486}
		{38FF36EE-304F-45E0-AFA7-F070CDE959E8} = {0F0F34BE-CD06-4C13-967D-BB0760617486}
		{FEF389FD-A0B8-4BFD-9A8C-DE1203D6FAB0} = {0F0F34BE-CD06-4C13-967D-BB0760617486}
		{129B5DE2-523B-48EA-8676-1291D9A4DE0C} = {0F0F34BE-CD06-4C13-967D-BB0760617486}
		{890F0720-601B-4868-AD9A-9527CA9F0BAC} = {0F0F34BE-CD06-4C13-967D-BB0760617486}
		{83FD4663-5C46-4885-83DB-D65C99A1C9F0} = {0F0F34BE-CD06-4C13-967D-BB0760617486}
		{C71C2BF7-52D2-4F69-AB7A-9B29EEA8DBB2} = {0F0F34BE-CD06-4C13-967D-BB0760617486}
		{F3106EE2-0049-46EC-AF10-E346295F0B24} = {0F0F34BE-CD06-4C13-967D-BB0760617486}
		{84916CEB-FEF3-4A42-B1A0-7B43F3D88CCB} = {B3321797-0DAA-40DF-ADD3-13AC511028EF}
		{E35B9010-5429-4FFE-A788-E9C40E743E9C} = {6F066820-11A1-4533-A8CF-C7E43891D2BD}
		{723A4723-FAE8-4B50-B061-A4C599F4722E} = {0F0F34BE-CD06-4C13-967D-BB0760617486}
		{371234C6-4903-4F7D-8283-C0F8DBEF8755} = {B3321797-0DAA-40DF-ADD3-13AC511028EF}
	EndGlobalSection
	GlobalSection(CodealikeProperties) = postSolution
		SolutionGuid = 21ee2d50-c4fe-49f3-a899-1dc535d57fcf
	EndGlobalSection
EndGlobal
