
Microsoft Visual Studio Solution File, Format Version 12.00
# Visual Studio 14
VisualStudioVersion = 14.0.23107.0
MinimumVisualStudioVersion = 10.0.40219.1
Project("{2150E333-8FDC-42A3-9474-1A3956D46DE8}") = "Examples", "Examples", "{0F0F34BE-CD06-4C13-967D-BB0760617486}"
EndProject
Project("{2150E333-8FDC-42A3-9474-1A3956D46DE8}") = "Tests", "Tests", "{B3321797-0DAA-40DF-ADD3-13AC511028EF}"
	ProjectSection(SolutionItems) = preProject
		test.runsettings = test.runsettings
	EndProjectSection
EndProject
Project("{FAE04EC0-301F-11D3-BF4B-00C04F79EFBC}") = "Neutronium.MVVMComponents", "Neutronium.MVVMComponents\Neutronium.MVVMComponents.csproj", "{26203C44-279D-4BFE-B17A-F6ADA8D240ED}"
EndProject
Project("{FAE04EC0-301F-11D3-BF4B-00C04F79EFBC}") = "Neutronium.Example.ViewModel", "Examples\Neutronium.Example.ViewModel\Neutronium.Example.ViewModel.csproj", "{E35B9010-5429-4FFE-A788-E9C40E743E9C}"
EndProject
Project("{FAE04EC0-301F-11D3-BF4B-00C04F79EFBC}") = "Neutronium.Core", "Neutronium.Core\Neutronium.Core.csproj", "{9B18B122-A2FC-4537-AB68-5E1EC9959DB8}"
EndProject
Project("{FAE04EC0-301F-11D3-BF4B-00C04F79EFBC}") = "Neutronium.WPF", "Neutronium.WPF\Neutronium.WPF.csproj", "{DCFC58E7-4D5B-43C5-827E-5D6F975F4995}"
EndProject
Project("{2150E333-8FDC-42A3-9474-1A3956D46DE8}") = ".nuget", ".nuget", "{994258EB-3B00-46FA-AD08-C1FF08DA4D3B}"
	ProjectSection(SolutionItems) = preProject
		.nuget\packages.config = .nuget\packages.config
	EndProjectSection
EndProject
Project("{FAE04EC0-301F-11D3-BF4B-00C04F79EFBC}") = "Neutronium.Components.Test", "Tests\Neutronium.Components.Test\Neutronium.Components.Test.csproj", "{371234C6-4903-4F7D-8283-C0F8DBEF8755}"
EndProject
Project("{FAE04EC0-301F-11D3-BF4B-00C04F79EFBC}") = "Neutronium.Core.Test", "Tests\Neutronium.Core.Test\Neutronium.Core.Test.csproj", "{A766AC1E-10FD-4D77-A95F-F1974FB0FEFC}"
EndProject
Project("{2150E333-8FDC-42A3-9474-1A3956D46DE8}") = "Awesomium", "Awesomium", "{32F3DC7E-FAD4-4EE5-B74D-4636F8856BA0}"
EndProject
Project("{FAE04EC0-301F-11D3-BF4B-00C04F79EFBC}") = "Infra", "Tests\Awesomium\MVVM.Awesomium.TestInfra\Infra.csproj", "{8955B9F6-B6E5-4FEF-A5AB-90C35AFB9CC6}"
EndProject
Project("{2150E333-8FDC-42A3-9474-1A3956D46DE8}") = "CefGlue", "CefGlue", "{4C68FD1C-FAB9-4CBC-B400-529CC0B0D5D0}"
EndProject
Project("{FAE04EC0-301F-11D3-BF4B-00C04F79EFBC}") = "Infra", "Tests\CefGlue\CefGlue.TestInfra\Infra.csproj", "{947CC0FA-7F1C-4CF9-A908-1A29ED232F19}"
EndProject
Project("{2150E333-8FDC-42A3-9474-1A3956D46DE8}") = "ChromiumFX", "ChromiumFX", "{3C1F3260-722C-4C57-93F6-DB044D7E73E4}"
EndProject
Project("{2150E333-8FDC-42A3-9474-1A3956D46DE8}") = "WebBrowserEngine", "WebBrowserEngine", "{0F9021F8-1144-4805-908D-8BE3F61B8489}"
EndProject
Project("{2150E333-8FDC-42A3-9474-1A3956D46DE8}") = "ChromiumFX", "ChromiumFX", "{F143A8A5-F7F5-4860-99F8-574788EB6D98}"
EndProject
Project("{FAE04EC0-301F-11D3-BF4B-00C04F79EFBC}") = "ChromiumFXRenderProcess", "WebBrowserEngine\ChromiumFX\ChromiumFXRenderProcess\ChromiumFXRenderProcess.csproj", "{5A202154-9F9A-47CF-A7A5-4DF6DA026076}"
EndProject
Project("{FAE04EC0-301F-11D3-BF4B-00C04F79EFBC}") = "Neutronium.WebBrowserEngine.ChromiumFx", "WebBrowserEngine\ChromiumFX\HTMEngine.ChromiumFX\Neutronium.WebBrowserEngine.ChromiumFx.csproj", "{E619F232-D964-4CDB-9A9C-DFB44E32C36F}"
EndProject
Project("{2150E333-8FDC-42A3-9474-1A3956D46DE8}") = "CefGlue", "CefGlue", "{C563BA79-74E4-4600-9008-4FC4ABA8C329}"
EndProject
Project("{FAE04EC0-301F-11D3-BF4B-00C04F79EFBC}") = "Neutronium.WebBrowserEngine.CefGlue", "WebBrowserEngine\CefGlue\HTMLEngine.CefGlue\Neutronium.WebBrowserEngine.CefGlue.csproj", "{CE4F4133-789F-420D-941D-18DA08B140FF}"
EndProject
Project("{2150E333-8FDC-42A3-9474-1A3956D46DE8}") = "Awesomium", "Awesomium", "{32B7093F-0738-400D-A21E-AC0512038679}"
EndProject
Project("{FAE04EC0-301F-11D3-BF4B-00C04F79EFBC}") = "Neutronium.WebBrowserEngine.Awesomium", "WebBrowserEngine\Awesomium\HTMLEngine.Awesomium\Neutronium.WebBrowserEngine.Awesomium.csproj", "{92B20870-AD65-4AE8-BB1E-4D11B922A135}"
EndProject
Project("{2150E333-8FDC-42A3-9474-1A3956D46DE8}") = "JavascriptFramework", "JavascriptFramework", "{45DFFB49-44B9-49C6-8C5B-1B928366A462}"
EndProject
Project("{FAE04EC0-301F-11D3-BF4B-00C04F79EFBC}") = "Neutronium.JavascriptFramework.Knockout", "JavascriptFramework\Knockout\Neutronium.JavascriptFramework.Knockout.csproj", "{AF41D637-D053-4FDE-9D8A-96106CCBD19E}"
EndProject
Project("{FAE04EC0-301F-11D3-BF4B-00C04F79EFBC}") = "Neutronium.WPF.Test", "Tests\Neutronium.WPF.Test\Neutronium.WPF.Test.csproj", "{B58A7D48-F3E7-47D5-80C1-0A905612EC6F}"
EndProject
Project("{FAE04EC0-301F-11D3-BF4B-00C04F79EFBC}") = "Neutronium.JavascriptFramework.Vue", "JavascriptFramework\Vue\Neutronium.JavascriptFramework.Vue.csproj", "{9E31DE95-4FBE-4D91-93CD-5CA14F6FD0FB}"
EndProject
Project("{FAE04EC0-301F-11D3-BF4B-00C04F79EFBC}") = "Example.CefGlue.Ko.SimpleUI", "Examples\Example.CefGlue.Ko.SimpleUI\Example.CefGlue.Ko.SimpleUI.csproj", "{C872C8E9-D0B9-47AA-9AEA-6556A01BA1F0}"
EndProject
Project("{FAE04EC0-301F-11D3-BF4B-00C04F79EFBC}") = "Example.CefGlue.Ko.NestedVmUI", "Examples\Example.CefGlue.Ko.NestedVmUI\Example.CefGlue.Ko.NestedVmUI.csproj", "{DACCBE49-211A-4288-B03D-5AA0370EB6BC}"
EndProject
Project("{FAE04EC0-301F-11D3-BF4B-00C04F79EFBC}") = "Example.ChromiumFX.Ko.UI", "Examples\Example.ChromiumFX.Ko.UI\Example.ChromiumFX.Ko.UI.csproj", "{34B6AD94-23B2-4808-BB6D-988A063711D4}"
EndProject
Project("{FAE04EC0-301F-11D3-BF4B-00C04F79EFBC}") = "Example.ChromiumFX.Vue.UI", "Examples\Example.ChromiumFX.Vue.UI\Example.ChromiumFX.Vue.UI.csproj", "{3BB8BB87-A904-45CC-83BD-178D34200E81}"
EndProject
Project("{FAE04EC0-301F-11D3-BF4B-00C04F79EFBC}") = "Example.Awesomium.CefGlue.Ko.SimpleUI", "Examples\Example.Awesomium.CefGlue.Ko.SimpleUI\Example.Awesomium.CefGlue.Ko.SimpleUI.csproj", "{DAE5BAA8-13A2-4B62-98F9-AACB86233789}"
EndProject
Project("{FAE04EC0-301F-11D3-BF4B-00C04F79EFBC}") = "Example.CefGlue.Ko.Calendar", "Examples\Example.CefGlue.Ko.Calendar\Example.CefGlue.Ko.Calendar.csproj", "{C71C2BF7-52D2-4F69-AB7A-9B29EEA8DBB2}"
EndProject
Project("{FAE04EC0-301F-11D3-BF4B-00C04F79EFBC}") = "Example.CefGlue.Ko.Navigation", "Examples\Example.CefGlue.Ko.Navigation\Example.CefGlue.Ko.Navigation.csproj", "{890F0720-601B-4868-AD9A-9527CA9F0BAC}"
EndProject
Project("{FAE04EC0-301F-11D3-BF4B-00C04F79EFBC}") = "Example.CefGlue.Ko.CollectionTest", "Examples\Example.CefGlue.Ko.CollectionTest\Example.CefGlue.Ko.CollectionTest.csproj", "{F3106EE2-0049-46EC-AF10-E346295F0B24}"
EndProject
Project("{FAE04EC0-301F-11D3-BF4B-00C04F79EFBC}") = "Example.CefGlue.Ko.BasicNavigation", "Examples\Example.CefGlue.Ko.BasicNavigation\Example.CefGlue.Ko.BasicNavigation.csproj", "{129B5DE2-523B-48EA-8676-1291D9A4DE0C}"
EndProject
Project("{FAE04EC0-301F-11D3-BF4B-00C04F79EFBC}") = "Example.CefGlue.Ko.SelectedItems", "Examples\Example.CefGlue.Ko.SelectedItems\Example.CefGlue.Ko.SelectedItems.csproj", "{FEF389FD-A0B8-4BFD-9A8C-DE1203D6FAB0}"
EndProject
Project("{FAE04EC0-301F-11D3-BF4B-00C04F79EFBC}") = "Example.ChromiumFX.Vue.Infra", "Examples\Example.ChromiumFX.Vue.Infra\Example.ChromiumFX.Vue.Infra.csproj", "{C769E3AD-E82E-4E2F-BC4C-C92CA572C2ED}"
EndProject
Project("{FAE04EC0-301F-11D3-BF4B-00C04F79EFBC}") = "Example.CefGlue.Ko.ParentEventBinding", "Examples\Example.CefGlue.Ko.ParentEventBinding\Example.CefGlue.Ko.ParentEventBinding.csproj", "{E24112F1-092C-4BDC-AAE3-59B8931DF642}"
EndProject
Project("{FAE04EC0-301F-11D3-BF4B-00C04F79EFBC}") = "Example.CefGlue.Ko.PromiseDemo", "Examples\Example.CefGlue.Ko.PromiseDemo\Example.CefGlue.Ko.PromiseDemo.csproj", "{E63BD567-AEFC-4859-9F17-ED646D0D7044}"
EndProject
Project("{FAE04EC0-301F-11D3-BF4B-00C04F79EFBC}") = "Example.CefGlue.Ko.Infra", "Examples\Example.CefGlue.Ko.Infra\Example.CefGlue.Ko.Infra.csproj", "{AABC737D-3FEE-4066-A90D-D00002404FEB}"
EndProject
Project("{FAE04EC0-301F-11D3-BF4B-00C04F79EFBC}") = "Example.ChromiumFX.Vue.Collection", "Examples\Example.ChromiumFX.Vue.Collection\Example.ChromiumFX.Vue.Collection.csproj", "{AA253C28-62CC-4DA7-A5E7-F112B6A7DD1F}"
EndProject
Project("{2150E333-8FDC-42A3-9474-1A3956D46DE8}") = "JavascriptFrameworks", "JavascriptFrameworks", "{1E5217FA-DD2E-4228-910C-7E8F7849BA85}"
EndProject
Project("{2150E333-8FDC-42A3-9474-1A3956D46DE8}") = "Infra", "Infra", "{95F6E684-BFA1-4208-9B8D-99BF3EB5FE43}"
EndProject
Project("{FAE04EC0-301F-11D3-BF4B-00C04F79EFBC}") = "JavascriptFrameworkTesterHelper", "Tests\Infra\Tests.Infra.JavascriptEngineTesterHelper\JavascriptFrameworkTesterHelper.csproj", "{25EC8826-104C-4346-B648-CF7AB591399A}"
EndProject
Project("{FAE04EC0-301F-11D3-BF4B-00C04F79EFBC}") = "WebBrowserEngineTesterHelper", "Tests\Infra\Tests.Infra.HTMLEngineTesterHelper\WebBrowserEngineTesterHelper.csproj", "{335A20F1-F421-4EB1-9961-EE487350818E}"
EndProject
Project("{FAE04EC0-301F-11D3-BF4B-00C04F79EFBC}") = "IntegratedContextTesterHelper", "Tests\Infra\Tests.Infra.IntegratedContextTesterHelper.Window\IntegratedContextTesterHelper.csproj", "{614BBB6D-D7C4-494A-929E-067EE62573CE}"
EndProject
Project("{2150E333-8FDC-42A3-9474-1A3956D46DE8}") = "Tests", "Tests", "{0BFA5CDC-1C54-4682-A4AB-934D0A14F3E1}"
EndProject
Project("{FAE04EC0-301F-11D3-BF4B-00C04F79EFBC}") = "Infra.Tests", "Tests\Infra\Tests\Tests.Infra.Tests\Infra.Tests.csproj", "{D1B3B964-4EF6-4986-9F30-E87ABA37D11D}"
EndProject
Project("{2150E333-8FDC-42A3-9474-1A3956D46DE8}") = "UniversalTests", "UniversalTests", "{D4977B2A-E4D4-4E9F-A2BF-2EAD13CAA5E6}"
EndProject
Project("{FAE04EC0-301F-11D3-BF4B-00C04F79EFBC}") = "WebBrowserEngineTests", "Tests\UniversalTests\Tests.Universal.HTLMEngineTests\WebBrowserEngineTests.csproj", "{440A6F09-63E4-4BDA-BEF4-BEAF02A8EE30}"
EndProject
Project("{FAE04EC0-301F-11D3-BF4B-00C04F79EFBC}") = "Infra", "Tests\ChromiumFX\Tests.ChromiumFX.Infra\Infra.csproj", "{A82D4195-0F75-48B3-8E43-5BE90D061C6C}"
EndProject
Project("{FAE04EC0-301F-11D3-BF4B-00C04F79EFBC}") = "WebBrowserEngineTests", "Tests\ChromiumFX\Tests.ChromiumFX.HTLMEngineTests\WebBrowserEngineTests.csproj", "{0D2B555B-3DF7-460B-843B-F9F3145135BD}"
EndProject
Project("{2150E333-8FDC-42A3-9474-1A3956D46DE8}") = "WebBrowserEngines", "WebBrowserEngines", "{7A86C107-E1C7-4F1C-8FBF-7339F7623EF6}"
EndProject
Project("{FAE04EC0-301F-11D3-BF4B-00C04F79EFBC}") = "WebBrowserEngineTests", "Tests\CefGlue\HTLMEngineTests\WebBrowserEngineTests.csproj", "{E489B2FD-DD99-4276-BD33-51099ACA0970}"
EndProject
Project("{FAE04EC0-301F-11D3-BF4B-00C04F79EFBC}") = "WebBrowserEngineTests", "Tests\Awesomium\HTMLEngineTests\WebBrowserEngineTests.csproj", "{BA9E21FA-3267-4B69-BB72-ABA196F715B4}"
EndProject
Project("{FAE04EC0-301F-11D3-BF4B-00C04F79EFBC}") = "HTMLBindingTests", "Tests\UniversalTests\HTMLBindingTests\HTMLBindingTests.csproj", "{2001FC2C-5166-4828-A47D-AB6D455A634B}"
EndProject
Project("{2150E333-8FDC-42A3-9474-1A3956D46DE8}") = "knockout", "knockout", "{6F94F3CE-82AD-49C3-863A-6F4DC1D77DDC}"
EndProject
Project("{2150E333-8FDC-42A3-9474-1A3956D46DE8}") = "Vue", "Vue", "{FF87583F-5849-4394-8569-F915AD73D060}"
EndProject
Project("{FAE04EC0-301F-11D3-BF4B-00C04F79EFBC}") = "KnockoutFramework.Test", "Tests\JavascriptEngine\Knockout\KnockoutUIFramework.Test\KnockoutFramework.Test.csproj", "{3A9A7BF2-46AB-46B6-AF62-9822181CF6CA}"
EndProject
Project("{FAE04EC0-301F-11D3-BF4B-00C04F79EFBC}") = "VueFramework.Test", "Tests\JavascriptEngine\Vuejs\VueUiFramework.Test\VueFramework.Test.csproj", "{80D4F5CA-1065-4487-8FDE-9FEE9821716C}"
EndProject
Project("{FAE04EC0-301F-11D3-BF4B-00C04F79EFBC}") = "Ko.Binding.Awesomium.Tests", "Tests\JavascriptEngine\Knockout\Ko.Binding.Awesomium.Tests\Ko.Binding.Awesomium.Tests.csproj", "{718C5421-B0C6-493A-91FA-471B9C48883E}"
EndProject
Project("{FAE04EC0-301F-11D3-BF4B-00C04F79EFBC}") = "ko.Binding.CefGlue.Tests", "Tests\JavascriptEngine\Knockout\Ko.Binding.CefGlue.Tests\ko.Binding.CefGlue.Tests.csproj", "{D7C663BD-E6BA-45F6-91C3-11450CEE7FC3}"
EndProject
Project("{FAE04EC0-301F-11D3-BF4B-00C04F79EFBC}") = "Ko.Binding.ChromiumFx.Tests", "Tests\JavascriptEngine\Knockout\Ko.Binding.ChromiumFx.Tests\Ko.Binding.ChromiumFx.Tests.csproj", "{8011F38B-5A4B-4FE7-8E1B-BD9D14905FFC}"
EndProject
Project("{FAE04EC0-301F-11D3-BF4B-00C04F79EFBC}") = "ko.Navigation.Awesomium.Tests", "Tests\JavascriptEngine\Knockout\Ko.Navigation.Awesomium.Tests\ko.Navigation.Awesomium.Tests.csproj", "{5D68EFC4-EE17-4754-BBF8-8CFF06B59F12}"
EndProject
Project("{FAE04EC0-301F-11D3-BF4B-00C04F79EFBC}") = "NavigationTests", "Tests\UniversalTests\NavigationTests\NavigationTests.csproj", "{6469A920-5763-4853-858D-455FA43894B8}"
EndProject
Project("{FAE04EC0-301F-11D3-BF4B-00C04F79EFBC}") = "Ko.Navigation.CefGlue.Tests", "Tests\JavascriptEngine\Knockout\Ko.Navigation.CefGlue.Tests\Ko.Navigation.CefGlue.Tests.csproj", "{4E89A142-E8E6-4936-A76E-7AB40867BF4F}"
EndProject
Project("{FAE04EC0-301F-11D3-BF4B-00C04F79EFBC}") = "Ko.Navigation.ChromiumFx.Tests", "Tests\JavascriptEngine\Knockout\Ko.Navigation.ChromiumFx.Tests\Ko.Navigation.ChromiumFx.Tests.csproj", "{77586540-30D1-4A2E-B42D-DADA1738BB0A}"
EndProject
Project("{FAE04EC0-301F-11D3-BF4B-00C04F79EFBC}") = "Vue.Binding.CefGlue.Tests", "Tests\JavascriptEngine\Vuejs\Vue.Binding.CefGlue.Tests\Vue.Binding.CefGlue.Tests.csproj", "{BD6DC847-5389-47AB-9F7C-0D25CA59C7EB}"
EndProject
Project("{FAE04EC0-301F-11D3-BF4B-00C04F79EFBC}") = "Vue.Binding.ChromiumFx.Tests", "Tests\JavascriptEngine\Vuejs\Vue.Binding.ChromiumFx.Tests\Vue.Binding.ChromiumFx.Tests.csproj", "{2536113C-36B7-4537-B1F0-22FCA97006AB}"
EndProject
Project("{FAE04EC0-301F-11D3-BF4B-00C04F79EFBC}") = "Vue.Navigation.ChromiumFx.Tests", "Tests\JavascriptEngine\Vuejs\Vue.Navigation.ChromiumFx.Tests\Vue.Navigation.ChromiumFx.Tests.csproj", "{2CDD21B9-CEE4-416C-A0FA-19364A795AC6}"
EndProject
Project("{FAE04EC0-301F-11D3-BF4B-00C04F79EFBC}") = "Example.ChromiumFx.Vue.Navigation", "Examples\Example.CefGlue.Vue.Navigation\Example.ChromiumFx.Vue.Navigation.csproj", "{ED49D168-61BA-402C-863A-2F1A94774375}"
EndProject
Global
	GlobalSection(SolutionConfigurationPlatforms) = preSolution
		Debug|Any CPU = Debug|Any CPU
		Debug|Mixed Platforms = Debug|Mixed Platforms
		Debug|x64 = Debug|x64
		Debug|x86 = Debug|x86
		Release|Any CPU = Release|Any CPU
		Release|Mixed Platforms = Release|Mixed Platforms
		Release|x64 = Release|x64
		Release|x86 = Release|x86
	EndGlobalSection
	GlobalSection(ProjectConfigurationPlatforms) = postSolution
		{26203C44-279D-4BFE-B17A-F6ADA8D240ED}.Debug|Any CPU.ActiveCfg = Debug|Any CPU
		{26203C44-279D-4BFE-B17A-F6ADA8D240ED}.Debug|Any CPU.Build.0 = Debug|Any CPU
		{26203C44-279D-4BFE-B17A-F6ADA8D240ED}.Debug|Mixed Platforms.ActiveCfg = Debug|x86
		{26203C44-279D-4BFE-B17A-F6ADA8D240ED}.Debug|Mixed Platforms.Build.0 = Debug|x86
		{26203C44-279D-4BFE-B17A-F6ADA8D240ED}.Debug|x64.ActiveCfg = Debug|Any CPU
		{26203C44-279D-4BFE-B17A-F6ADA8D240ED}.Debug|x64.Build.0 = Debug|Any CPU
		{26203C44-279D-4BFE-B17A-F6ADA8D240ED}.Debug|x86.ActiveCfg = Debug|x86
		{26203C44-279D-4BFE-B17A-F6ADA8D240ED}.Debug|x86.Build.0 = Debug|x86
		{26203C44-279D-4BFE-B17A-F6ADA8D240ED}.Release|Any CPU.ActiveCfg = Release|Any CPU
		{26203C44-279D-4BFE-B17A-F6ADA8D240ED}.Release|Any CPU.Build.0 = Release|Any CPU
		{26203C44-279D-4BFE-B17A-F6ADA8D240ED}.Release|Mixed Platforms.ActiveCfg = Debug|x86
		{26203C44-279D-4BFE-B17A-F6ADA8D240ED}.Release|Mixed Platforms.Build.0 = Debug|x86
		{26203C44-279D-4BFE-B17A-F6ADA8D240ED}.Release|x64.ActiveCfg = Release|Any CPU
		{26203C44-279D-4BFE-B17A-F6ADA8D240ED}.Release|x64.Build.0 = Release|Any CPU
		{26203C44-279D-4BFE-B17A-F6ADA8D240ED}.Release|x86.ActiveCfg = Release|x86
		{26203C44-279D-4BFE-B17A-F6ADA8D240ED}.Release|x86.Build.0 = Release|x86
		{E35B9010-5429-4FFE-A788-E9C40E743E9C}.Debug|Any CPU.ActiveCfg = Debug|Any CPU
		{E35B9010-5429-4FFE-A788-E9C40E743E9C}.Debug|Any CPU.Build.0 = Debug|Any CPU
		{E35B9010-5429-4FFE-A788-E9C40E743E9C}.Debug|Mixed Platforms.ActiveCfg = Debug|x86
		{E35B9010-5429-4FFE-A788-E9C40E743E9C}.Debug|Mixed Platforms.Build.0 = Debug|x86
		{E35B9010-5429-4FFE-A788-E9C40E743E9C}.Debug|x64.ActiveCfg = Debug|Any CPU
		{E35B9010-5429-4FFE-A788-E9C40E743E9C}.Debug|x64.Build.0 = Debug|Any CPU
		{E35B9010-5429-4FFE-A788-E9C40E743E9C}.Debug|x86.ActiveCfg = Debug|x86
		{E35B9010-5429-4FFE-A788-E9C40E743E9C}.Debug|x86.Build.0 = Debug|x86
		{E35B9010-5429-4FFE-A788-E9C40E743E9C}.Release|Any CPU.ActiveCfg = Release|Any CPU
		{E35B9010-5429-4FFE-A788-E9C40E743E9C}.Release|Any CPU.Build.0 = Release|Any CPU
		{E35B9010-5429-4FFE-A788-E9C40E743E9C}.Release|Mixed Platforms.ActiveCfg = Debug|x86
		{E35B9010-5429-4FFE-A788-E9C40E743E9C}.Release|Mixed Platforms.Build.0 = Debug|x86
		{E35B9010-5429-4FFE-A788-E9C40E743E9C}.Release|x64.ActiveCfg = Release|Any CPU
		{E35B9010-5429-4FFE-A788-E9C40E743E9C}.Release|x64.Build.0 = Release|Any CPU
		{E35B9010-5429-4FFE-A788-E9C40E743E9C}.Release|x86.ActiveCfg = Release|x86
		{E35B9010-5429-4FFE-A788-E9C40E743E9C}.Release|x86.Build.0 = Release|x86
		{9B18B122-A2FC-4537-AB68-5E1EC9959DB8}.Debug|Any CPU.ActiveCfg = Debug|Any CPU
		{9B18B122-A2FC-4537-AB68-5E1EC9959DB8}.Debug|Any CPU.Build.0 = Debug|Any CPU
		{9B18B122-A2FC-4537-AB68-5E1EC9959DB8}.Debug|Mixed Platforms.ActiveCfg = Debug|x86
		{9B18B122-A2FC-4537-AB68-5E1EC9959DB8}.Debug|Mixed Platforms.Build.0 = Debug|x86
		{9B18B122-A2FC-4537-AB68-5E1EC9959DB8}.Debug|x64.ActiveCfg = Debug|Any CPU
		{9B18B122-A2FC-4537-AB68-5E1EC9959DB8}.Debug|x64.Build.0 = Debug|Any CPU
		{9B18B122-A2FC-4537-AB68-5E1EC9959DB8}.Debug|x86.ActiveCfg = Debug|x86
		{9B18B122-A2FC-4537-AB68-5E1EC9959DB8}.Debug|x86.Build.0 = Debug|x86
		{9B18B122-A2FC-4537-AB68-5E1EC9959DB8}.Release|Any CPU.ActiveCfg = Release|Any CPU
		{9B18B122-A2FC-4537-AB68-5E1EC9959DB8}.Release|Any CPU.Build.0 = Release|Any CPU
		{9B18B122-A2FC-4537-AB68-5E1EC9959DB8}.Release|Mixed Platforms.ActiveCfg = Debug|x86
		{9B18B122-A2FC-4537-AB68-5E1EC9959DB8}.Release|Mixed Platforms.Build.0 = Debug|x86
		{9B18B122-A2FC-4537-AB68-5E1EC9959DB8}.Release|x64.ActiveCfg = Release|Any CPU
		{9B18B122-A2FC-4537-AB68-5E1EC9959DB8}.Release|x64.Build.0 = Release|Any CPU
		{9B18B122-A2FC-4537-AB68-5E1EC9959DB8}.Release|x86.ActiveCfg = Release|x86
		{9B18B122-A2FC-4537-AB68-5E1EC9959DB8}.Release|x86.Build.0 = Release|x86
		{DCFC58E7-4D5B-43C5-827E-5D6F975F4995}.Debug|Any CPU.ActiveCfg = Debug|Any CPU
		{DCFC58E7-4D5B-43C5-827E-5D6F975F4995}.Debug|Any CPU.Build.0 = Debug|Any CPU
		{DCFC58E7-4D5B-43C5-827E-5D6F975F4995}.Debug|Mixed Platforms.ActiveCfg = Debug|x86
		{DCFC58E7-4D5B-43C5-827E-5D6F975F4995}.Debug|Mixed Platforms.Build.0 = Debug|x86
		{DCFC58E7-4D5B-43C5-827E-5D6F975F4995}.Debug|x64.ActiveCfg = Debug|Any CPU
		{DCFC58E7-4D5B-43C5-827E-5D6F975F4995}.Debug|x64.Build.0 = Debug|Any CPU
		{DCFC58E7-4D5B-43C5-827E-5D6F975F4995}.Debug|x86.ActiveCfg = Debug|x86
		{DCFC58E7-4D5B-43C5-827E-5D6F975F4995}.Debug|x86.Build.0 = Debug|x86
		{DCFC58E7-4D5B-43C5-827E-5D6F975F4995}.Release|Any CPU.ActiveCfg = Release|Any CPU
		{DCFC58E7-4D5B-43C5-827E-5D6F975F4995}.Release|Any CPU.Build.0 = Release|Any CPU
		{DCFC58E7-4D5B-43C5-827E-5D6F975F4995}.Release|Mixed Platforms.ActiveCfg = Debug|x86
		{DCFC58E7-4D5B-43C5-827E-5D6F975F4995}.Release|Mixed Platforms.Build.0 = Debug|x86
		{DCFC58E7-4D5B-43C5-827E-5D6F975F4995}.Release|x64.ActiveCfg = Release|Any CPU
		{DCFC58E7-4D5B-43C5-827E-5D6F975F4995}.Release|x64.Build.0 = Release|Any CPU
		{DCFC58E7-4D5B-43C5-827E-5D6F975F4995}.Release|x86.ActiveCfg = Release|x86
		{DCFC58E7-4D5B-43C5-827E-5D6F975F4995}.Release|x86.Build.0 = Release|x86
		{371234C6-4903-4F7D-8283-C0F8DBEF8755}.Debug|Any CPU.ActiveCfg = Debug|Any CPU
		{371234C6-4903-4F7D-8283-C0F8DBEF8755}.Debug|Any CPU.Build.0 = Debug|Any CPU
		{371234C6-4903-4F7D-8283-C0F8DBEF8755}.Debug|Mixed Platforms.ActiveCfg = Debug|x86
		{371234C6-4903-4F7D-8283-C0F8DBEF8755}.Debug|Mixed Platforms.Build.0 = Debug|x86
		{371234C6-4903-4F7D-8283-C0F8DBEF8755}.Debug|x64.ActiveCfg = Debug|Any CPU
		{371234C6-4903-4F7D-8283-C0F8DBEF8755}.Debug|x64.Build.0 = Debug|Any CPU
		{371234C6-4903-4F7D-8283-C0F8DBEF8755}.Debug|x86.ActiveCfg = Debug|x86
		{371234C6-4903-4F7D-8283-C0F8DBEF8755}.Debug|x86.Build.0 = Debug|x86
		{371234C6-4903-4F7D-8283-C0F8DBEF8755}.Release|Any CPU.ActiveCfg = Release|Any CPU
		{371234C6-4903-4F7D-8283-C0F8DBEF8755}.Release|Any CPU.Build.0 = Release|Any CPU
		{371234C6-4903-4F7D-8283-C0F8DBEF8755}.Release|Mixed Platforms.ActiveCfg = Debug|x86
		{371234C6-4903-4F7D-8283-C0F8DBEF8755}.Release|Mixed Platforms.Build.0 = Debug|x86
		{371234C6-4903-4F7D-8283-C0F8DBEF8755}.Release|x64.ActiveCfg = Release|Any CPU
		{371234C6-4903-4F7D-8283-C0F8DBEF8755}.Release|x64.Build.0 = Release|Any CPU
		{371234C6-4903-4F7D-8283-C0F8DBEF8755}.Release|x86.ActiveCfg = Release|x86
		{371234C6-4903-4F7D-8283-C0F8DBEF8755}.Release|x86.Build.0 = Release|x86
		{A766AC1E-10FD-4D77-A95F-F1974FB0FEFC}.Debug|Any CPU.ActiveCfg = Debug|Any CPU
		{A766AC1E-10FD-4D77-A95F-F1974FB0FEFC}.Debug|Any CPU.Build.0 = Debug|Any CPU
		{A766AC1E-10FD-4D77-A95F-F1974FB0FEFC}.Debug|Mixed Platforms.ActiveCfg = Debug|x86
		{A766AC1E-10FD-4D77-A95F-F1974FB0FEFC}.Debug|Mixed Platforms.Build.0 = Debug|x86
		{A766AC1E-10FD-4D77-A95F-F1974FB0FEFC}.Debug|x64.ActiveCfg = Debug|Any CPU
		{A766AC1E-10FD-4D77-A95F-F1974FB0FEFC}.Debug|x64.Build.0 = Debug|Any CPU
		{A766AC1E-10FD-4D77-A95F-F1974FB0FEFC}.Debug|x86.ActiveCfg = Debug|x86
		{A766AC1E-10FD-4D77-A95F-F1974FB0FEFC}.Debug|x86.Build.0 = Debug|x86
		{A766AC1E-10FD-4D77-A95F-F1974FB0FEFC}.Release|Any CPU.ActiveCfg = Release|Any CPU
		{A766AC1E-10FD-4D77-A95F-F1974FB0FEFC}.Release|Any CPU.Build.0 = Release|Any CPU
		{A766AC1E-10FD-4D77-A95F-F1974FB0FEFC}.Release|Mixed Platforms.ActiveCfg = Debug|x86
		{A766AC1E-10FD-4D77-A95F-F1974FB0FEFC}.Release|Mixed Platforms.Build.0 = Debug|x86
		{A766AC1E-10FD-4D77-A95F-F1974FB0FEFC}.Release|x64.ActiveCfg = Release|Any CPU
		{A766AC1E-10FD-4D77-A95F-F1974FB0FEFC}.Release|x64.Build.0 = Release|Any CPU
		{A766AC1E-10FD-4D77-A95F-F1974FB0FEFC}.Release|x86.ActiveCfg = Release|x86
		{A766AC1E-10FD-4D77-A95F-F1974FB0FEFC}.Release|x86.Build.0 = Release|x86
		{8955B9F6-B6E5-4FEF-A5AB-90C35AFB9CC6}.Debug|Any CPU.ActiveCfg = Debug|Any CPU
		{8955B9F6-B6E5-4FEF-A5AB-90C35AFB9CC6}.Debug|Any CPU.Build.0 = Debug|Any CPU
		{8955B9F6-B6E5-4FEF-A5AB-90C35AFB9CC6}.Debug|Mixed Platforms.ActiveCfg = Debug|x86
		{8955B9F6-B6E5-4FEF-A5AB-90C35AFB9CC6}.Debug|Mixed Platforms.Build.0 = Debug|x86
		{8955B9F6-B6E5-4FEF-A5AB-90C35AFB9CC6}.Debug|x64.ActiveCfg = Debug|Any CPU
		{8955B9F6-B6E5-4FEF-A5AB-90C35AFB9CC6}.Debug|x64.Build.0 = Debug|Any CPU
		{8955B9F6-B6E5-4FEF-A5AB-90C35AFB9CC6}.Debug|x86.ActiveCfg = Debug|x86
		{8955B9F6-B6E5-4FEF-A5AB-90C35AFB9CC6}.Debug|x86.Build.0 = Debug|x86
		{8955B9F6-B6E5-4FEF-A5AB-90C35AFB9CC6}.Release|Any CPU.ActiveCfg = Release|Any CPU
		{8955B9F6-B6E5-4FEF-A5AB-90C35AFB9CC6}.Release|Any CPU.Build.0 = Release|Any CPU
		{8955B9F6-B6E5-4FEF-A5AB-90C35AFB9CC6}.Release|Mixed Platforms.ActiveCfg = Release|Any CPU
		{8955B9F6-B6E5-4FEF-A5AB-90C35AFB9CC6}.Release|Mixed Platforms.Build.0 = Release|Any CPU
		{8955B9F6-B6E5-4FEF-A5AB-90C35AFB9CC6}.Release|x64.ActiveCfg = Release|Any CPU
		{8955B9F6-B6E5-4FEF-A5AB-90C35AFB9CC6}.Release|x64.Build.0 = Release|Any CPU
		{8955B9F6-B6E5-4FEF-A5AB-90C35AFB9CC6}.Release|x86.ActiveCfg = Release|x86
		{8955B9F6-B6E5-4FEF-A5AB-90C35AFB9CC6}.Release|x86.Build.0 = Release|x86
		{947CC0FA-7F1C-4CF9-A908-1A29ED232F19}.Debug|Any CPU.ActiveCfg = Debug|Any CPU
		{947CC0FA-7F1C-4CF9-A908-1A29ED232F19}.Debug|Any CPU.Build.0 = Debug|Any CPU
		{947CC0FA-7F1C-4CF9-A908-1A29ED232F19}.Debug|Mixed Platforms.ActiveCfg = Debug|x86
		{947CC0FA-7F1C-4CF9-A908-1A29ED232F19}.Debug|Mixed Platforms.Build.0 = Debug|x86
		{947CC0FA-7F1C-4CF9-A908-1A29ED232F19}.Debug|x64.ActiveCfg = Debug|Any CPU
		{947CC0FA-7F1C-4CF9-A908-1A29ED232F19}.Debug|x64.Build.0 = Debug|Any CPU
		{947CC0FA-7F1C-4CF9-A908-1A29ED232F19}.Debug|x86.ActiveCfg = Debug|x86
		{947CC0FA-7F1C-4CF9-A908-1A29ED232F19}.Debug|x86.Build.0 = Debug|x86
		{947CC0FA-7F1C-4CF9-A908-1A29ED232F19}.Release|Any CPU.ActiveCfg = Release|Any CPU
		{947CC0FA-7F1C-4CF9-A908-1A29ED232F19}.Release|Any CPU.Build.0 = Release|Any CPU
		{947CC0FA-7F1C-4CF9-A908-1A29ED232F19}.Release|Mixed Platforms.ActiveCfg = Release|Any CPU
		{947CC0FA-7F1C-4CF9-A908-1A29ED232F19}.Release|Mixed Platforms.Build.0 = Release|Any CPU
		{947CC0FA-7F1C-4CF9-A908-1A29ED232F19}.Release|x64.ActiveCfg = Release|Any CPU
		{947CC0FA-7F1C-4CF9-A908-1A29ED232F19}.Release|x64.Build.0 = Release|Any CPU
		{947CC0FA-7F1C-4CF9-A908-1A29ED232F19}.Release|x86.ActiveCfg = Release|x86
		{947CC0FA-7F1C-4CF9-A908-1A29ED232F19}.Release|x86.Build.0 = Release|x86
		{5A202154-9F9A-47CF-A7A5-4DF6DA026076}.Debug|Any CPU.ActiveCfg = Debug|Any CPU
		{5A202154-9F9A-47CF-A7A5-4DF6DA026076}.Debug|Any CPU.Build.0 = Debug|Any CPU
		{5A202154-9F9A-47CF-A7A5-4DF6DA026076}.Debug|Mixed Platforms.ActiveCfg = Debug|x86
		{5A202154-9F9A-47CF-A7A5-4DF6DA026076}.Debug|Mixed Platforms.Build.0 = Debug|x86
		{5A202154-9F9A-47CF-A7A5-4DF6DA026076}.Debug|x64.ActiveCfg = Debug|Any CPU
		{5A202154-9F9A-47CF-A7A5-4DF6DA026076}.Debug|x64.Build.0 = Debug|Any CPU
		{5A202154-9F9A-47CF-A7A5-4DF6DA026076}.Debug|x86.ActiveCfg = Debug|x86
		{5A202154-9F9A-47CF-A7A5-4DF6DA026076}.Debug|x86.Build.0 = Debug|x86
		{5A202154-9F9A-47CF-A7A5-4DF6DA026076}.Release|Any CPU.ActiveCfg = Release|Any CPU
		{5A202154-9F9A-47CF-A7A5-4DF6DA026076}.Release|Any CPU.Build.0 = Release|Any CPU
		{5A202154-9F9A-47CF-A7A5-4DF6DA026076}.Release|Mixed Platforms.ActiveCfg = Release|x86
		{5A202154-9F9A-47CF-A7A5-4DF6DA026076}.Release|Mixed Platforms.Build.0 = Release|x86
		{5A202154-9F9A-47CF-A7A5-4DF6DA026076}.Release|x64.ActiveCfg = Release|Any CPU
		{5A202154-9F9A-47CF-A7A5-4DF6DA026076}.Release|x64.Build.0 = Release|Any CPU
		{5A202154-9F9A-47CF-A7A5-4DF6DA026076}.Release|x86.ActiveCfg = Release|x86
		{5A202154-9F9A-47CF-A7A5-4DF6DA026076}.Release|x86.Build.0 = Release|x86
		{E619F232-D964-4CDB-9A9C-DFB44E32C36F}.Debug|Any CPU.ActiveCfg = Debug|Any CPU
		{E619F232-D964-4CDB-9A9C-DFB44E32C36F}.Debug|Any CPU.Build.0 = Debug|Any CPU
		{E619F232-D964-4CDB-9A9C-DFB44E32C36F}.Debug|Mixed Platforms.ActiveCfg = Debug|x86
		{E619F232-D964-4CDB-9A9C-DFB44E32C36F}.Debug|Mixed Platforms.Build.0 = Debug|x86
		{E619F232-D964-4CDB-9A9C-DFB44E32C36F}.Debug|x64.ActiveCfg = Debug|Any CPU
		{E619F232-D964-4CDB-9A9C-DFB44E32C36F}.Debug|x64.Build.0 = Debug|Any CPU
		{E619F232-D964-4CDB-9A9C-DFB44E32C36F}.Debug|x86.ActiveCfg = Debug|x86
		{E619F232-D964-4CDB-9A9C-DFB44E32C36F}.Debug|x86.Build.0 = Debug|x86
		{E619F232-D964-4CDB-9A9C-DFB44E32C36F}.Release|Any CPU.ActiveCfg = Release|Any CPU
		{E619F232-D964-4CDB-9A9C-DFB44E32C36F}.Release|Any CPU.Build.0 = Release|Any CPU
		{E619F232-D964-4CDB-9A9C-DFB44E32C36F}.Release|Mixed Platforms.ActiveCfg = Release|x86
		{E619F232-D964-4CDB-9A9C-DFB44E32C36F}.Release|Mixed Platforms.Build.0 = Release|x86
		{E619F232-D964-4CDB-9A9C-DFB44E32C36F}.Release|x64.ActiveCfg = Release|Any CPU
		{E619F232-D964-4CDB-9A9C-DFB44E32C36F}.Release|x64.Build.0 = Release|Any CPU
		{E619F232-D964-4CDB-9A9C-DFB44E32C36F}.Release|x86.ActiveCfg = Release|x86
		{E619F232-D964-4CDB-9A9C-DFB44E32C36F}.Release|x86.Build.0 = Release|x86
		{CE4F4133-789F-420D-941D-18DA08B140FF}.Debug|Any CPU.ActiveCfg = Debug|Any CPU
		{CE4F4133-789F-420D-941D-18DA08B140FF}.Debug|Any CPU.Build.0 = Debug|Any CPU
		{CE4F4133-789F-420D-941D-18DA08B140FF}.Debug|Mixed Platforms.ActiveCfg = Debug|x86
		{CE4F4133-789F-420D-941D-18DA08B140FF}.Debug|Mixed Platforms.Build.0 = Debug|x86
		{CE4F4133-789F-420D-941D-18DA08B140FF}.Debug|x64.ActiveCfg = Debug|Any CPU
		{CE4F4133-789F-420D-941D-18DA08B140FF}.Debug|x64.Build.0 = Debug|Any CPU
		{CE4F4133-789F-420D-941D-18DA08B140FF}.Debug|x86.ActiveCfg = Debug|x86
		{CE4F4133-789F-420D-941D-18DA08B140FF}.Debug|x86.Build.0 = Debug|x86
		{CE4F4133-789F-420D-941D-18DA08B140FF}.Release|Any CPU.ActiveCfg = Release|Any CPU
		{CE4F4133-789F-420D-941D-18DA08B140FF}.Release|Any CPU.Build.0 = Release|Any CPU
		{CE4F4133-789F-420D-941D-18DA08B140FF}.Release|Mixed Platforms.ActiveCfg = Release|x86
		{CE4F4133-789F-420D-941D-18DA08B140FF}.Release|Mixed Platforms.Build.0 = Release|x86
		{CE4F4133-789F-420D-941D-18DA08B140FF}.Release|x64.ActiveCfg = Release|Any CPU
		{CE4F4133-789F-420D-941D-18DA08B140FF}.Release|x64.Build.0 = Release|Any CPU
		{CE4F4133-789F-420D-941D-18DA08B140FF}.Release|x86.ActiveCfg = Release|x86
		{CE4F4133-789F-420D-941D-18DA08B140FF}.Release|x86.Build.0 = Release|x86
		{92B20870-AD65-4AE8-BB1E-4D11B922A135}.Debug|Any CPU.ActiveCfg = Debug|Any CPU
		{92B20870-AD65-4AE8-BB1E-4D11B922A135}.Debug|Any CPU.Build.0 = Debug|Any CPU
		{92B20870-AD65-4AE8-BB1E-4D11B922A135}.Debug|Mixed Platforms.ActiveCfg = Debug|x86
		{92B20870-AD65-4AE8-BB1E-4D11B922A135}.Debug|Mixed Platforms.Build.0 = Debug|x86
		{92B20870-AD65-4AE8-BB1E-4D11B922A135}.Debug|x64.ActiveCfg = Debug|Any CPU
		{92B20870-AD65-4AE8-BB1E-4D11B922A135}.Debug|x64.Build.0 = Debug|Any CPU
		{92B20870-AD65-4AE8-BB1E-4D11B922A135}.Debug|x86.ActiveCfg = Debug|x86
		{92B20870-AD65-4AE8-BB1E-4D11B922A135}.Debug|x86.Build.0 = Debug|x86
		{92B20870-AD65-4AE8-BB1E-4D11B922A135}.Release|Any CPU.ActiveCfg = Release|Any CPU
		{92B20870-AD65-4AE8-BB1E-4D11B922A135}.Release|Any CPU.Build.0 = Release|Any CPU
		{92B20870-AD65-4AE8-BB1E-4D11B922A135}.Release|Mixed Platforms.ActiveCfg = Release|x86
		{92B20870-AD65-4AE8-BB1E-4D11B922A135}.Release|Mixed Platforms.Build.0 = Release|x86
		{92B20870-AD65-4AE8-BB1E-4D11B922A135}.Release|x64.ActiveCfg = Release|Any CPU
		{92B20870-AD65-4AE8-BB1E-4D11B922A135}.Release|x64.Build.0 = Release|Any CPU
		{92B20870-AD65-4AE8-BB1E-4D11B922A135}.Release|x86.ActiveCfg = Release|x86
		{92B20870-AD65-4AE8-BB1E-4D11B922A135}.Release|x86.Build.0 = Release|x86
		{AF41D637-D053-4FDE-9D8A-96106CCBD19E}.Debug|Any CPU.ActiveCfg = Debug|Any CPU
		{AF41D637-D053-4FDE-9D8A-96106CCBD19E}.Debug|Any CPU.Build.0 = Debug|Any CPU
		{AF41D637-D053-4FDE-9D8A-96106CCBD19E}.Debug|Mixed Platforms.ActiveCfg = Debug|x86
		{AF41D637-D053-4FDE-9D8A-96106CCBD19E}.Debug|Mixed Platforms.Build.0 = Debug|x86
		{AF41D637-D053-4FDE-9D8A-96106CCBD19E}.Debug|x64.ActiveCfg = Debug|Any CPU
		{AF41D637-D053-4FDE-9D8A-96106CCBD19E}.Debug|x64.Build.0 = Debug|Any CPU
		{AF41D637-D053-4FDE-9D8A-96106CCBD19E}.Debug|x86.ActiveCfg = Debug|x86
		{AF41D637-D053-4FDE-9D8A-96106CCBD19E}.Debug|x86.Build.0 = Debug|x86
		{AF41D637-D053-4FDE-9D8A-96106CCBD19E}.Release|Any CPU.ActiveCfg = Release|Any CPU
		{AF41D637-D053-4FDE-9D8A-96106CCBD19E}.Release|Any CPU.Build.0 = Release|Any CPU
		{AF41D637-D053-4FDE-9D8A-96106CCBD19E}.Release|Mixed Platforms.ActiveCfg = Release|x86
		{AF41D637-D053-4FDE-9D8A-96106CCBD19E}.Release|Mixed Platforms.Build.0 = Release|x86
		{AF41D637-D053-4FDE-9D8A-96106CCBD19E}.Release|x64.ActiveCfg = Release|Any CPU
		{AF41D637-D053-4FDE-9D8A-96106CCBD19E}.Release|x64.Build.0 = Release|Any CPU
		{AF41D637-D053-4FDE-9D8A-96106CCBD19E}.Release|x86.ActiveCfg = Release|x86
		{AF41D637-D053-4FDE-9D8A-96106CCBD19E}.Release|x86.Build.0 = Release|x86
		{B58A7D48-F3E7-47D5-80C1-0A905612EC6F}.Debug|Any CPU.ActiveCfg = Debug|Any CPU
		{B58A7D48-F3E7-47D5-80C1-0A905612EC6F}.Debug|Any CPU.Build.0 = Debug|Any CPU
		{B58A7D48-F3E7-47D5-80C1-0A905612EC6F}.Debug|Mixed Platforms.ActiveCfg = Debug|Any CPU
		{B58A7D48-F3E7-47D5-80C1-0A905612EC6F}.Debug|Mixed Platforms.Build.0 = Debug|Any CPU
		{B58A7D48-F3E7-47D5-80C1-0A905612EC6F}.Debug|x64.ActiveCfg = Debug|Any CPU
		{B58A7D48-F3E7-47D5-80C1-0A905612EC6F}.Debug|x64.Build.0 = Debug|Any CPU
		{B58A7D48-F3E7-47D5-80C1-0A905612EC6F}.Debug|x86.ActiveCfg = Debug|x86
		{B58A7D48-F3E7-47D5-80C1-0A905612EC6F}.Debug|x86.Build.0 = Debug|x86
		{B58A7D48-F3E7-47D5-80C1-0A905612EC6F}.Release|Any CPU.ActiveCfg = Release|Any CPU
		{B58A7D48-F3E7-47D5-80C1-0A905612EC6F}.Release|Any CPU.Build.0 = Release|Any CPU
		{B58A7D48-F3E7-47D5-80C1-0A905612EC6F}.Release|Mixed Platforms.ActiveCfg = Release|Any CPU
		{B58A7D48-F3E7-47D5-80C1-0A905612EC6F}.Release|Mixed Platforms.Build.0 = Release|Any CPU
		{B58A7D48-F3E7-47D5-80C1-0A905612EC6F}.Release|x64.ActiveCfg = Release|Any CPU
		{B58A7D48-F3E7-47D5-80C1-0A905612EC6F}.Release|x64.Build.0 = Release|Any CPU
		{B58A7D48-F3E7-47D5-80C1-0A905612EC6F}.Release|x86.ActiveCfg = Release|x86
		{B58A7D48-F3E7-47D5-80C1-0A905612EC6F}.Release|x86.Build.0 = Release|x86
		{9E31DE95-4FBE-4D91-93CD-5CA14F6FD0FB}.Debug|Any CPU.ActiveCfg = Debug|Any CPU
		{9E31DE95-4FBE-4D91-93CD-5CA14F6FD0FB}.Debug|Any CPU.Build.0 = Debug|Any CPU
		{9E31DE95-4FBE-4D91-93CD-5CA14F6FD0FB}.Debug|Mixed Platforms.ActiveCfg = Debug|Any CPU
		{9E31DE95-4FBE-4D91-93CD-5CA14F6FD0FB}.Debug|Mixed Platforms.Build.0 = Debug|Any CPU
		{9E31DE95-4FBE-4D91-93CD-5CA14F6FD0FB}.Debug|x64.ActiveCfg = Debug|Any CPU
		{9E31DE95-4FBE-4D91-93CD-5CA14F6FD0FB}.Debug|x64.Build.0 = Debug|Any CPU
		{9E31DE95-4FBE-4D91-93CD-5CA14F6FD0FB}.Debug|x86.ActiveCfg = Debug|x86
		{9E31DE95-4FBE-4D91-93CD-5CA14F6FD0FB}.Debug|x86.Build.0 = Debug|x86
		{9E31DE95-4FBE-4D91-93CD-5CA14F6FD0FB}.Release|Any CPU.ActiveCfg = Release|Any CPU
		{9E31DE95-4FBE-4D91-93CD-5CA14F6FD0FB}.Release|Any CPU.Build.0 = Release|Any CPU
		{9E31DE95-4FBE-4D91-93CD-5CA14F6FD0FB}.Release|Mixed Platforms.ActiveCfg = Release|Any CPU
		{9E31DE95-4FBE-4D91-93CD-5CA14F6FD0FB}.Release|Mixed Platforms.Build.0 = Release|Any CPU
		{9E31DE95-4FBE-4D91-93CD-5CA14F6FD0FB}.Release|x64.ActiveCfg = Release|Any CPU
		{9E31DE95-4FBE-4D91-93CD-5CA14F6FD0FB}.Release|x64.Build.0 = Release|Any CPU
		{9E31DE95-4FBE-4D91-93CD-5CA14F6FD0FB}.Release|x86.ActiveCfg = Release|x86
		{9E31DE95-4FBE-4D91-93CD-5CA14F6FD0FB}.Release|x86.Build.0 = Release|x86
		{C872C8E9-D0B9-47AA-9AEA-6556A01BA1F0}.Debug|Any CPU.ActiveCfg = Debug|Any CPU
		{C872C8E9-D0B9-47AA-9AEA-6556A01BA1F0}.Debug|Any CPU.Build.0 = Debug|Any CPU
		{C872C8E9-D0B9-47AA-9AEA-6556A01BA1F0}.Debug|Mixed Platforms.ActiveCfg = Debug|x86
		{C872C8E9-D0B9-47AA-9AEA-6556A01BA1F0}.Debug|Mixed Platforms.Build.0 = Debug|x86
		{C872C8E9-D0B9-47AA-9AEA-6556A01BA1F0}.Debug|x64.ActiveCfg = Debug|Any CPU
		{C872C8E9-D0B9-47AA-9AEA-6556A01BA1F0}.Debug|x64.Build.0 = Debug|Any CPU
		{C872C8E9-D0B9-47AA-9AEA-6556A01BA1F0}.Debug|x86.ActiveCfg = Debug|x86
		{C872C8E9-D0B9-47AA-9AEA-6556A01BA1F0}.Debug|x86.Build.0 = Debug|x86
		{C872C8E9-D0B9-47AA-9AEA-6556A01BA1F0}.Release|Any CPU.ActiveCfg = Release|Any CPU
		{C872C8E9-D0B9-47AA-9AEA-6556A01BA1F0}.Release|Any CPU.Build.0 = Release|Any CPU
		{C872C8E9-D0B9-47AA-9AEA-6556A01BA1F0}.Release|Mixed Platforms.ActiveCfg = Release|x86
		{C872C8E9-D0B9-47AA-9AEA-6556A01BA1F0}.Release|Mixed Platforms.Build.0 = Release|x86
		{C872C8E9-D0B9-47AA-9AEA-6556A01BA1F0}.Release|x64.ActiveCfg = Release|Any CPU
		{C872C8E9-D0B9-47AA-9AEA-6556A01BA1F0}.Release|x64.Build.0 = Release|Any CPU
		{C872C8E9-D0B9-47AA-9AEA-6556A01BA1F0}.Release|x86.ActiveCfg = Release|x86
		{C872C8E9-D0B9-47AA-9AEA-6556A01BA1F0}.Release|x86.Build.0 = Release|x86
		{DACCBE49-211A-4288-B03D-5AA0370EB6BC}.Debug|Any CPU.ActiveCfg = Debug|Any CPU
		{DACCBE49-211A-4288-B03D-5AA0370EB6BC}.Debug|Any CPU.Build.0 = Debug|Any CPU
		{DACCBE49-211A-4288-B03D-5AA0370EB6BC}.Debug|Mixed Platforms.ActiveCfg = Debug|x86
		{DACCBE49-211A-4288-B03D-5AA0370EB6BC}.Debug|Mixed Platforms.Build.0 = Debug|x86
		{DACCBE49-211A-4288-B03D-5AA0370EB6BC}.Debug|x64.ActiveCfg = Debug|Any CPU
		{DACCBE49-211A-4288-B03D-5AA0370EB6BC}.Debug|x64.Build.0 = Debug|Any CPU
		{DACCBE49-211A-4288-B03D-5AA0370EB6BC}.Debug|x86.ActiveCfg = Debug|x86
		{DACCBE49-211A-4288-B03D-5AA0370EB6BC}.Debug|x86.Build.0 = Debug|x86
		{DACCBE49-211A-4288-B03D-5AA0370EB6BC}.Release|Any CPU.ActiveCfg = Release|Any CPU
		{DACCBE49-211A-4288-B03D-5AA0370EB6BC}.Release|Any CPU.Build.0 = Release|Any CPU
		{DACCBE49-211A-4288-B03D-5AA0370EB6BC}.Release|Mixed Platforms.ActiveCfg = Release|x86
		{DACCBE49-211A-4288-B03D-5AA0370EB6BC}.Release|Mixed Platforms.Build.0 = Release|x86
		{DACCBE49-211A-4288-B03D-5AA0370EB6BC}.Release|x64.ActiveCfg = Release|Any CPU
		{DACCBE49-211A-4288-B03D-5AA0370EB6BC}.Release|x64.Build.0 = Release|Any CPU
		{DACCBE49-211A-4288-B03D-5AA0370EB6BC}.Release|x86.ActiveCfg = Release|x86
		{DACCBE49-211A-4288-B03D-5AA0370EB6BC}.Release|x86.Build.0 = Release|x86
		{34B6AD94-23B2-4808-BB6D-988A063711D4}.Debug|Any CPU.ActiveCfg = Debug|Any CPU
		{34B6AD94-23B2-4808-BB6D-988A063711D4}.Debug|Any CPU.Build.0 = Debug|Any CPU
		{34B6AD94-23B2-4808-BB6D-988A063711D4}.Debug|Mixed Platforms.ActiveCfg = Debug|x86
		{34B6AD94-23B2-4808-BB6D-988A063711D4}.Debug|Mixed Platforms.Build.0 = Debug|x86
		{34B6AD94-23B2-4808-BB6D-988A063711D4}.Debug|x64.ActiveCfg = Debug|Any CPU
		{34B6AD94-23B2-4808-BB6D-988A063711D4}.Debug|x64.Build.0 = Debug|Any CPU
		{34B6AD94-23B2-4808-BB6D-988A063711D4}.Debug|x86.ActiveCfg = Debug|x86
		{34B6AD94-23B2-4808-BB6D-988A063711D4}.Debug|x86.Build.0 = Debug|x86
		{34B6AD94-23B2-4808-BB6D-988A063711D4}.Release|Any CPU.ActiveCfg = Release|Any CPU
		{34B6AD94-23B2-4808-BB6D-988A063711D4}.Release|Any CPU.Build.0 = Release|Any CPU
		{34B6AD94-23B2-4808-BB6D-988A063711D4}.Release|Mixed Platforms.ActiveCfg = Release|x86
		{34B6AD94-23B2-4808-BB6D-988A063711D4}.Release|Mixed Platforms.Build.0 = Release|x86
		{34B6AD94-23B2-4808-BB6D-988A063711D4}.Release|x64.ActiveCfg = Release|Any CPU
		{34B6AD94-23B2-4808-BB6D-988A063711D4}.Release|x64.Build.0 = Release|Any CPU
		{34B6AD94-23B2-4808-BB6D-988A063711D4}.Release|x86.ActiveCfg = Release|x86
		{34B6AD94-23B2-4808-BB6D-988A063711D4}.Release|x86.Build.0 = Release|x86
		{3BB8BB87-A904-45CC-83BD-178D34200E81}.Debug|Any CPU.ActiveCfg = Debug|Any CPU
		{3BB8BB87-A904-45CC-83BD-178D34200E81}.Debug|Any CPU.Build.0 = Debug|Any CPU
		{3BB8BB87-A904-45CC-83BD-178D34200E81}.Debug|Mixed Platforms.ActiveCfg = Debug|x86
		{3BB8BB87-A904-45CC-83BD-178D34200E81}.Debug|Mixed Platforms.Build.0 = Debug|x86
		{3BB8BB87-A904-45CC-83BD-178D34200E81}.Debug|x64.ActiveCfg = Debug|Any CPU
		{3BB8BB87-A904-45CC-83BD-178D34200E81}.Debug|x64.Build.0 = Debug|Any CPU
		{3BB8BB87-A904-45CC-83BD-178D34200E81}.Debug|x86.ActiveCfg = Debug|x86
		{3BB8BB87-A904-45CC-83BD-178D34200E81}.Debug|x86.Build.0 = Debug|x86
		{3BB8BB87-A904-45CC-83BD-178D34200E81}.Release|Any CPU.ActiveCfg = Release|Any CPU
		{3BB8BB87-A904-45CC-83BD-178D34200E81}.Release|Any CPU.Build.0 = Release|Any CPU
		{3BB8BB87-A904-45CC-83BD-178D34200E81}.Release|Mixed Platforms.ActiveCfg = Release|x86
		{3BB8BB87-A904-45CC-83BD-178D34200E81}.Release|Mixed Platforms.Build.0 = Release|x86
		{3BB8BB87-A904-45CC-83BD-178D34200E81}.Release|x64.ActiveCfg = Release|Any CPU
		{3BB8BB87-A904-45CC-83BD-178D34200E81}.Release|x64.Build.0 = Release|Any CPU
		{3BB8BB87-A904-45CC-83BD-178D34200E81}.Release|x86.ActiveCfg = Release|x86
		{3BB8BB87-A904-45CC-83BD-178D34200E81}.Release|x86.Build.0 = Release|x86
		{DAE5BAA8-13A2-4B62-98F9-AACB86233789}.Debug|Any CPU.ActiveCfg = Debug|Any CPU
		{DAE5BAA8-13A2-4B62-98F9-AACB86233789}.Debug|Any CPU.Build.0 = Debug|Any CPU
		{DAE5BAA8-13A2-4B62-98F9-AACB86233789}.Debug|Mixed Platforms.ActiveCfg = Debug|x86
		{DAE5BAA8-13A2-4B62-98F9-AACB86233789}.Debug|Mixed Platforms.Build.0 = Debug|x86
		{DAE5BAA8-13A2-4B62-98F9-AACB86233789}.Debug|x64.ActiveCfg = Debug|Any CPU
		{DAE5BAA8-13A2-4B62-98F9-AACB86233789}.Debug|x64.Build.0 = Debug|Any CPU
		{DAE5BAA8-13A2-4B62-98F9-AACB86233789}.Debug|x86.ActiveCfg = Debug|x86
		{DAE5BAA8-13A2-4B62-98F9-AACB86233789}.Debug|x86.Build.0 = Debug|x86
		{DAE5BAA8-13A2-4B62-98F9-AACB86233789}.Release|Any CPU.ActiveCfg = Release|Any CPU
		{DAE5BAA8-13A2-4B62-98F9-AACB86233789}.Release|Any CPU.Build.0 = Release|Any CPU
		{DAE5BAA8-13A2-4B62-98F9-AACB86233789}.Release|Mixed Platforms.ActiveCfg = Release|x86
		{DAE5BAA8-13A2-4B62-98F9-AACB86233789}.Release|Mixed Platforms.Build.0 = Release|x86
		{DAE5BAA8-13A2-4B62-98F9-AACB86233789}.Release|x64.ActiveCfg = Release|Any CPU
		{DAE5BAA8-13A2-4B62-98F9-AACB86233789}.Release|x64.Build.0 = Release|Any CPU
		{DAE5BAA8-13A2-4B62-98F9-AACB86233789}.Release|x86.ActiveCfg = Release|x86
		{DAE5BAA8-13A2-4B62-98F9-AACB86233789}.Release|x86.Build.0 = Release|x86
		{C71C2BF7-52D2-4F69-AB7A-9B29EEA8DBB2}.Debug|Any CPU.ActiveCfg = Debug|Any CPU
		{C71C2BF7-52D2-4F69-AB7A-9B29EEA8DBB2}.Debug|Any CPU.Build.0 = Debug|Any CPU
		{C71C2BF7-52D2-4F69-AB7A-9B29EEA8DBB2}.Debug|Mixed Platforms.ActiveCfg = Debug|x86
		{C71C2BF7-52D2-4F69-AB7A-9B29EEA8DBB2}.Debug|Mixed Platforms.Build.0 = Debug|x86
		{C71C2BF7-52D2-4F69-AB7A-9B29EEA8DBB2}.Debug|x64.ActiveCfg = Debug|Any CPU
		{C71C2BF7-52D2-4F69-AB7A-9B29EEA8DBB2}.Debug|x64.Build.0 = Debug|Any CPU
		{C71C2BF7-52D2-4F69-AB7A-9B29EEA8DBB2}.Debug|x86.ActiveCfg = Debug|x86
		{C71C2BF7-52D2-4F69-AB7A-9B29EEA8DBB2}.Debug|x86.Build.0 = Debug|x86
		{C71C2BF7-52D2-4F69-AB7A-9B29EEA8DBB2}.Release|Any CPU.ActiveCfg = Release|Any CPU
		{C71C2BF7-52D2-4F69-AB7A-9B29EEA8DBB2}.Release|Any CPU.Build.0 = Release|Any CPU
		{C71C2BF7-52D2-4F69-AB7A-9B29EEA8DBB2}.Release|Mixed Platforms.ActiveCfg = Release|x86
		{C71C2BF7-52D2-4F69-AB7A-9B29EEA8DBB2}.Release|Mixed Platforms.Build.0 = Release|x86
		{C71C2BF7-52D2-4F69-AB7A-9B29EEA8DBB2}.Release|x64.ActiveCfg = Release|Any CPU
		{C71C2BF7-52D2-4F69-AB7A-9B29EEA8DBB2}.Release|x64.Build.0 = Release|Any CPU
		{C71C2BF7-52D2-4F69-AB7A-9B29EEA8DBB2}.Release|x86.ActiveCfg = Release|x86
		{C71C2BF7-52D2-4F69-AB7A-9B29EEA8DBB2}.Release|x86.Build.0 = Release|x86
		{890F0720-601B-4868-AD9A-9527CA9F0BAC}.Debug|Any CPU.ActiveCfg = Debug|Any CPU
		{890F0720-601B-4868-AD9A-9527CA9F0BAC}.Debug|Any CPU.Build.0 = Debug|Any CPU
		{890F0720-601B-4868-AD9A-9527CA9F0BAC}.Debug|Mixed Platforms.ActiveCfg = Debug|x86
		{890F0720-601B-4868-AD9A-9527CA9F0BAC}.Debug|Mixed Platforms.Build.0 = Debug|x86
		{890F0720-601B-4868-AD9A-9527CA9F0BAC}.Debug|x64.ActiveCfg = Debug|Any CPU
		{890F0720-601B-4868-AD9A-9527CA9F0BAC}.Debug|x64.Build.0 = Debug|Any CPU
		{890F0720-601B-4868-AD9A-9527CA9F0BAC}.Debug|x86.ActiveCfg = Debug|x86
		{890F0720-601B-4868-AD9A-9527CA9F0BAC}.Debug|x86.Build.0 = Debug|x86
		{890F0720-601B-4868-AD9A-9527CA9F0BAC}.Release|Any CPU.ActiveCfg = Release|Any CPU
		{890F0720-601B-4868-AD9A-9527CA9F0BAC}.Release|Any CPU.Build.0 = Release|Any CPU
		{890F0720-601B-4868-AD9A-9527CA9F0BAC}.Release|Mixed Platforms.ActiveCfg = Release|x86
		{890F0720-601B-4868-AD9A-9527CA9F0BAC}.Release|Mixed Platforms.Build.0 = Release|x86
		{890F0720-601B-4868-AD9A-9527CA9F0BAC}.Release|x64.ActiveCfg = Release|Any CPU
		{890F0720-601B-4868-AD9A-9527CA9F0BAC}.Release|x64.Build.0 = Release|Any CPU
		{890F0720-601B-4868-AD9A-9527CA9F0BAC}.Release|x86.ActiveCfg = Release|x86
		{890F0720-601B-4868-AD9A-9527CA9F0BAC}.Release|x86.Build.0 = Release|x86
		{F3106EE2-0049-46EC-AF10-E346295F0B24}.Debug|Any CPU.ActiveCfg = Debug|Any CPU
		{F3106EE2-0049-46EC-AF10-E346295F0B24}.Debug|Any CPU.Build.0 = Debug|Any CPU
		{F3106EE2-0049-46EC-AF10-E346295F0B24}.Debug|Mixed Platforms.ActiveCfg = Debug|x86
		{F3106EE2-0049-46EC-AF10-E346295F0B24}.Debug|Mixed Platforms.Build.0 = Debug|x86
		{F3106EE2-0049-46EC-AF10-E346295F0B24}.Debug|x64.ActiveCfg = Debug|Any CPU
		{F3106EE2-0049-46EC-AF10-E346295F0B24}.Debug|x64.Build.0 = Debug|Any CPU
		{F3106EE2-0049-46EC-AF10-E346295F0B24}.Debug|x86.ActiveCfg = Debug|x86
		{F3106EE2-0049-46EC-AF10-E346295F0B24}.Debug|x86.Build.0 = Debug|x86
		{F3106EE2-0049-46EC-AF10-E346295F0B24}.Release|Any CPU.ActiveCfg = Release|Any CPU
		{F3106EE2-0049-46EC-AF10-E346295F0B24}.Release|Any CPU.Build.0 = Release|Any CPU
		{F3106EE2-0049-46EC-AF10-E346295F0B24}.Release|Mixed Platforms.ActiveCfg = Release|x86
		{F3106EE2-0049-46EC-AF10-E346295F0B24}.Release|Mixed Platforms.Build.0 = Release|x86
		{F3106EE2-0049-46EC-AF10-E346295F0B24}.Release|x64.ActiveCfg = Release|Any CPU
		{F3106EE2-0049-46EC-AF10-E346295F0B24}.Release|x64.Build.0 = Release|Any CPU
		{F3106EE2-0049-46EC-AF10-E346295F0B24}.Release|x86.ActiveCfg = Release|x86
		{F3106EE2-0049-46EC-AF10-E346295F0B24}.Release|x86.Build.0 = Release|x86
		{129B5DE2-523B-48EA-8676-1291D9A4DE0C}.Debug|Any CPU.ActiveCfg = Debug|Any CPU
		{129B5DE2-523B-48EA-8676-1291D9A4DE0C}.Debug|Any CPU.Build.0 = Debug|Any CPU
		{129B5DE2-523B-48EA-8676-1291D9A4DE0C}.Debug|Mixed Platforms.ActiveCfg = Debug|x86
		{129B5DE2-523B-48EA-8676-1291D9A4DE0C}.Debug|Mixed Platforms.Build.0 = Debug|x86
		{129B5DE2-523B-48EA-8676-1291D9A4DE0C}.Debug|x64.ActiveCfg = Debug|Any CPU
		{129B5DE2-523B-48EA-8676-1291D9A4DE0C}.Debug|x64.Build.0 = Debug|Any CPU
		{129B5DE2-523B-48EA-8676-1291D9A4DE0C}.Debug|x86.ActiveCfg = Debug|x86
		{129B5DE2-523B-48EA-8676-1291D9A4DE0C}.Debug|x86.Build.0 = Debug|x86
		{129B5DE2-523B-48EA-8676-1291D9A4DE0C}.Release|Any CPU.ActiveCfg = Release|Any CPU
		{129B5DE2-523B-48EA-8676-1291D9A4DE0C}.Release|Any CPU.Build.0 = Release|Any CPU
		{129B5DE2-523B-48EA-8676-1291D9A4DE0C}.Release|Mixed Platforms.ActiveCfg = Release|x86
		{129B5DE2-523B-48EA-8676-1291D9A4DE0C}.Release|Mixed Platforms.Build.0 = Release|x86
		{129B5DE2-523B-48EA-8676-1291D9A4DE0C}.Release|x64.ActiveCfg = Release|Any CPU
		{129B5DE2-523B-48EA-8676-1291D9A4DE0C}.Release|x64.Build.0 = Release|Any CPU
		{129B5DE2-523B-48EA-8676-1291D9A4DE0C}.Release|x86.ActiveCfg = Release|x86
		{129B5DE2-523B-48EA-8676-1291D9A4DE0C}.Release|x86.Build.0 = Release|x86
		{FEF389FD-A0B8-4BFD-9A8C-DE1203D6FAB0}.Debug|Any CPU.ActiveCfg = Debug|Any CPU
		{FEF389FD-A0B8-4BFD-9A8C-DE1203D6FAB0}.Debug|Any CPU.Build.0 = Debug|Any CPU
		{FEF389FD-A0B8-4BFD-9A8C-DE1203D6FAB0}.Debug|Mixed Platforms.ActiveCfg = Debug|x86
		{FEF389FD-A0B8-4BFD-9A8C-DE1203D6FAB0}.Debug|Mixed Platforms.Build.0 = Debug|x86
		{FEF389FD-A0B8-4BFD-9A8C-DE1203D6FAB0}.Debug|x64.ActiveCfg = Debug|Any CPU
		{FEF389FD-A0B8-4BFD-9A8C-DE1203D6FAB0}.Debug|x64.Build.0 = Debug|Any CPU
		{FEF389FD-A0B8-4BFD-9A8C-DE1203D6FAB0}.Debug|x86.ActiveCfg = Debug|x86
		{FEF389FD-A0B8-4BFD-9A8C-DE1203D6FAB0}.Debug|x86.Build.0 = Debug|x86
		{FEF389FD-A0B8-4BFD-9A8C-DE1203D6FAB0}.Release|Any CPU.ActiveCfg = Release|Any CPU
		{FEF389FD-A0B8-4BFD-9A8C-DE1203D6FAB0}.Release|Any CPU.Build.0 = Release|Any CPU
		{FEF389FD-A0B8-4BFD-9A8C-DE1203D6FAB0}.Release|Mixed Platforms.ActiveCfg = Release|x86
		{FEF389FD-A0B8-4BFD-9A8C-DE1203D6FAB0}.Release|Mixed Platforms.Build.0 = Release|x86
		{FEF389FD-A0B8-4BFD-9A8C-DE1203D6FAB0}.Release|x64.ActiveCfg = Release|Any CPU
		{FEF389FD-A0B8-4BFD-9A8C-DE1203D6FAB0}.Release|x64.Build.0 = Release|Any CPU
		{FEF389FD-A0B8-4BFD-9A8C-DE1203D6FAB0}.Release|x86.ActiveCfg = Release|x86
		{FEF389FD-A0B8-4BFD-9A8C-DE1203D6FAB0}.Release|x86.Build.0 = Release|x86
		{C769E3AD-E82E-4E2F-BC4C-C92CA572C2ED}.Debug|Any CPU.ActiveCfg = Debug|Any CPU
		{C769E3AD-E82E-4E2F-BC4C-C92CA572C2ED}.Debug|Any CPU.Build.0 = Debug|Any CPU
		{C769E3AD-E82E-4E2F-BC4C-C92CA572C2ED}.Debug|Mixed Platforms.ActiveCfg = Debug|x86
		{C769E3AD-E82E-4E2F-BC4C-C92CA572C2ED}.Debug|Mixed Platforms.Build.0 = Debug|x86
		{C769E3AD-E82E-4E2F-BC4C-C92CA572C2ED}.Debug|x64.ActiveCfg = Debug|Any CPU
		{C769E3AD-E82E-4E2F-BC4C-C92CA572C2ED}.Debug|x64.Build.0 = Debug|Any CPU
		{C769E3AD-E82E-4E2F-BC4C-C92CA572C2ED}.Debug|x86.ActiveCfg = Debug|x86
		{C769E3AD-E82E-4E2F-BC4C-C92CA572C2ED}.Debug|x86.Build.0 = Debug|x86
		{C769E3AD-E82E-4E2F-BC4C-C92CA572C2ED}.Release|Any CPU.ActiveCfg = Release|Any CPU
		{C769E3AD-E82E-4E2F-BC4C-C92CA572C2ED}.Release|Any CPU.Build.0 = Release|Any CPU
		{C769E3AD-E82E-4E2F-BC4C-C92CA572C2ED}.Release|Mixed Platforms.ActiveCfg = Release|x86
		{C769E3AD-E82E-4E2F-BC4C-C92CA572C2ED}.Release|Mixed Platforms.Build.0 = Release|x86
		{C769E3AD-E82E-4E2F-BC4C-C92CA572C2ED}.Release|x64.ActiveCfg = Release|Any CPU
		{C769E3AD-E82E-4E2F-BC4C-C92CA572C2ED}.Release|x64.Build.0 = Release|Any CPU
		{C769E3AD-E82E-4E2F-BC4C-C92CA572C2ED}.Release|x86.ActiveCfg = Release|x86
		{C769E3AD-E82E-4E2F-BC4C-C92CA572C2ED}.Release|x86.Build.0 = Release|x86
		{E24112F1-092C-4BDC-AAE3-59B8931DF642}.Debug|Any CPU.ActiveCfg = Debug|Any CPU
		{E24112F1-092C-4BDC-AAE3-59B8931DF642}.Debug|Any CPU.Build.0 = Debug|Any CPU
		{E24112F1-092C-4BDC-AAE3-59B8931DF642}.Debug|Mixed Platforms.ActiveCfg = Debug|x86
		{E24112F1-092C-4BDC-AAE3-59B8931DF642}.Debug|Mixed Platforms.Build.0 = Debug|x86
		{E24112F1-092C-4BDC-AAE3-59B8931DF642}.Debug|x64.ActiveCfg = Debug|Any CPU
		{E24112F1-092C-4BDC-AAE3-59B8931DF642}.Debug|x64.Build.0 = Debug|Any CPU
		{E24112F1-092C-4BDC-AAE3-59B8931DF642}.Debug|x86.ActiveCfg = Debug|x86
		{E24112F1-092C-4BDC-AAE3-59B8931DF642}.Debug|x86.Build.0 = Debug|x86
		{E24112F1-092C-4BDC-AAE3-59B8931DF642}.Release|Any CPU.ActiveCfg = Release|Any CPU
		{E24112F1-092C-4BDC-AAE3-59B8931DF642}.Release|Any CPU.Build.0 = Release|Any CPU
		{E24112F1-092C-4BDC-AAE3-59B8931DF642}.Release|Mixed Platforms.ActiveCfg = Release|x86
		{E24112F1-092C-4BDC-AAE3-59B8931DF642}.Release|Mixed Platforms.Build.0 = Release|x86
		{E24112F1-092C-4BDC-AAE3-59B8931DF642}.Release|x64.ActiveCfg = Release|Any CPU
		{E24112F1-092C-4BDC-AAE3-59B8931DF642}.Release|x64.Build.0 = Release|Any CPU
		{E24112F1-092C-4BDC-AAE3-59B8931DF642}.Release|x86.ActiveCfg = Release|x86
		{E24112F1-092C-4BDC-AAE3-59B8931DF642}.Release|x86.Build.0 = Release|x86
		{E63BD567-AEFC-4859-9F17-ED646D0D7044}.Debug|Any CPU.ActiveCfg = Debug|Any CPU
		{E63BD567-AEFC-4859-9F17-ED646D0D7044}.Debug|Any CPU.Build.0 = Debug|Any CPU
		{E63BD567-AEFC-4859-9F17-ED646D0D7044}.Debug|Mixed Platforms.ActiveCfg = Debug|x86
		{E63BD567-AEFC-4859-9F17-ED646D0D7044}.Debug|Mixed Platforms.Build.0 = Debug|x86
		{E63BD567-AEFC-4859-9F17-ED646D0D7044}.Debug|x64.ActiveCfg = Debug|Any CPU
		{E63BD567-AEFC-4859-9F17-ED646D0D7044}.Debug|x64.Build.0 = Debug|Any CPU
		{E63BD567-AEFC-4859-9F17-ED646D0D7044}.Debug|x86.ActiveCfg = Debug|x86
		{E63BD567-AEFC-4859-9F17-ED646D0D7044}.Debug|x86.Build.0 = Debug|x86
		{E63BD567-AEFC-4859-9F17-ED646D0D7044}.Release|Any CPU.ActiveCfg = Release|Any CPU
		{E63BD567-AEFC-4859-9F17-ED646D0D7044}.Release|Any CPU.Build.0 = Release|Any CPU
		{E63BD567-AEFC-4859-9F17-ED646D0D7044}.Release|Mixed Platforms.ActiveCfg = Release|x86
		{E63BD567-AEFC-4859-9F17-ED646D0D7044}.Release|Mixed Platforms.Build.0 = Release|x86
		{E63BD567-AEFC-4859-9F17-ED646D0D7044}.Release|x64.ActiveCfg = Release|Any CPU
		{E63BD567-AEFC-4859-9F17-ED646D0D7044}.Release|x64.Build.0 = Release|Any CPU
		{E63BD567-AEFC-4859-9F17-ED646D0D7044}.Release|x86.ActiveCfg = Release|x86
		{E63BD567-AEFC-4859-9F17-ED646D0D7044}.Release|x86.Build.0 = Release|x86
		{AABC737D-3FEE-4066-A90D-D00002404FEB}.Debug|Any CPU.ActiveCfg = Debug|Any CPU
		{AABC737D-3FEE-4066-A90D-D00002404FEB}.Debug|Any CPU.Build.0 = Debug|Any CPU
		{AABC737D-3FEE-4066-A90D-D00002404FEB}.Debug|Mixed Platforms.ActiveCfg = Debug|x86
		{AABC737D-3FEE-4066-A90D-D00002404FEB}.Debug|Mixed Platforms.Build.0 = Debug|x86
		{AABC737D-3FEE-4066-A90D-D00002404FEB}.Debug|x64.ActiveCfg = Debug|Any CPU
		{AABC737D-3FEE-4066-A90D-D00002404FEB}.Debug|x64.Build.0 = Debug|Any CPU
		{AABC737D-3FEE-4066-A90D-D00002404FEB}.Debug|x86.ActiveCfg = Debug|x86
		{AABC737D-3FEE-4066-A90D-D00002404FEB}.Debug|x86.Build.0 = Debug|x86
		{AABC737D-3FEE-4066-A90D-D00002404FEB}.Release|Any CPU.ActiveCfg = Release|Any CPU
		{AABC737D-3FEE-4066-A90D-D00002404FEB}.Release|Any CPU.Build.0 = Release|Any CPU
		{AABC737D-3FEE-4066-A90D-D00002404FEB}.Release|Mixed Platforms.ActiveCfg = Release|x86
		{AABC737D-3FEE-4066-A90D-D00002404FEB}.Release|Mixed Platforms.Build.0 = Release|x86
		{AABC737D-3FEE-4066-A90D-D00002404FEB}.Release|x64.ActiveCfg = Release|Any CPU
		{AABC737D-3FEE-4066-A90D-D00002404FEB}.Release|x64.Build.0 = Release|Any CPU
		{AABC737D-3FEE-4066-A90D-D00002404FEB}.Release|x86.ActiveCfg = Release|x86
		{AABC737D-3FEE-4066-A90D-D00002404FEB}.Release|x86.Build.0 = Release|x86
		{AA253C28-62CC-4DA7-A5E7-F112B6A7DD1F}.Debug|Any CPU.ActiveCfg = Debug|Any CPU
		{AA253C28-62CC-4DA7-A5E7-F112B6A7DD1F}.Debug|Any CPU.Build.0 = Debug|Any CPU
		{AA253C28-62CC-4DA7-A5E7-F112B6A7DD1F}.Debug|Mixed Platforms.ActiveCfg = Debug|x86
		{AA253C28-62CC-4DA7-A5E7-F112B6A7DD1F}.Debug|Mixed Platforms.Build.0 = Debug|x86
		{AA253C28-62CC-4DA7-A5E7-F112B6A7DD1F}.Debug|x64.ActiveCfg = Debug|Any CPU
		{AA253C28-62CC-4DA7-A5E7-F112B6A7DD1F}.Debug|x64.Build.0 = Debug|Any CPU
		{AA253C28-62CC-4DA7-A5E7-F112B6A7DD1F}.Debug|x86.ActiveCfg = Debug|x86
		{AA253C28-62CC-4DA7-A5E7-F112B6A7DD1F}.Debug|x86.Build.0 = Debug|x86
		{AA253C28-62CC-4DA7-A5E7-F112B6A7DD1F}.Release|Any CPU.ActiveCfg = Release|Any CPU
		{AA253C28-62CC-4DA7-A5E7-F112B6A7DD1F}.Release|Any CPU.Build.0 = Release|Any CPU
		{AA253C28-62CC-4DA7-A5E7-F112B6A7DD1F}.Release|Mixed Platforms.ActiveCfg = Release|x86
		{AA253C28-62CC-4DA7-A5E7-F112B6A7DD1F}.Release|Mixed Platforms.Build.0 = Release|x86
		{AA253C28-62CC-4DA7-A5E7-F112B6A7DD1F}.Release|x64.ActiveCfg = Release|Any CPU
		{AA253C28-62CC-4DA7-A5E7-F112B6A7DD1F}.Release|x64.Build.0 = Release|Any CPU
		{AA253C28-62CC-4DA7-A5E7-F112B6A7DD1F}.Release|x86.ActiveCfg = Release|x86
		{AA253C28-62CC-4DA7-A5E7-F112B6A7DD1F}.Release|x86.Build.0 = Release|x86
		{25EC8826-104C-4346-B648-CF7AB591399A}.Debug|Any CPU.ActiveCfg = Debug|Any CPU
		{25EC8826-104C-4346-B648-CF7AB591399A}.Debug|Any CPU.Build.0 = Debug|Any CPU
		{25EC8826-104C-4346-B648-CF7AB591399A}.Debug|Mixed Platforms.ActiveCfg = Debug|x86
		{25EC8826-104C-4346-B648-CF7AB591399A}.Debug|Mixed Platforms.Build.0 = Debug|x86
		{25EC8826-104C-4346-B648-CF7AB591399A}.Debug|x64.ActiveCfg = Debug|Any CPU
		{25EC8826-104C-4346-B648-CF7AB591399A}.Debug|x64.Build.0 = Debug|Any CPU
		{25EC8826-104C-4346-B648-CF7AB591399A}.Debug|x86.ActiveCfg = Debug|x86
		{25EC8826-104C-4346-B648-CF7AB591399A}.Debug|x86.Build.0 = Debug|x86
		{25EC8826-104C-4346-B648-CF7AB591399A}.Release|Any CPU.ActiveCfg = Release|Any CPU
		{25EC8826-104C-4346-B648-CF7AB591399A}.Release|Any CPU.Build.0 = Release|Any CPU
		{25EC8826-104C-4346-B648-CF7AB591399A}.Release|Mixed Platforms.ActiveCfg = Release|x86
		{25EC8826-104C-4346-B648-CF7AB591399A}.Release|Mixed Platforms.Build.0 = Release|x86
		{25EC8826-104C-4346-B648-CF7AB591399A}.Release|x64.ActiveCfg = Release|Any CPU
		{25EC8826-104C-4346-B648-CF7AB591399A}.Release|x64.Build.0 = Release|Any CPU
		{25EC8826-104C-4346-B648-CF7AB591399A}.Release|x86.ActiveCfg = Release|x86
		{25EC8826-104C-4346-B648-CF7AB591399A}.Release|x86.Build.0 = Release|x86
		{335A20F1-F421-4EB1-9961-EE487350818E}.Debug|Any CPU.ActiveCfg = Debug|Any CPU
		{335A20F1-F421-4EB1-9961-EE487350818E}.Debug|Any CPU.Build.0 = Debug|Any CPU
		{335A20F1-F421-4EB1-9961-EE487350818E}.Debug|Mixed Platforms.ActiveCfg = Debug|Any CPU
		{335A20F1-F421-4EB1-9961-EE487350818E}.Debug|Mixed Platforms.Build.0 = Debug|Any CPU
		{335A20F1-F421-4EB1-9961-EE487350818E}.Debug|x64.ActiveCfg = Debug|Any CPU
		{335A20F1-F421-4EB1-9961-EE487350818E}.Debug|x64.Build.0 = Debug|Any CPU
		{335A20F1-F421-4EB1-9961-EE487350818E}.Debug|x86.ActiveCfg = Debug|x86
		{335A20F1-F421-4EB1-9961-EE487350818E}.Debug|x86.Build.0 = Debug|x86
		{335A20F1-F421-4EB1-9961-EE487350818E}.Release|Any CPU.ActiveCfg = Release|Any CPU
		{335A20F1-F421-4EB1-9961-EE487350818E}.Release|Any CPU.Build.0 = Release|Any CPU
		{335A20F1-F421-4EB1-9961-EE487350818E}.Release|Mixed Platforms.ActiveCfg = Release|Any CPU
		{335A20F1-F421-4EB1-9961-EE487350818E}.Release|Mixed Platforms.Build.0 = Release|Any CPU
		{335A20F1-F421-4EB1-9961-EE487350818E}.Release|x64.ActiveCfg = Release|Any CPU
		{335A20F1-F421-4EB1-9961-EE487350818E}.Release|x64.Build.0 = Release|Any CPU
		{335A20F1-F421-4EB1-9961-EE487350818E}.Release|x86.ActiveCfg = Release|Any CPU
		{335A20F1-F421-4EB1-9961-EE487350818E}.Release|x86.Build.0 = Release|Any CPU
		{614BBB6D-D7C4-494A-929E-067EE62573CE}.Debug|Any CPU.ActiveCfg = Debug|Any CPU
		{614BBB6D-D7C4-494A-929E-067EE62573CE}.Debug|Any CPU.Build.0 = Debug|Any CPU
		{614BBB6D-D7C4-494A-929E-067EE62573CE}.Debug|Mixed Platforms.ActiveCfg = Debug|Any CPU
		{614BBB6D-D7C4-494A-929E-067EE62573CE}.Debug|Mixed Platforms.Build.0 = Debug|Any CPU
		{614BBB6D-D7C4-494A-929E-067EE62573CE}.Debug|x64.ActiveCfg = Debug|Any CPU
		{614BBB6D-D7C4-494A-929E-067EE62573CE}.Debug|x64.Build.0 = Debug|Any CPU
		{614BBB6D-D7C4-494A-929E-067EE62573CE}.Debug|x86.ActiveCfg = Debug|x86
		{614BBB6D-D7C4-494A-929E-067EE62573CE}.Debug|x86.Build.0 = Debug|x86
		{614BBB6D-D7C4-494A-929E-067EE62573CE}.Release|Any CPU.ActiveCfg = Release|Any CPU
		{614BBB6D-D7C4-494A-929E-067EE62573CE}.Release|Any CPU.Build.0 = Release|Any CPU
		{614BBB6D-D7C4-494A-929E-067EE62573CE}.Release|Mixed Platforms.ActiveCfg = Release|Any CPU
		{614BBB6D-D7C4-494A-929E-067EE62573CE}.Release|Mixed Platforms.Build.0 = Release|Any CPU
		{614BBB6D-D7C4-494A-929E-067EE62573CE}.Release|x64.ActiveCfg = Release|Any CPU
		{614BBB6D-D7C4-494A-929E-067EE62573CE}.Release|x64.Build.0 = Release|Any CPU
		{614BBB6D-D7C4-494A-929E-067EE62573CE}.Release|x86.ActiveCfg = Release|Any CPU
		{614BBB6D-D7C4-494A-929E-067EE62573CE}.Release|x86.Build.0 = Release|Any CPU
		{D1B3B964-4EF6-4986-9F30-E87ABA37D11D}.Debug|Any CPU.ActiveCfg = Debug|Any CPU
		{D1B3B964-4EF6-4986-9F30-E87ABA37D11D}.Debug|Any CPU.Build.0 = Debug|Any CPU
		{D1B3B964-4EF6-4986-9F30-E87ABA37D11D}.Debug|Mixed Platforms.ActiveCfg = Debug|Any CPU
		{D1B3B964-4EF6-4986-9F30-E87ABA37D11D}.Debug|Mixed Platforms.Build.0 = Debug|Any CPU
		{D1B3B964-4EF6-4986-9F30-E87ABA37D11D}.Debug|x64.ActiveCfg = Debug|Any CPU
		{D1B3B964-4EF6-4986-9F30-E87ABA37D11D}.Debug|x64.Build.0 = Debug|Any CPU
		{D1B3B964-4EF6-4986-9F30-E87ABA37D11D}.Debug|x86.ActiveCfg = Debug|x86
		{D1B3B964-4EF6-4986-9F30-E87ABA37D11D}.Debug|x86.Build.0 = Debug|x86
		{D1B3B964-4EF6-4986-9F30-E87ABA37D11D}.Release|Any CPU.ActiveCfg = Release|Any CPU
		{D1B3B964-4EF6-4986-9F30-E87ABA37D11D}.Release|Any CPU.Build.0 = Release|Any CPU
		{D1B3B964-4EF6-4986-9F30-E87ABA37D11D}.Release|Mixed Platforms.ActiveCfg = Release|Any CPU
		{D1B3B964-4EF6-4986-9F30-E87ABA37D11D}.Release|Mixed Platforms.Build.0 = Release|Any CPU
		{D1B3B964-4EF6-4986-9F30-E87ABA37D11D}.Release|x64.ActiveCfg = Release|Any CPU
		{D1B3B964-4EF6-4986-9F30-E87ABA37D11D}.Release|x64.Build.0 = Release|Any CPU
		{D1B3B964-4EF6-4986-9F30-E87ABA37D11D}.Release|x86.ActiveCfg = Release|Any CPU
		{D1B3B964-4EF6-4986-9F30-E87ABA37D11D}.Release|x86.Build.0 = Release|Any CPU
		{440A6F09-63E4-4BDA-BEF4-BEAF02A8EE30}.Debug|Any CPU.ActiveCfg = Debug|Any CPU
		{440A6F09-63E4-4BDA-BEF4-BEAF02A8EE30}.Debug|Any CPU.Build.0 = Debug|Any CPU
		{440A6F09-63E4-4BDA-BEF4-BEAF02A8EE30}.Debug|Mixed Platforms.ActiveCfg = Debug|Any CPU
		{440A6F09-63E4-4BDA-BEF4-BEAF02A8EE30}.Debug|Mixed Platforms.Build.0 = Debug|Any CPU
		{440A6F09-63E4-4BDA-BEF4-BEAF02A8EE30}.Debug|x64.ActiveCfg = Debug|Any CPU
		{440A6F09-63E4-4BDA-BEF4-BEAF02A8EE30}.Debug|x64.Build.0 = Debug|Any CPU
		{440A6F09-63E4-4BDA-BEF4-BEAF02A8EE30}.Debug|x86.ActiveCfg = Debug|x86
		{440A6F09-63E4-4BDA-BEF4-BEAF02A8EE30}.Debug|x86.Build.0 = Debug|x86
		{440A6F09-63E4-4BDA-BEF4-BEAF02A8EE30}.Release|Any CPU.ActiveCfg = Release|Any CPU
		{440A6F09-63E4-4BDA-BEF4-BEAF02A8EE30}.Release|Any CPU.Build.0 = Release|Any CPU
		{440A6F09-63E4-4BDA-BEF4-BEAF02A8EE30}.Release|Mixed Platforms.ActiveCfg = Release|Any CPU
		{440A6F09-63E4-4BDA-BEF4-BEAF02A8EE30}.Release|Mixed Platforms.Build.0 = Release|Any CPU
		{440A6F09-63E4-4BDA-BEF4-BEAF02A8EE30}.Release|x64.ActiveCfg = Release|Any CPU
		{440A6F09-63E4-4BDA-BEF4-BEAF02A8EE30}.Release|x64.Build.0 = Release|Any CPU
		{440A6F09-63E4-4BDA-BEF4-BEAF02A8EE30}.Release|x86.ActiveCfg = Release|Any CPU
		{440A6F09-63E4-4BDA-BEF4-BEAF02A8EE30}.Release|x86.Build.0 = Release|Any CPU
		{A82D4195-0F75-48B3-8E43-5BE90D061C6C}.Debug|Any CPU.ActiveCfg = Debug|Any CPU
		{A82D4195-0F75-48B3-8E43-5BE90D061C6C}.Debug|Any CPU.Build.0 = Debug|Any CPU
		{A82D4195-0F75-48B3-8E43-5BE90D061C6C}.Debug|Mixed Platforms.ActiveCfg = Debug|x86
		{A82D4195-0F75-48B3-8E43-5BE90D061C6C}.Debug|Mixed Platforms.Build.0 = Debug|x86
		{A82D4195-0F75-48B3-8E43-5BE90D061C6C}.Debug|x64.ActiveCfg = Debug|Any CPU
		{A82D4195-0F75-48B3-8E43-5BE90D061C6C}.Debug|x64.Build.0 = Debug|Any CPU
		{A82D4195-0F75-48B3-8E43-5BE90D061C6C}.Debug|x86.ActiveCfg = Debug|x86
		{A82D4195-0F75-48B3-8E43-5BE90D061C6C}.Debug|x86.Build.0 = Debug|x86
		{A82D4195-0F75-48B3-8E43-5BE90D061C6C}.Release|Any CPU.ActiveCfg = Release|Any CPU
		{A82D4195-0F75-48B3-8E43-5BE90D061C6C}.Release|Any CPU.Build.0 = Release|Any CPU
		{A82D4195-0F75-48B3-8E43-5BE90D061C6C}.Release|Mixed Platforms.ActiveCfg = Release|x86
		{A82D4195-0F75-48B3-8E43-5BE90D061C6C}.Release|Mixed Platforms.Build.0 = Release|x86
		{A82D4195-0F75-48B3-8E43-5BE90D061C6C}.Release|x64.ActiveCfg = Release|Any CPU
		{A82D4195-0F75-48B3-8E43-5BE90D061C6C}.Release|x64.Build.0 = Release|Any CPU
		{A82D4195-0F75-48B3-8E43-5BE90D061C6C}.Release|x86.ActiveCfg = Release|x86
		{A82D4195-0F75-48B3-8E43-5BE90D061C6C}.Release|x86.Build.0 = Release|x86
		{0D2B555B-3DF7-460B-843B-F9F3145135BD}.Debug|Any CPU.ActiveCfg = Debug|Any CPU
		{0D2B555B-3DF7-460B-843B-F9F3145135BD}.Debug|Any CPU.Build.0 = Debug|Any CPU
		{0D2B555B-3DF7-460B-843B-F9F3145135BD}.Debug|Mixed Platforms.ActiveCfg = Debug|Any CPU
		{0D2B555B-3DF7-460B-843B-F9F3145135BD}.Debug|Mixed Platforms.Build.0 = Debug|Any CPU
		{0D2B555B-3DF7-460B-843B-F9F3145135BD}.Debug|x64.ActiveCfg = Debug|Any CPU
		{0D2B555B-3DF7-460B-843B-F9F3145135BD}.Debug|x64.Build.0 = Debug|Any CPU
		{0D2B555B-3DF7-460B-843B-F9F3145135BD}.Debug|x86.ActiveCfg = Debug|x86
		{0D2B555B-3DF7-460B-843B-F9F3145135BD}.Debug|x86.Build.0 = Debug|x86
		{0D2B555B-3DF7-460B-843B-F9F3145135BD}.Release|Any CPU.ActiveCfg = Release|Any CPU
		{0D2B555B-3DF7-460B-843B-F9F3145135BD}.Release|Any CPU.Build.0 = Release|Any CPU
		{0D2B555B-3DF7-460B-843B-F9F3145135BD}.Release|Mixed Platforms.ActiveCfg = Release|Any CPU
		{0D2B555B-3DF7-460B-843B-F9F3145135BD}.Release|Mixed Platforms.Build.0 = Release|Any CPU
		{0D2B555B-3DF7-460B-843B-F9F3145135BD}.Release|x64.ActiveCfg = Release|Any CPU
		{0D2B555B-3DF7-460B-843B-F9F3145135BD}.Release|x64.Build.0 = Release|Any CPU
		{0D2B555B-3DF7-460B-843B-F9F3145135BD}.Release|x86.ActiveCfg = Release|Any CPU
		{0D2B555B-3DF7-460B-843B-F9F3145135BD}.Release|x86.Build.0 = Release|Any CPU
		{E489B2FD-DD99-4276-BD33-51099ACA0970}.Debug|Any CPU.ActiveCfg = Debug|Any CPU
		{E489B2FD-DD99-4276-BD33-51099ACA0970}.Debug|Any CPU.Build.0 = Debug|Any CPU
		{E489B2FD-DD99-4276-BD33-51099ACA0970}.Debug|Mixed Platforms.ActiveCfg = Debug|Any CPU
		{E489B2FD-DD99-4276-BD33-51099ACA0970}.Debug|Mixed Platforms.Build.0 = Debug|Any CPU
		{E489B2FD-DD99-4276-BD33-51099ACA0970}.Debug|x64.ActiveCfg = Debug|Any CPU
		{E489B2FD-DD99-4276-BD33-51099ACA0970}.Debug|x64.Build.0 = Debug|Any CPU
		{E489B2FD-DD99-4276-BD33-51099ACA0970}.Debug|x86.ActiveCfg = Debug|x86
		{E489B2FD-DD99-4276-BD33-51099ACA0970}.Debug|x86.Build.0 = Debug|x86
		{E489B2FD-DD99-4276-BD33-51099ACA0970}.Release|Any CPU.ActiveCfg = Release|Any CPU
		{E489B2FD-DD99-4276-BD33-51099ACA0970}.Release|Any CPU.Build.0 = Release|Any CPU
		{E489B2FD-DD99-4276-BD33-51099ACA0970}.Release|Mixed Platforms.ActiveCfg = Release|Any CPU
		{E489B2FD-DD99-4276-BD33-51099ACA0970}.Release|Mixed Platforms.Build.0 = Release|Any CPU
		{E489B2FD-DD99-4276-BD33-51099ACA0970}.Release|x64.ActiveCfg = Release|Any CPU
		{E489B2FD-DD99-4276-BD33-51099ACA0970}.Release|x64.Build.0 = Release|Any CPU
		{E489B2FD-DD99-4276-BD33-51099ACA0970}.Release|x86.ActiveCfg = Release|Any CPU
		{E489B2FD-DD99-4276-BD33-51099ACA0970}.Release|x86.Build.0 = Release|Any CPU
		{BA9E21FA-3267-4B69-BB72-ABA196F715B4}.Debug|Any CPU.ActiveCfg = Debug|Any CPU
		{BA9E21FA-3267-4B69-BB72-ABA196F715B4}.Debug|Any CPU.Build.0 = Debug|Any CPU
		{BA9E21FA-3267-4B69-BB72-ABA196F715B4}.Debug|Mixed Platforms.ActiveCfg = Debug|Any CPU
		{BA9E21FA-3267-4B69-BB72-ABA196F715B4}.Debug|Mixed Platforms.Build.0 = Debug|Any CPU
		{BA9E21FA-3267-4B69-BB72-ABA196F715B4}.Debug|x64.ActiveCfg = Debug|Any CPU
		{BA9E21FA-3267-4B69-BB72-ABA196F715B4}.Debug|x64.Build.0 = Debug|Any CPU
		{BA9E21FA-3267-4B69-BB72-ABA196F715B4}.Debug|x86.ActiveCfg = Debug|x86
		{BA9E21FA-3267-4B69-BB72-ABA196F715B4}.Debug|x86.Build.0 = Debug|x86
		{BA9E21FA-3267-4B69-BB72-ABA196F715B4}.Release|Any CPU.ActiveCfg = Release|Any CPU
		{BA9E21FA-3267-4B69-BB72-ABA196F715B4}.Release|Any CPU.Build.0 = Release|Any CPU
		{BA9E21FA-3267-4B69-BB72-ABA196F715B4}.Release|Mixed Platforms.ActiveCfg = Release|Any CPU
		{BA9E21FA-3267-4B69-BB72-ABA196F715B4}.Release|Mixed Platforms.Build.0 = Release|Any CPU
		{BA9E21FA-3267-4B69-BB72-ABA196F715B4}.Release|x64.ActiveCfg = Release|Any CPU
		{BA9E21FA-3267-4B69-BB72-ABA196F715B4}.Release|x64.Build.0 = Release|Any CPU
		{BA9E21FA-3267-4B69-BB72-ABA196F715B4}.Release|x86.ActiveCfg = Release|Any CPU
		{BA9E21FA-3267-4B69-BB72-ABA196F715B4}.Release|x86.Build.0 = Release|Any CPU
		{2001FC2C-5166-4828-A47D-AB6D455A634B}.Debug|Any CPU.ActiveCfg = Debug|Any CPU
		{2001FC2C-5166-4828-A47D-AB6D455A634B}.Debug|Any CPU.Build.0 = Debug|Any CPU
		{2001FC2C-5166-4828-A47D-AB6D455A634B}.Debug|Mixed Platforms.ActiveCfg = Debug|Any CPU
		{2001FC2C-5166-4828-A47D-AB6D455A634B}.Debug|Mixed Platforms.Build.0 = Debug|Any CPU
		{2001FC2C-5166-4828-A47D-AB6D455A634B}.Debug|x64.ActiveCfg = Debug|Any CPU
		{2001FC2C-5166-4828-A47D-AB6D455A634B}.Debug|x64.Build.0 = Debug|Any CPU
		{2001FC2C-5166-4828-A47D-AB6D455A634B}.Debug|x86.ActiveCfg = Debug|x86
		{2001FC2C-5166-4828-A47D-AB6D455A634B}.Debug|x86.Build.0 = Debug|x86
		{2001FC2C-5166-4828-A47D-AB6D455A634B}.Release|Any CPU.ActiveCfg = Release|Any CPU
		{2001FC2C-5166-4828-A47D-AB6D455A634B}.Release|Any CPU.Build.0 = Release|Any CPU
		{2001FC2C-5166-4828-A47D-AB6D455A634B}.Release|Mixed Platforms.ActiveCfg = Release|Any CPU
		{2001FC2C-5166-4828-A47D-AB6D455A634B}.Release|Mixed Platforms.Build.0 = Release|Any CPU
		{2001FC2C-5166-4828-A47D-AB6D455A634B}.Release|x64.ActiveCfg = Release|Any CPU
		{2001FC2C-5166-4828-A47D-AB6D455A634B}.Release|x64.Build.0 = Release|Any CPU
		{2001FC2C-5166-4828-A47D-AB6D455A634B}.Release|x86.ActiveCfg = Release|Any CPU
		{2001FC2C-5166-4828-A47D-AB6D455A634B}.Release|x86.Build.0 = Release|Any CPU
		{3A9A7BF2-46AB-46B6-AF62-9822181CF6CA}.Debug|Any CPU.ActiveCfg = Debug|Any CPU
		{3A9A7BF2-46AB-46B6-AF62-9822181CF6CA}.Debug|Any CPU.Build.0 = Debug|Any CPU
		{3A9A7BF2-46AB-46B6-AF62-9822181CF6CA}.Debug|Mixed Platforms.ActiveCfg = Debug|x86
		{3A9A7BF2-46AB-46B6-AF62-9822181CF6CA}.Debug|Mixed Platforms.Build.0 = Debug|x86
		{3A9A7BF2-46AB-46B6-AF62-9822181CF6CA}.Debug|x64.ActiveCfg = Debug|Any CPU
		{3A9A7BF2-46AB-46B6-AF62-9822181CF6CA}.Debug|x64.Build.0 = Debug|Any CPU
		{3A9A7BF2-46AB-46B6-AF62-9822181CF6CA}.Debug|x86.ActiveCfg = Debug|x86
		{3A9A7BF2-46AB-46B6-AF62-9822181CF6CA}.Debug|x86.Build.0 = Debug|x86
		{3A9A7BF2-46AB-46B6-AF62-9822181CF6CA}.Release|Any CPU.ActiveCfg = Release|Any CPU
		{3A9A7BF2-46AB-46B6-AF62-9822181CF6CA}.Release|Any CPU.Build.0 = Release|Any CPU
		{3A9A7BF2-46AB-46B6-AF62-9822181CF6CA}.Release|Mixed Platforms.ActiveCfg = Release|x86
		{3A9A7BF2-46AB-46B6-AF62-9822181CF6CA}.Release|Mixed Platforms.Build.0 = Release|x86
		{3A9A7BF2-46AB-46B6-AF62-9822181CF6CA}.Release|x64.ActiveCfg = Release|Any CPU
		{3A9A7BF2-46AB-46B6-AF62-9822181CF6CA}.Release|x64.Build.0 = Release|Any CPU
		{3A9A7BF2-46AB-46B6-AF62-9822181CF6CA}.Release|x86.ActiveCfg = Release|x86
		{3A9A7BF2-46AB-46B6-AF62-9822181CF6CA}.Release|x86.Build.0 = Release|x86
		{80D4F5CA-1065-4487-8FDE-9FEE9821716C}.Debug|Any CPU.ActiveCfg = Debug|Any CPU
		{80D4F5CA-1065-4487-8FDE-9FEE9821716C}.Debug|Any CPU.Build.0 = Debug|Any CPU
		{80D4F5CA-1065-4487-8FDE-9FEE9821716C}.Debug|Mixed Platforms.ActiveCfg = Debug|x86
		{80D4F5CA-1065-4487-8FDE-9FEE9821716C}.Debug|Mixed Platforms.Build.0 = Debug|x86
		{80D4F5CA-1065-4487-8FDE-9FEE9821716C}.Debug|x64.ActiveCfg = Debug|Any CPU
		{80D4F5CA-1065-4487-8FDE-9FEE9821716C}.Debug|x64.Build.0 = Debug|Any CPU
		{80D4F5CA-1065-4487-8FDE-9FEE9821716C}.Debug|x86.ActiveCfg = Debug|x86
		{80D4F5CA-1065-4487-8FDE-9FEE9821716C}.Debug|x86.Build.0 = Debug|x86
		{80D4F5CA-1065-4487-8FDE-9FEE9821716C}.Release|Any CPU.ActiveCfg = Release|Any CPU
		{80D4F5CA-1065-4487-8FDE-9FEE9821716C}.Release|Any CPU.Build.0 = Release|Any CPU
		{80D4F5CA-1065-4487-8FDE-9FEE9821716C}.Release|Mixed Platforms.ActiveCfg = Release|x86
		{80D4F5CA-1065-4487-8FDE-9FEE9821716C}.Release|Mixed Platforms.Build.0 = Release|x86
		{80D4F5CA-1065-4487-8FDE-9FEE9821716C}.Release|x64.ActiveCfg = Release|Any CPU
		{80D4F5CA-1065-4487-8FDE-9FEE9821716C}.Release|x64.Build.0 = Release|Any CPU
		{80D4F5CA-1065-4487-8FDE-9FEE9821716C}.Release|x86.ActiveCfg = Release|x86
		{80D4F5CA-1065-4487-8FDE-9FEE9821716C}.Release|x86.Build.0 = Release|x86
		{718C5421-B0C6-493A-91FA-471B9C48883E}.Debug|Any CPU.ActiveCfg = Debug|Any CPU
		{718C5421-B0C6-493A-91FA-471B9C48883E}.Debug|Any CPU.Build.0 = Debug|Any CPU
		{718C5421-B0C6-493A-91FA-471B9C48883E}.Debug|Mixed Platforms.ActiveCfg = Debug|Any CPU
		{718C5421-B0C6-493A-91FA-471B9C48883E}.Debug|Mixed Platforms.Build.0 = Debug|Any CPU
		{718C5421-B0C6-493A-91FA-471B9C48883E}.Debug|x64.ActiveCfg = Debug|Any CPU
		{718C5421-B0C6-493A-91FA-471B9C48883E}.Debug|x64.Build.0 = Debug|Any CPU
		{718C5421-B0C6-493A-91FA-471B9C48883E}.Debug|x86.ActiveCfg = Debug|x86
		{718C5421-B0C6-493A-91FA-471B9C48883E}.Debug|x86.Build.0 = Debug|x86
		{718C5421-B0C6-493A-91FA-471B9C48883E}.Release|Any CPU.ActiveCfg = Release|Any CPU
		{718C5421-B0C6-493A-91FA-471B9C48883E}.Release|Any CPU.Build.0 = Release|Any CPU
		{718C5421-B0C6-493A-91FA-471B9C48883E}.Release|Mixed Platforms.ActiveCfg = Release|Any CPU
		{718C5421-B0C6-493A-91FA-471B9C48883E}.Release|Mixed Platforms.Build.0 = Release|Any CPU
		{718C5421-B0C6-493A-91FA-471B9C48883E}.Release|x64.ActiveCfg = Release|Any CPU
		{718C5421-B0C6-493A-91FA-471B9C48883E}.Release|x64.Build.0 = Release|Any CPU
		{718C5421-B0C6-493A-91FA-471B9C48883E}.Release|x86.ActiveCfg = Release|Any CPU
		{718C5421-B0C6-493A-91FA-471B9C48883E}.Release|x86.Build.0 = Release|Any CPU
		{D7C663BD-E6BA-45F6-91C3-11450CEE7FC3}.Debug|Any CPU.ActiveCfg = Debug|Any CPU
		{D7C663BD-E6BA-45F6-91C3-11450CEE7FC3}.Debug|Any CPU.Build.0 = Debug|Any CPU
		{D7C663BD-E6BA-45F6-91C3-11450CEE7FC3}.Debug|Mixed Platforms.ActiveCfg = Debug|Any CPU
		{D7C663BD-E6BA-45F6-91C3-11450CEE7FC3}.Debug|Mixed Platforms.Build.0 = Debug|Any CPU
		{D7C663BD-E6BA-45F6-91C3-11450CEE7FC3}.Debug|x64.ActiveCfg = Debug|Any CPU
		{D7C663BD-E6BA-45F6-91C3-11450CEE7FC3}.Debug|x64.Build.0 = Debug|Any CPU
		{D7C663BD-E6BA-45F6-91C3-11450CEE7FC3}.Debug|x86.ActiveCfg = Debug|x86
		{D7C663BD-E6BA-45F6-91C3-11450CEE7FC3}.Debug|x86.Build.0 = Debug|x86
		{D7C663BD-E6BA-45F6-91C3-11450CEE7FC3}.Release|Any CPU.ActiveCfg = Release|Any CPU
		{D7C663BD-E6BA-45F6-91C3-11450CEE7FC3}.Release|Any CPU.Build.0 = Release|Any CPU
		{D7C663BD-E6BA-45F6-91C3-11450CEE7FC3}.Release|Mixed Platforms.ActiveCfg = Release|Any CPU
		{D7C663BD-E6BA-45F6-91C3-11450CEE7FC3}.Release|Mixed Platforms.Build.0 = Release|Any CPU
		{D7C663BD-E6BA-45F6-91C3-11450CEE7FC3}.Release|x64.ActiveCfg = Release|Any CPU
		{D7C663BD-E6BA-45F6-91C3-11450CEE7FC3}.Release|x64.Build.0 = Release|Any CPU
		{D7C663BD-E6BA-45F6-91C3-11450CEE7FC3}.Release|x86.ActiveCfg = Release|Any CPU
		{D7C663BD-E6BA-45F6-91C3-11450CEE7FC3}.Release|x86.Build.0 = Release|Any CPU
		{8011F38B-5A4B-4FE7-8E1B-BD9D14905FFC}.Debug|Any CPU.ActiveCfg = Debug|Any CPU
		{8011F38B-5A4B-4FE7-8E1B-BD9D14905FFC}.Debug|Any CPU.Build.0 = Debug|Any CPU
		{8011F38B-5A4B-4FE7-8E1B-BD9D14905FFC}.Debug|Mixed Platforms.ActiveCfg = Debug|Any CPU
		{8011F38B-5A4B-4FE7-8E1B-BD9D14905FFC}.Debug|Mixed Platforms.Build.0 = Debug|Any CPU
		{8011F38B-5A4B-4FE7-8E1B-BD9D14905FFC}.Debug|x64.ActiveCfg = Debug|Any CPU
		{8011F38B-5A4B-4FE7-8E1B-BD9D14905FFC}.Debug|x64.Build.0 = Debug|Any CPU
		{8011F38B-5A4B-4FE7-8E1B-BD9D14905FFC}.Debug|x86.ActiveCfg = Debug|x86
		{8011F38B-5A4B-4FE7-8E1B-BD9D14905FFC}.Debug|x86.Build.0 = Debug|x86
		{8011F38B-5A4B-4FE7-8E1B-BD9D14905FFC}.Release|Any CPU.ActiveCfg = Release|Any CPU
		{8011F38B-5A4B-4FE7-8E1B-BD9D14905FFC}.Release|Any CPU.Build.0 = Release|Any CPU
		{8011F38B-5A4B-4FE7-8E1B-BD9D14905FFC}.Release|Mixed Platforms.ActiveCfg = Release|Any CPU
		{8011F38B-5A4B-4FE7-8E1B-BD9D14905FFC}.Release|Mixed Platforms.Build.0 = Release|Any CPU
		{8011F38B-5A4B-4FE7-8E1B-BD9D14905FFC}.Release|x64.ActiveCfg = Release|Any CPU
		{8011F38B-5A4B-4FE7-8E1B-BD9D14905FFC}.Release|x64.Build.0 = Release|Any CPU
		{8011F38B-5A4B-4FE7-8E1B-BD9D14905FFC}.Release|x86.ActiveCfg = Release|Any CPU
		{8011F38B-5A4B-4FE7-8E1B-BD9D14905FFC}.Release|x86.Build.0 = Release|Any CPU
		{5D68EFC4-EE17-4754-BBF8-8CFF06B59F12}.Debug|Any CPU.ActiveCfg = Debug|Any CPU
		{5D68EFC4-EE17-4754-BBF8-8CFF06B59F12}.Debug|Any CPU.Build.0 = Debug|Any CPU
		{5D68EFC4-EE17-4754-BBF8-8CFF06B59F12}.Debug|Mixed Platforms.ActiveCfg = Debug|Any CPU
		{5D68EFC4-EE17-4754-BBF8-8CFF06B59F12}.Debug|Mixed Platforms.Build.0 = Debug|Any CPU
		{5D68EFC4-EE17-4754-BBF8-8CFF06B59F12}.Debug|x64.ActiveCfg = Debug|Any CPU
		{5D68EFC4-EE17-4754-BBF8-8CFF06B59F12}.Debug|x64.Build.0 = Debug|Any CPU
		{5D68EFC4-EE17-4754-BBF8-8CFF06B59F12}.Debug|x86.ActiveCfg = Debug|x86
		{5D68EFC4-EE17-4754-BBF8-8CFF06B59F12}.Debug|x86.Build.0 = Debug|x86
		{5D68EFC4-EE17-4754-BBF8-8CFF06B59F12}.Release|Any CPU.ActiveCfg = Release|Any CPU
		{5D68EFC4-EE17-4754-BBF8-8CFF06B59F12}.Release|Any CPU.Build.0 = Release|Any CPU
		{5D68EFC4-EE17-4754-BBF8-8CFF06B59F12}.Release|Mixed Platforms.ActiveCfg = Release|Any CPU
		{5D68EFC4-EE17-4754-BBF8-8CFF06B59F12}.Release|Mixed Platforms.Build.0 = Release|Any CPU
		{5D68EFC4-EE17-4754-BBF8-8CFF06B59F12}.Release|x64.ActiveCfg = Release|Any CPU
		{5D68EFC4-EE17-4754-BBF8-8CFF06B59F12}.Release|x64.Build.0 = Release|Any CPU
		{5D68EFC4-EE17-4754-BBF8-8CFF06B59F12}.Release|x86.ActiveCfg = Release|Any CPU
		{5D68EFC4-EE17-4754-BBF8-8CFF06B59F12}.Release|x86.Build.0 = Release|Any CPU
		{6469A920-5763-4853-858D-455FA43894B8}.Debug|Any CPU.ActiveCfg = Debug|Any CPU
		{6469A920-5763-4853-858D-455FA43894B8}.Debug|Any CPU.Build.0 = Debug|Any CPU
		{6469A920-5763-4853-858D-455FA43894B8}.Debug|Mixed Platforms.ActiveCfg = Debug|Any CPU
		{6469A920-5763-4853-858D-455FA43894B8}.Debug|Mixed Platforms.Build.0 = Debug|Any CPU
		{6469A920-5763-4853-858D-455FA43894B8}.Debug|x64.ActiveCfg = Debug|Any CPU
		{6469A920-5763-4853-858D-455FA43894B8}.Debug|x64.Build.0 = Debug|Any CPU
		{6469A920-5763-4853-858D-455FA43894B8}.Debug|x86.ActiveCfg = Debug|x86
		{6469A920-5763-4853-858D-455FA43894B8}.Debug|x86.Build.0 = Debug|x86
		{6469A920-5763-4853-858D-455FA43894B8}.Release|Any CPU.ActiveCfg = Release|Any CPU
		{6469A920-5763-4853-858D-455FA43894B8}.Release|Any CPU.Build.0 = Release|Any CPU
		{6469A920-5763-4853-858D-455FA43894B8}.Release|Mixed Platforms.ActiveCfg = Release|Any CPU
		{6469A920-5763-4853-858D-455FA43894B8}.Release|Mixed Platforms.Build.0 = Release|Any CPU
		{6469A920-5763-4853-858D-455FA43894B8}.Release|x64.ActiveCfg = Release|Any CPU
		{6469A920-5763-4853-858D-455FA43894B8}.Release|x64.Build.0 = Release|Any CPU
		{6469A920-5763-4853-858D-455FA43894B8}.Release|x86.ActiveCfg = Release|Any CPU
		{6469A920-5763-4853-858D-455FA43894B8}.Release|x86.Build.0 = Release|Any CPU
		{4E89A142-E8E6-4936-A76E-7AB40867BF4F}.Debug|Any CPU.ActiveCfg = Debug|Any CPU
		{4E89A142-E8E6-4936-A76E-7AB40867BF4F}.Debug|Any CPU.Build.0 = Debug|Any CPU
		{4E89A142-E8E6-4936-A76E-7AB40867BF4F}.Debug|Mixed Platforms.ActiveCfg = Debug|Any CPU
		{4E89A142-E8E6-4936-A76E-7AB40867BF4F}.Debug|Mixed Platforms.Build.0 = Debug|Any CPU
		{4E89A142-E8E6-4936-A76E-7AB40867BF4F}.Debug|x64.ActiveCfg = Debug|Any CPU
		{4E89A142-E8E6-4936-A76E-7AB40867BF4F}.Debug|x64.Build.0 = Debug|Any CPU
		{4E89A142-E8E6-4936-A76E-7AB40867BF4F}.Debug|x86.ActiveCfg = Debug|x86
		{4E89A142-E8E6-4936-A76E-7AB40867BF4F}.Debug|x86.Build.0 = Debug|x86
		{4E89A142-E8E6-4936-A76E-7AB40867BF4F}.Release|Any CPU.ActiveCfg = Release|Any CPU
		{4E89A142-E8E6-4936-A76E-7AB40867BF4F}.Release|Any CPU.Build.0 = Release|Any CPU
		{4E89A142-E8E6-4936-A76E-7AB40867BF4F}.Release|Mixed Platforms.ActiveCfg = Release|Any CPU
		{4E89A142-E8E6-4936-A76E-7AB40867BF4F}.Release|Mixed Platforms.Build.0 = Release|Any CPU
		{4E89A142-E8E6-4936-A76E-7AB40867BF4F}.Release|x64.ActiveCfg = Release|Any CPU
		{4E89A142-E8E6-4936-A76E-7AB40867BF4F}.Release|x64.Build.0 = Release|Any CPU
		{4E89A142-E8E6-4936-A76E-7AB40867BF4F}.Release|x86.ActiveCfg = Release|Any CPU
		{4E89A142-E8E6-4936-A76E-7AB40867BF4F}.Release|x86.Build.0 = Release|Any CPU
		{77586540-30D1-4A2E-B42D-DADA1738BB0A}.Debug|Any CPU.ActiveCfg = Debug|Any CPU
		{77586540-30D1-4A2E-B42D-DADA1738BB0A}.Debug|Any CPU.Build.0 = Debug|Any CPU
		{77586540-30D1-4A2E-B42D-DADA1738BB0A}.Debug|Mixed Platforms.ActiveCfg = Debug|Any CPU
		{77586540-30D1-4A2E-B42D-DADA1738BB0A}.Debug|Mixed Platforms.Build.0 = Debug|Any CPU
		{77586540-30D1-4A2E-B42D-DADA1738BB0A}.Debug|x64.ActiveCfg = Debug|Any CPU
		{77586540-30D1-4A2E-B42D-DADA1738BB0A}.Debug|x64.Build.0 = Debug|Any CPU
		{77586540-30D1-4A2E-B42D-DADA1738BB0A}.Debug|x86.ActiveCfg = Debug|x86
		{77586540-30D1-4A2E-B42D-DADA1738BB0A}.Debug|x86.Build.0 = Debug|x86
		{77586540-30D1-4A2E-B42D-DADA1738BB0A}.Release|Any CPU.ActiveCfg = Release|Any CPU
		{77586540-30D1-4A2E-B42D-DADA1738BB0A}.Release|Any CPU.Build.0 = Release|Any CPU
		{77586540-30D1-4A2E-B42D-DADA1738BB0A}.Release|Mixed Platforms.ActiveCfg = Release|Any CPU
		{77586540-30D1-4A2E-B42D-DADA1738BB0A}.Release|Mixed Platforms.Build.0 = Release|Any CPU
		{77586540-30D1-4A2E-B42D-DADA1738BB0A}.Release|x64.ActiveCfg = Release|Any CPU
		{77586540-30D1-4A2E-B42D-DADA1738BB0A}.Release|x64.Build.0 = Release|Any CPU
		{77586540-30D1-4A2E-B42D-DADA1738BB0A}.Release|x86.ActiveCfg = Release|Any CPU
		{77586540-30D1-4A2E-B42D-DADA1738BB0A}.Release|x86.Build.0 = Release|Any CPU
		{BD6DC847-5389-47AB-9F7C-0D25CA59C7EB}.Debug|Any CPU.ActiveCfg = Debug|Any CPU
		{BD6DC847-5389-47AB-9F7C-0D25CA59C7EB}.Debug|Any CPU.Build.0 = Debug|Any CPU
		{BD6DC847-5389-47AB-9F7C-0D25CA59C7EB}.Debug|Mixed Platforms.ActiveCfg = Debug|Any CPU
		{BD6DC847-5389-47AB-9F7C-0D25CA59C7EB}.Debug|Mixed Platforms.Build.0 = Debug|Any CPU
		{BD6DC847-5389-47AB-9F7C-0D25CA59C7EB}.Debug|x64.ActiveCfg = Debug|Any CPU
		{BD6DC847-5389-47AB-9F7C-0D25CA59C7EB}.Debug|x64.Build.0 = Debug|Any CPU
		{BD6DC847-5389-47AB-9F7C-0D25CA59C7EB}.Debug|x86.ActiveCfg = Debug|x86
		{BD6DC847-5389-47AB-9F7C-0D25CA59C7EB}.Debug|x86.Build.0 = Debug|x86
		{BD6DC847-5389-47AB-9F7C-0D25CA59C7EB}.Release|Any CPU.ActiveCfg = Release|Any CPU
		{BD6DC847-5389-47AB-9F7C-0D25CA59C7EB}.Release|Any CPU.Build.0 = Release|Any CPU
		{BD6DC847-5389-47AB-9F7C-0D25CA59C7EB}.Release|Mixed Platforms.ActiveCfg = Release|Any CPU
		{BD6DC847-5389-47AB-9F7C-0D25CA59C7EB}.Release|Mixed Platforms.Build.0 = Release|Any CPU
		{BD6DC847-5389-47AB-9F7C-0D25CA59C7EB}.Release|x64.ActiveCfg = Release|Any CPU
		{BD6DC847-5389-47AB-9F7C-0D25CA59C7EB}.Release|x64.Build.0 = Release|Any CPU
		{BD6DC847-5389-47AB-9F7C-0D25CA59C7EB}.Release|x86.ActiveCfg = Release|Any CPU
		{BD6DC847-5389-47AB-9F7C-0D25CA59C7EB}.Release|x86.Build.0 = Release|Any CPU
		{2536113C-36B7-4537-B1F0-22FCA97006AB}.Debug|Any CPU.ActiveCfg = Debug|Any CPU
		{2536113C-36B7-4537-B1F0-22FCA97006AB}.Debug|Any CPU.Build.0 = Debug|Any CPU
		{2536113C-36B7-4537-B1F0-22FCA97006AB}.Debug|Mixed Platforms.ActiveCfg = Debug|Any CPU
		{2536113C-36B7-4537-B1F0-22FCA97006AB}.Debug|Mixed Platforms.Build.0 = Debug|Any CPU
		{2536113C-36B7-4537-B1F0-22FCA97006AB}.Debug|x64.ActiveCfg = Debug|Any CPU
		{2536113C-36B7-4537-B1F0-22FCA97006AB}.Debug|x64.Build.0 = Debug|Any CPU
		{2536113C-36B7-4537-B1F0-22FCA97006AB}.Debug|x86.ActiveCfg = Debug|x86
		{2536113C-36B7-4537-B1F0-22FCA97006AB}.Debug|x86.Build.0 = Debug|x86
		{2536113C-36B7-4537-B1F0-22FCA97006AB}.Release|Any CPU.ActiveCfg = Release|Any CPU
		{2536113C-36B7-4537-B1F0-22FCA97006AB}.Release|Any CPU.Build.0 = Release|Any CPU
		{2536113C-36B7-4537-B1F0-22FCA97006AB}.Release|Mixed Platforms.ActiveCfg = Release|Any CPU
		{2536113C-36B7-4537-B1F0-22FCA97006AB}.Release|Mixed Platforms.Build.0 = Release|Any CPU
		{2536113C-36B7-4537-B1F0-22FCA97006AB}.Release|x64.ActiveCfg = Release|Any CPU
		{2536113C-36B7-4537-B1F0-22FCA97006AB}.Release|x64.Build.0 = Release|Any CPU
		{2536113C-36B7-4537-B1F0-22FCA97006AB}.Release|x86.ActiveCfg = Release|Any CPU
		{2536113C-36B7-4537-B1F0-22FCA97006AB}.Release|x86.Build.0 = Release|Any CPU
		{2CDD21B9-CEE4-416C-A0FA-19364A795AC6}.Debug|Any CPU.ActiveCfg = Debug|Any CPU
		{2CDD21B9-CEE4-416C-A0FA-19364A795AC6}.Debug|Any CPU.Build.0 = Debug|Any CPU
		{2CDD21B9-CEE4-416C-A0FA-19364A795AC6}.Debug|Mixed Platforms.ActiveCfg = Debug|Any CPU
		{2CDD21B9-CEE4-416C-A0FA-19364A795AC6}.Debug|Mixed Platforms.Build.0 = Debug|Any CPU
		{2CDD21B9-CEE4-416C-A0FA-19364A795AC6}.Debug|x64.ActiveCfg = Debug|Any CPU
		{2CDD21B9-CEE4-416C-A0FA-19364A795AC6}.Debug|x64.Build.0 = Debug|Any CPU
		{2CDD21B9-CEE4-416C-A0FA-19364A795AC6}.Debug|x86.ActiveCfg = Debug|Any CPU
		{2CDD21B9-CEE4-416C-A0FA-19364A795AC6}.Debug|x86.Build.0 = Debug|Any CPU
		{2CDD21B9-CEE4-416C-A0FA-19364A795AC6}.Release|Any CPU.ActiveCfg = Release|Any CPU
		{2CDD21B9-CEE4-416C-A0FA-19364A795AC6}.Release|Any CPU.Build.0 = Release|Any CPU
		{2CDD21B9-CEE4-416C-A0FA-19364A795AC6}.Release|Mixed Platforms.ActiveCfg = Release|Any CPU
		{2CDD21B9-CEE4-416C-A0FA-19364A795AC6}.Release|Mixed Platforms.Build.0 = Release|Any CPU
		{2CDD21B9-CEE4-416C-A0FA-19364A795AC6}.Release|x64.ActiveCfg = Release|Any CPU
		{2CDD21B9-CEE4-416C-A0FA-19364A795AC6}.Release|x64.Build.0 = Release|Any CPU
		{2CDD21B9-CEE4-416C-A0FA-19364A795AC6}.Release|x86.ActiveCfg = Release|Any CPU
		{2CDD21B9-CEE4-416C-A0FA-19364A795AC6}.Release|x86.Build.0 = Release|Any CPU
		{ED49D168-61BA-402C-863A-2F1A94774375}.Debug|Any CPU.ActiveCfg = Debug|Any CPU
		{ED49D168-61BA-402C-863A-2F1A94774375}.Debug|Any CPU.Build.0 = Debug|Any CPU
		{ED49D168-61BA-402C-863A-2F1A94774375}.Debug|Mixed Platforms.ActiveCfg = Debug|Any CPU
		{ED49D168-61BA-402C-863A-2F1A94774375}.Debug|Mixed Platforms.Build.0 = Debug|Any CPU
		{ED49D168-61BA-402C-863A-2F1A94774375}.Debug|x64.ActiveCfg = Debug|Any CPU
		{ED49D168-61BA-402C-863A-2F1A94774375}.Debug|x64.Build.0 = Debug|Any CPU
		{ED49D168-61BA-402C-863A-2F1A94774375}.Debug|x86.ActiveCfg = Debug|Any CPU
		{ED49D168-61BA-402C-863A-2F1A94774375}.Debug|x86.Build.0 = Debug|Any CPU
		{ED49D168-61BA-402C-863A-2F1A94774375}.Release|Any CPU.ActiveCfg = Release|Any CPU
		{ED49D168-61BA-402C-863A-2F1A94774375}.Release|Any CPU.Build.0 = Release|Any CPU
		{ED49D168-61BA-402C-863A-2F1A94774375}.Release|Mixed Platforms.ActiveCfg = Release|Any CPU
		{ED49D168-61BA-402C-863A-2F1A94774375}.Release|Mixed Platforms.Build.0 = Release|Any CPU
		{ED49D168-61BA-402C-863A-2F1A94774375}.Release|x64.ActiveCfg = Release|Any CPU
		{ED49D168-61BA-402C-863A-2F1A94774375}.Release|x64.Build.0 = Release|Any CPU
		{ED49D168-61BA-402C-863A-2F1A94774375}.Release|x86.ActiveCfg = Release|Any CPU
		{ED49D168-61BA-402C-863A-2F1A94774375}.Release|x86.Build.0 = Release|Any CPU
	EndGlobalSection
	GlobalSection(SolutionProperties) = preSolution
		HideSolutionNode = FALSE
	EndGlobalSection
	GlobalSection(NestedProjects) = preSolution
		{E35B9010-5429-4FFE-A788-E9C40E743E9C} = {0F0F34BE-CD06-4C13-967D-BB0760617486}
		{371234C6-4903-4F7D-8283-C0F8DBEF8755} = {B3321797-0DAA-40DF-ADD3-13AC511028EF}
		{A766AC1E-10FD-4D77-A95F-F1974FB0FEFC} = {B3321797-0DAA-40DF-ADD3-13AC511028EF}
		{32F3DC7E-FAD4-4EE5-B74D-4636F8856BA0} = {7A86C107-E1C7-4F1C-8FBF-7339F7623EF6}
		{8955B9F6-B6E5-4FEF-A5AB-90C35AFB9CC6} = {32F3DC7E-FAD4-4EE5-B74D-4636F8856BA0}
		{4C68FD1C-FAB9-4CBC-B400-529CC0B0D5D0} = {7A86C107-E1C7-4F1C-8FBF-7339F7623EF6}
		{947CC0FA-7F1C-4CF9-A908-1A29ED232F19} = {4C68FD1C-FAB9-4CBC-B400-529CC0B0D5D0}
		{3C1F3260-722C-4C57-93F6-DB044D7E73E4} = {7A86C107-E1C7-4F1C-8FBF-7339F7623EF6}
		{F143A8A5-F7F5-4860-99F8-574788EB6D98} = {0F9021F8-1144-4805-908D-8BE3F61B8489}
		{5A202154-9F9A-47CF-A7A5-4DF6DA026076} = {F143A8A5-F7F5-4860-99F8-574788EB6D98}
		{E619F232-D964-4CDB-9A9C-DFB44E32C36F} = {F143A8A5-F7F5-4860-99F8-574788EB6D98}
		{C563BA79-74E4-4600-9008-4FC4ABA8C329} = {0F9021F8-1144-4805-908D-8BE3F61B8489}
		{CE4F4133-789F-420D-941D-18DA08B140FF} = {C563BA79-74E4-4600-9008-4FC4ABA8C329}
		{32B7093F-0738-400D-A21E-AC0512038679} = {0F9021F8-1144-4805-908D-8BE3F61B8489}
		{92B20870-AD65-4AE8-BB1E-4D11B922A135} = {32B7093F-0738-400D-A21E-AC0512038679}
		{AF41D637-D053-4FDE-9D8A-96106CCBD19E} = {45DFFB49-44B9-49C6-8C5B-1B928366A462}
		{B58A7D48-F3E7-47D5-80C1-0A905612EC6F} = {B3321797-0DAA-40DF-ADD3-13AC511028EF}
		{9E31DE95-4FBE-4D91-93CD-5CA14F6FD0FB} = {45DFFB49-44B9-49C6-8C5B-1B928366A462}
		{C872C8E9-D0B9-47AA-9AEA-6556A01BA1F0} = {0F0F34BE-CD06-4C13-967D-BB0760617486}
		{DACCBE49-211A-4288-B03D-5AA0370EB6BC} = {0F0F34BE-CD06-4C13-967D-BB0760617486}
		{34B6AD94-23B2-4808-BB6D-988A063711D4} = {0F0F34BE-CD06-4C13-967D-BB0760617486}
		{3BB8BB87-A904-45CC-83BD-178D34200E81} = {0F0F34BE-CD06-4C13-967D-BB0760617486}
		{DAE5BAA8-13A2-4B62-98F9-AACB86233789} = {0F0F34BE-CD06-4C13-967D-BB0760617486}
		{C71C2BF7-52D2-4F69-AB7A-9B29EEA8DBB2} = {0F0F34BE-CD06-4C13-967D-BB0760617486}
		{890F0720-601B-4868-AD9A-9527CA9F0BAC} = {0F0F34BE-CD06-4C13-967D-BB0760617486}
		{F3106EE2-0049-46EC-AF10-E346295F0B24} = {0F0F34BE-CD06-4C13-967D-BB0760617486}
		{129B5DE2-523B-48EA-8676-1291D9A4DE0C} = {0F0F34BE-CD06-4C13-967D-BB0760617486}
		{FEF389FD-A0B8-4BFD-9A8C-DE1203D6FAB0} = {0F0F34BE-CD06-4C13-967D-BB0760617486}
		{C769E3AD-E82E-4E2F-BC4C-C92CA572C2ED} = {0F0F34BE-CD06-4C13-967D-BB0760617486}
		{E24112F1-092C-4BDC-AAE3-59B8931DF642} = {0F0F34BE-CD06-4C13-967D-BB0760617486}
		{E63BD567-AEFC-4859-9F17-ED646D0D7044} = {0F0F34BE-CD06-4C13-967D-BB0760617486}
		{AABC737D-3FEE-4066-A90D-D00002404FEB} = {0F0F34BE-CD06-4C13-967D-BB0760617486}
		{AA253C28-62CC-4DA7-A5E7-F112B6A7DD1F} = {0F0F34BE-CD06-4C13-967D-BB0760617486}
		{1E5217FA-DD2E-4228-910C-7E8F7849BA85} = {B3321797-0DAA-40DF-ADD3-13AC511028EF}
		{95F6E684-BFA1-4208-9B8D-99BF3EB5FE43} = {B3321797-0DAA-40DF-ADD3-13AC511028EF}
		{25EC8826-104C-4346-B648-CF7AB591399A} = {95F6E684-BFA1-4208-9B8D-99BF3EB5FE43}
		{335A20F1-F421-4EB1-9961-EE487350818E} = {95F6E684-BFA1-4208-9B8D-99BF3EB5FE43}
		{614BBB6D-D7C4-494A-929E-067EE62573CE} = {95F6E684-BFA1-4208-9B8D-99BF3EB5FE43}
		{0BFA5CDC-1C54-4682-A4AB-934D0A14F3E1} = {95F6E684-BFA1-4208-9B8D-99BF3EB5FE43}
		{D1B3B964-4EF6-4986-9F30-E87ABA37D11D} = {0BFA5CDC-1C54-4682-A4AB-934D0A14F3E1}
		{D4977B2A-E4D4-4E9F-A2BF-2EAD13CAA5E6} = {B3321797-0DAA-40DF-ADD3-13AC511028EF}
		{440A6F09-63E4-4BDA-BEF4-BEAF02A8EE30} = {D4977B2A-E4D4-4E9F-A2BF-2EAD13CAA5E6}
		{A82D4195-0F75-48B3-8E43-5BE90D061C6C} = {3C1F3260-722C-4C57-93F6-DB044D7E73E4}
		{0D2B555B-3DF7-460B-843B-F9F3145135BD} = {3C1F3260-722C-4C57-93F6-DB044D7E73E4}
		{7A86C107-E1C7-4F1C-8FBF-7339F7623EF6} = {B3321797-0DAA-40DF-ADD3-13AC511028EF}
		{E489B2FD-DD99-4276-BD33-51099ACA0970} = {4C68FD1C-FAB9-4CBC-B400-529CC0B0D5D0}
		{BA9E21FA-3267-4B69-BB72-ABA196F715B4} = {32F3DC7E-FAD4-4EE5-B74D-4636F8856BA0}
		{2001FC2C-5166-4828-A47D-AB6D455A634B} = {D4977B2A-E4D4-4E9F-A2BF-2EAD13CAA5E6}
		{6F94F3CE-82AD-49C3-863A-6F4DC1D77DDC} = {1E5217FA-DD2E-4228-910C-7E8F7849BA85}
		{FF87583F-5849-4394-8569-F915AD73D060} = {1E5217FA-DD2E-4228-910C-7E8F7849BA85}
		{3A9A7BF2-46AB-46B6-AF62-9822181CF6CA} = {6F94F3CE-82AD-49C3-863A-6F4DC1D77DDC}
		{80D4F5CA-1065-4487-8FDE-9FEE9821716C} = {FF87583F-5849-4394-8569-F915AD73D060}
		{718C5421-B0C6-493A-91FA-471B9C48883E} = {6F94F3CE-82AD-49C3-863A-6F4DC1D77DDC}
		{D7C663BD-E6BA-45F6-91C3-11450CEE7FC3} = {6F94F3CE-82AD-49C3-863A-6F4DC1D77DDC}
		{8011F38B-5A4B-4FE7-8E1B-BD9D14905FFC} = {6F94F3CE-82AD-49C3-863A-6F4DC1D77DDC}
		{5D68EFC4-EE17-4754-BBF8-8CFF06B59F12} = {6F94F3CE-82AD-49C3-863A-6F4DC1D77DDC}
		{6469A920-5763-4853-858D-455FA43894B8} = {D4977B2A-E4D4-4E9F-A2BF-2EAD13CAA5E6}
		{4E89A142-E8E6-4936-A76E-7AB40867BF4F} = {6F94F3CE-82AD-49C3-863A-6F4DC1D77DDC}
		{77586540-30D1-4A2E-B42D-DADA1738BB0A} = {6F94F3CE-82AD-49C3-863A-6F4DC1D77DDC}
		{BD6DC847-5389-47AB-9F7C-0D25CA59C7EB} = {FF87583F-5849-4394-8569-F915AD73D060}
		{2536113C-36B7-4537-B1F0-22FCA97006AB} = {FF87583F-5849-4394-8569-F915AD73D060}
		{2CDD21B9-CEE4-416C-A0FA-19364A795AC6} = {FF87583F-5849-4394-8569-F915AD73D060}
		{ED49D168-61BA-402C-863A-2F1A94774375} = {0F0F34BE-CD06-4C13-967D-BB0760617486}
	EndGlobalSection
	GlobalSection(CodealikeProperties) = postSolution
		SolutionGuid = 21ee2d50-c4fe-49f3-a899-1dc535d57fcf
	EndGlobalSection
EndGlobal
